{
  "version": 4,
  "terraform_version": "1.12.1",
  "serial": 92,
  "lineage": "bd32ef73-8899-797f-075f-87739dfda07f",
  "outputs": {
    "cost_information": {
      "value": {
        "cost_drivers": {
          "largest_costs": [
            "Virtual Machines",
            "VPN Gateway",
            "Storage Accounts",
            "Load Balancers"
          ],
          "optimization_opportunities": [
            "Right-size VMs",
            "Reserved Instances",
            "Storage tiers"
          ]
        },
        "current_configuration": "Testing/Development optimized",
        "enterprise_monthly_cost": "€2,500-4,000 (with enterprise VM sizes)",
        "estimated_monthly_cost": "€200-400 (with testing VM sizes)",
        "monitoring": {
          "budgets": "Configure monthly spending limits",
          "cost_alerts": "Set up in Azure portal under Cost Management",
          "recommendations": "Review Azure Advisor cost recommendations"
        }
      },
      "type": [
        "object",
        {
          "cost_drivers": [
            "object",
            {
              "largest_costs": [
                "tuple",
                [
                  "string",
                  "string",
                  "string",
                  "string"
                ]
              ],
              "optimization_opportunities": [
                "tuple",
                [
                  "string",
                  "string",
                  "string"
                ]
              ]
            }
          ],
          "current_configuration": "string",
          "enterprise_monthly_cost": "string",
          "estimated_monthly_cost": "string",
          "monitoring": [
            "object",
            {
              "budgets": "string",
              "cost_alerts": "string",
              "recommendations": "string"
            }
          ]
        }
      ]
    },
    "next_steps": {
      "value": {
        "application_deployment": [
          "1. Configure web servers with Nginx/Apache",
          "2. Deploy reservation system on app servers",
          "3. Set up database cluster (MySQL/PostgreSQL)",
          "4. Configure monitoring dashboards",
          "5. Set up backup schedules"
        ],
        "azure_arc_setup": [
          "1. Download Azure Arc installation script from Azure portal",
          "2. Run on FONTDC01 (192.168.2.100) and FONTDC02 (192.168.2.99)",
          "3. Install on file server and print server (VLAN B)",
          "4. Configure monitoring and policy compliance"
        ],
        "cost_optimization": [
          "1. Monitor resource utilization",
          "2. Consider scaling down non-production VMs",
          "3. Set up budget alerts",
          "4. Review storage account tiers",
          "5. Optimize backup retention policies"
        ],
        "future_expansions": [
          "1. Add vakantiepark NL gateway and connectivity",
          "2. Add vakantiepark BE gateway and connectivity",
          "3. Add vakantiepark DE gateway and connectivity",
          "4. Implement Azure Firewall for enhanced security",
          "5. Consider Azure Virtual Desktop for remote workers"
        ],
        "immediate_tasks": [
          "1. Save SSH private key: terraform output -raw ssh_private_key \u003e ssh_key.pem",
          "2. Set SSH key permissions: chmod 600 ssh_key.pem",
          "3. Configure pfSense VPN with Azure gateway IP: 52.138.197.24",
          "4. Test VPN connectivity between Azure and on-premises",
          "5. Install Azure Arc agent on on-premises servers"
        ],
        "security_hardening": [
          "1. Review and adjust NSG rules",
          "2. Configure Azure AD Connect for identity sync",
          "3. Enable Azure Security Center recommendations",
          "4. Set up certificate management for SSL",
          "5. Configure audit logging"
        ]
      },
      "type": [
        "object",
        {
          "application_deployment": [
            "tuple",
            [
              "string",
              "string",
              "string",
              "string",
              "string"
            ]
          ],
          "azure_arc_setup": [
            "tuple",
            [
              "string",
              "string",
              "string",
              "string"
            ]
          ],
          "cost_optimization": [
            "tuple",
            [
              "string",
              "string",
              "string",
              "string",
              "string"
            ]
          ],
          "future_expansions": [
            "tuple",
            [
              "string",
              "string",
              "string",
              "string",
              "string"
            ]
          ],
          "immediate_tasks": [
            "tuple",
            [
              "string",
              "string",
              "string",
              "string",
              "string"
            ]
          ],
          "security_hardening": [
            "tuple",
            [
              "string",
              "string",
              "string",
              "string",
              "string"
            ]
          ]
        }
      ]
    },
    "ssh_private_key": {
      "value": "-----BEGIN RSA PRIVATE KEY-----\nMIIJKQIBAAKCAgEAqm5xkurLbnZU7imkkAkzrSw8vwccbbr3WMojq37AiZ2sgW57\nJZr2bpqcwb3vRapKy2e1G7ty/JRUXTuwRXW565zQZtxupfo9CzB+ktiPZfQ7akUH\nT/Z7ihBg0LICvqvYDI7lGMtpKQI36O3lpWGITHJlInzELMglfO0BP+/mz7rTAiwN\nFENK+T92lhTI0ieqVR1mfI1GMYZNpPX+ozHuQK0hdIFy+u2XBuAZlIUlZg1a5Imi\nws59W9zCuoMloYG3RnelGDOeXvgWbzeHjLpDRG7VnPm6Bq/ZIusMnKtDcJhZHXSo\nFoPx0OwqD8WuZn3knHPeQIdnW23DhQ92baR2D1EQmdBJAOcEdXiu5hv3v+kzTvlX\nw4tPtDDaqHMteSgDuJ9ba8k7JngZiD4v5Zoz065Bfms9dTyPM09Yfe5J5yMwftt2\nG0/SzMYDf7dYGWQZVv5qgOic83LGHyNglAJkZ3lm0apGvBHemlCevfy64qpM5gxY\nddHByVZCeKjS1rFxSxXnrvmfC3nQ2dvwcCwny6j+eJGcLdJdhR910WokleuwiwkN\n2su6mNIjWdVHehhspNN60D0NpCX1y3ebeD4cKJNrtxb1KkuJPwD9Tgxsvajw1vR8\noc3zUPE0mPCLeO8jM3ADYHiSBq7ZezpGdi0/Mr6/cCgRY7N7nOJGUbLliUsCAwEA\nAQKCAgACxHSrU40GbVJ3ZDgMBLI7niEbDaUBsncAu0DgBdi02K7BPUeE9qKzbLxI\njb/RtvBW+YdLJ3yNqw+W9038msBFmfrCU32ny/aWH21MD3XTTHzIfs1zGB1Xwmio\nCt6Y36vMQb0TmCihe1aSvYYsl3cB8sY/TJ0CMyUfWwPZrhi73RyUXPMWFfpPg3R2\nqb4Rt4YrB/qu4WZh4yc7Rf6irMAMec3gw+ys3r3Ej/qqWuJ0E+8auzy9grfYuC7L\nSNo2vfykCXOl/x8+YIiQuWtF4Y0PvT2numBcam+RWGq7LTFqUHb7T6Eebc8NOusl\n7WpQYhFGab/n9qrlelSh7PyEeZasezYFH16EDaJGyYLvcd2Xc38EllMy6gbDAXIL\n7Z2wrrz3nIbxmcR0CxSSZyF08QAzYC2yDZozDuBQ47vWueH3nuun7mzDK7x63mMx\n8MCOh7wufl1tVsT0Tt4HNIgcVJbTNZmOdNuHTQOrnGORmqfUdwmaigI0UzwTb01f\nFENn/CSQX4oZ+3b5tYwKwOIcmyts3wZJeIBo+skVOrC+3GPgCs5g/rzpjF68XOt1\nsokqsN2wy/iOMggRX/NN8QVNUFmwIAvGQ2WGYNKpURxL77gXmgFw180c3O73HhtG\n0dxrvxEcZfdjYy8dDyq81ivmGtVUC6g033dfov3WFqV0I/WJHQKCAQEA1WbVGbBp\nfqtms0/AhrBI+R6tS/hYY7lo5817/qj8pCXWzBmfgPR/wRXY7KKTFkAvt8GH4WSy\nE6psy+aunLhWTXeQiDOIT3U/JeuGfnZU2aHjVZkoxSWOquAuLFc+10G2c3LzqhWD\nptz57dc+S+px2QnD8w7b+btu8/52uAnp30p22Ay0Jkpo9yW7Q8cGmoOhqlPlhXCB\nnCMCU1n7NRhCUCv+/XRd1nIqMPXaEthkvBBbvPEbRFytSKjfUWsACK4XJ5s8nZPW\nZvn/wFAkJ0CHHH6haM9KnOBfQha/IQMCszpxlDAjtKuSLOskeYem9OBs+bhiSCCV\nJNOqB5MVla4/XQKCAQEAzHPDBBB9tiGL6kjnudYK8ZJOXBLSV6hUIujWvDeYMnri\n3nhVy0AARtgGy4L18tuIm5b2GyBpaUZXHtV+PEW1Bs+eo5oTiwOjJcqsdHZUAdDE\nKCzer84O5wKr1B5qSkBKCjgDbdpWt/5jjI3YZ55Vld3WX9Wb5z6GJ9rzJ1DxvZyf\nDVkHrgNnFfQO74TURX7JYWE0HaPhAjYtXxlrNDCB890fUoxO+4yn93Zm3Lpn04IY\nVcL2ECm/+K5/QYPTGu1pklQnHiMdrqnqgj4sGLoHS10JLv2Rt8A3yoa22w/0Ic1h\np5gNwfm4zOAay1BIurETEwel/WP42UcFs+EIiL7oxwKCAQEAjdITWUk2MupyDES6\nLEjHllfez5gyFcRIhZS4DNv9WpGTGH0G1cqnhIiia1D381eg3rwNM6uZ9RvTxgZ+\nkMSpBj6pnPqyYiwHVYobDbxSU3gU/vQUdkCpecIWrX0l1CRlvn/sk2JM5f4BUyEy\n03zxQE4PHV8IrgT0jc7U0yYzeSOhq591seTNsUIwG7EPIGzOacXrySyl1kAl8YLh\nQb3nhCRZB9Pn8PZaN8OLs+5/s8QjU4PgnSQCPUGNeCxmD16zIK04MXjoifMnFoWs\nITHvGO7HEkKA0ZUDeYZoauX3S2lRxivf7tf/Az8aNHIEcMUdZzA0kL6mn5zTaMlF\nFP6COQKCAQAhhUVPEEkcKGnhMqzTejV3H+67B9b2ykFpK9WxLEhG1oEFyqL+XPLu\nqpKKoWEjvTyrjdex4OGHgiHci1JUHXWttTKkTimwHBuOoakeuxvQ5GKU1653Eoi8\n9WIouAfjPqElBcQCKc8YAZxeug7mBj6wAJwaQFJ8WnLya+J76riHxvsI3DT3IdWv\n8sDUImoPLtdjoOVDis/kZe+QbQF3oBBeZD2zcg+tDIWpe/8nZ2SIeAb3YKypP78a\nzblNi4h8HLq3ZBa5yTYfofox+nGOaEmz4IAV9TsD7n73NJkcV4RGWn8NVE/FIuVa\nqc+a0AHsogWnlBRx9Acj0JItyNJ2YR6XAoIBAQC69TbDTq/sgBQZa64HhDppFQr3\nC3+VDaAZrgsi61Tu/PInkXMqg7gq3AU51q4ej7vWLuva+0O04rKTxuIVxbsnjGlK\nIULeorv7KkFd6Pwwto7W406qOlJxv4Ju8G4X4B0KogGF6C7qBD+wLf0ipsCALVh8\nkHWSbdajRFLv4vwKnH6enb/fRM0KTaW05r6o0dPZE5MEaY1Qmp6/cgRM+OvM26/M\nvP4C1K4Q+r8j5nmcJdw19KTBzLzFFv6vNH6ql+/1DCAVPOBxBAtIDD9MZlLVJwjH\nYaVW6xlSIGnl34sbLTGcyaC2+TD/dGuf/6kDwVgiGyc2PRaGLND25OetS5aE\n-----END RSA PRIVATE KEY-----\n",
      "type": "string",
      "sensitive": true
    }
  },
  "resources": [
    {
      "mode": "data",
      "type": "azurerm_client_config",
      "name": "current",
      "provider": "provider[\"registry.terraform.io/hashicorp/azurerm\"]",
      "instances": [
        {
          "schema_version": 0,
          "attributes": {
            "client_id": "04b07795-8ddb-461a-bbee-02f9e1bf7b46",
            "id": "Y2xpZW50Q29uZmlncy9jbGllbnRJZD0wNGIwNzc5NS04ZGRiLTQ2MWEtYmJlZS0wMmY5ZTFiZjdiNDY7b2JqZWN0SWQ9ZTk0M2RjMDYtNTY0NC00ZDIzLTg3ZGEtZTk5NzU3ZjZmODJhO3N1YnNjcmlwdGlvbklkPTY4OTE1Y2VkLTg2NGEtNDE4MC05Nzg0LTI2NGIxNTJmNTNlYzt0ZW5hbnRJZD1mYWNmZmI2OS1iZmFjLTRiMmItYjljNy1jNWVkMTRkZTYzMTI=",
            "object_id": "e943dc06-5644-4d23-87da-e99757f6f82a",
            "subscription_id": "68915ced-864a-4180-9784-264b152f53ec",
            "tenant_id": "facffb69-bfac-4b2b-b9c7-c5ed14de6312",
            "timeouts": null
          },
          "sensitive_attributes": [],
          "identity_schema_version": 0
        }
      ]
    },
    {
      "mode": "data",
      "type": "azurerm_subscription",
      "name": "current",
      "provider": "provider[\"registry.terraform.io/hashicorp/azurerm\"]",
      "instances": [
        {
          "schema_version": 0,
          "attributes": {
            "display_name": "Visual Studio Enterprise Subscription",
            "id": "/subscriptions/68915ced-864a-4180-9784-264b152f53ec",
            "location_placement_id": "Public_2014-09-01",
            "quota_id": "MSDN_2014-09-01",
            "spending_limit": "On",
            "state": "Enabled",
            "subscription_id": "68915ced-864a-4180-9784-264b152f53ec",
            "tags": {},
            "tenant_id": "facffb69-bfac-4b2b-b9c7-c5ed14de6312",
            "timeouts": null
          },
          "sensitive_attributes": [],
          "identity_schema_version": 0
        }
      ]
    },
    {
      "mode": "managed",
      "type": "azurerm_application_insights",
      "name": "hrm",
      "provider": "provider[\"registry.terraform.io/hashicorp/azurerm\"]",
      "instances": [
        {
          "schema_version": 2,
          "attributes": {
            "app_id": "e5b5f1d7-79d9-41d9-bc5d-dd4242bd8978",
            "application_type": "web",
            "connection_string": "InstrumentationKey=0a6af69a-21fb-46a7-bb2f-63888ef68ad9;IngestionEndpoint=https://northeurope-2.in.applicationinsights.azure.com/;LiveEndpoint=https://northeurope.livediagnostics.monitor.azure.com/;ApplicationId=e5b5f1d7-79d9-41d9-bc5d-dd4242bd8978",
            "daily_data_cap_in_gb": 100,
            "daily_data_cap_notifications_disabled": false,
            "disable_ip_masking": false,
            "force_customer_storage_for_profiler": false,
            "id": "/subscriptions/68915ced-864a-4180-9784-264b152f53ec/resourceGroups/rg-fonteyn-enterprise-monitoring/providers/Microsoft.Insights/components/ai-fonteyn-enterprise-hrm",
            "instrumentation_key": "0a6af69a-21fb-46a7-bb2f-63888ef68ad9",
            "internet_ingestion_enabled": true,
            "internet_query_enabled": true,
            "local_authentication_disabled": false,
            "location": "northeurope",
            "name": "ai-fonteyn-enterprise-hrm",
            "resource_group_name": "rg-fonteyn-enterprise-monitoring",
            "retention_in_days": 90,
            "sampling_percentage": 100,
            "tags": {
              "Architecture": "hybrid-cloud",
              "CostCenter": "IT-Development",
              "Course": "Infrastructure-as-Code",
              "DeployDate": "2025-06-04T11:15:36Z",
              "Environment": "dev",
              "Location": "Multi-Site-Enterprise",
              "ManagedBy": "terraform",
              "Owner": "daan-onstenk",
              "Project": "fonteyn-enterprise",
              "Purpose": "vacation-parks-enterprise",
              "Student": "daan.onstenk@student.fontys.nl",
              "University": "Fontys"
            },
            "timeouts": null,
            "workspace_id": "/subscriptions/68915ced-864a-4180-9784-264b152f53ec/resourceGroups/rg-fonteyn-enterprise-monitoring/providers/Microsoft.OperationalInsights/workspaces/law-fonteyn-enterprise"
          },
          "sensitive_attributes": [
            [
              {
                "type": "get_attr",
                "value": "connection_string"
              }
            ],
            [
              {
                "type": "get_attr",
                "value": "instrumentation_key"
              }
            ]
          ],
          "identity_schema_version": 0,
          "private": "eyJlMmJmYjczMC1lY2FhLTExZTYtOGY4OC0zNDM2M2JjN2M0YzAiOnsiY3JlYXRlIjozNjAwMDAwMDAwMDAwLCJkZWxldGUiOjE4MDAwMDAwMDAwMDAsInJlYWQiOjMwMDAwMDAwMDAwMCwidXBkYXRlIjoxODAwMDAwMDAwMDAwfSwic2NoZW1hX3ZlcnNpb24iOiIyIn0=",
          "dependencies": [
            "azurerm_log_analytics_workspace.main",
            "azurerm_resource_group.monitoring"
          ]
        }
      ]
    },
    {
      "mode": "managed",
      "type": "azurerm_application_insights",
      "name": "main",
      "provider": "provider[\"registry.terraform.io/hashicorp/azurerm\"]",
      "instances": [
        {
          "schema_version": 2,
          "attributes": {
            "app_id": "97911e5c-396a-4452-8a00-75a8f0818a74",
            "application_type": "web",
            "connection_string": "InstrumentationKey=c22c8df8-b4d6-45f9-8ccc-bc586dd819b6;IngestionEndpoint=https://northeurope-2.in.applicationinsights.azure.com/;LiveEndpoint=https://northeurope.livediagnostics.monitor.azure.com/;ApplicationId=97911e5c-396a-4452-8a00-75a8f0818a74",
            "daily_data_cap_in_gb": 100,
            "daily_data_cap_notifications_disabled": false,
            "disable_ip_masking": false,
            "force_customer_storage_for_profiler": false,
            "id": "/subscriptions/68915ced-864a-4180-9784-264b152f53ec/resourceGroups/rg-fonteyn-enterprise-monitoring/providers/Microsoft.Insights/components/ai-fonteyn-enterprise",
            "instrumentation_key": "c22c8df8-b4d6-45f9-8ccc-bc586dd819b6",
            "internet_ingestion_enabled": true,
            "internet_query_enabled": true,
            "local_authentication_disabled": false,
            "location": "northeurope",
            "name": "ai-fonteyn-enterprise",
            "resource_group_name": "rg-fonteyn-enterprise-monitoring",
            "retention_in_days": 90,
            "sampling_percentage": 100,
            "tags": {
              "Architecture": "hybrid-cloud",
              "CostCenter": "IT-Development",
              "Course": "Infrastructure-as-Code",
              "DeployDate": "2025-06-04T11:15:36Z",
              "Environment": "dev",
              "Location": "Multi-Site-Enterprise",
              "ManagedBy": "terraform",
              "Owner": "daan-onstenk",
              "Project": "fonteyn-enterprise",
              "Purpose": "vacation-parks-enterprise",
              "Student": "daan.onstenk@student.fontys.nl",
              "University": "Fontys"
            },
            "timeouts": null,
            "workspace_id": "/subscriptions/68915ced-864a-4180-9784-264b152f53ec/resourceGroups/rg-fonteyn-enterprise-monitoring/providers/Microsoft.OperationalInsights/workspaces/law-fonteyn-enterprise"
          },
          "sensitive_attributes": [
            [
              {
                "type": "get_attr",
                "value": "connection_string"
              }
            ],
            [
              {
                "type": "get_attr",
                "value": "instrumentation_key"
              }
            ]
          ],
          "identity_schema_version": 0,
          "private": "eyJlMmJmYjczMC1lY2FhLTExZTYtOGY4OC0zNDM2M2JjN2M0YzAiOnsiY3JlYXRlIjozNjAwMDAwMDAwMDAwLCJkZWxldGUiOjE4MDAwMDAwMDAwMDAsInJlYWQiOjMwMDAwMDAwMDAwMCwidXBkYXRlIjoxODAwMDAwMDAwMDAwfSwic2NoZW1hX3ZlcnNpb24iOiIyIn0=",
          "dependencies": [
            "azurerm_log_analytics_workspace.main",
            "azurerm_resource_group.monitoring"
          ]
        }
      ]
    },
    {
      "mode": "managed",
      "type": "azurerm_application_insights",
      "name": "reservations",
      "provider": "provider[\"registry.terraform.io/hashicorp/azurerm\"]",
      "instances": [
        {
          "schema_version": 2,
          "attributes": {
            "app_id": "dfc0247b-17cd-4aff-945b-2078a0889d10",
            "application_type": "web",
            "connection_string": "InstrumentationKey=8b0f8c09-07d7-4720-88d9-ef9b0c84d310;IngestionEndpoint=https://northeurope-2.in.applicationinsights.azure.com/;LiveEndpoint=https://northeurope.livediagnostics.monitor.azure.com/;ApplicationId=dfc0247b-17cd-4aff-945b-2078a0889d10",
            "daily_data_cap_in_gb": 100,
            "daily_data_cap_notifications_disabled": false,
            "disable_ip_masking": false,
            "force_customer_storage_for_profiler": false,
            "id": "/subscriptions/68915ced-864a-4180-9784-264b152f53ec/resourceGroups/rg-fonteyn-enterprise-monitoring/providers/Microsoft.Insights/components/ai-fonteyn-enterprise-reservations",
            "instrumentation_key": "8b0f8c09-07d7-4720-88d9-ef9b0c84d310",
            "internet_ingestion_enabled": true,
            "internet_query_enabled": true,
            "local_authentication_disabled": false,
            "location": "northeurope",
            "name": "ai-fonteyn-enterprise-reservations",
            "resource_group_name": "rg-fonteyn-enterprise-monitoring",
            "retention_in_days": 90,
            "sampling_percentage": 100,
            "tags": {
              "Architecture": "hybrid-cloud",
              "CostCenter": "IT-Development",
              "Course": "Infrastructure-as-Code",
              "DeployDate": "2025-06-04T11:15:36Z",
              "Environment": "dev",
              "Location": "Multi-Site-Enterprise",
              "ManagedBy": "terraform",
              "Owner": "daan-onstenk",
              "Project": "fonteyn-enterprise",
              "Purpose": "vacation-parks-enterprise",
              "Student": "daan.onstenk@student.fontys.nl",
              "University": "Fontys"
            },
            "timeouts": null,
            "workspace_id": "/subscriptions/68915ced-864a-4180-9784-264b152f53ec/resourceGroups/rg-fonteyn-enterprise-monitoring/providers/Microsoft.OperationalInsights/workspaces/law-fonteyn-enterprise"
          },
          "sensitive_attributes": [
            [
              {
                "type": "get_attr",
                "value": "connection_string"
              }
            ],
            [
              {
                "type": "get_attr",
                "value": "instrumentation_key"
              }
            ]
          ],
          "identity_schema_version": 0,
          "private": "eyJlMmJmYjczMC1lY2FhLTExZTYtOGY4OC0zNDM2M2JjN2M0YzAiOnsiY3JlYXRlIjozNjAwMDAwMDAwMDAwLCJkZWxldGUiOjE4MDAwMDAwMDAwMDAsInJlYWQiOjMwMDAwMDAwMDAwMCwidXBkYXRlIjoxODAwMDAwMDAwMDAwfSwic2NoZW1hX3ZlcnNpb24iOiIyIn0=",
          "dependencies": [
            "azurerm_log_analytics_workspace.main",
            "azurerm_resource_group.monitoring"
          ]
        }
      ]
    },
    {
      "mode": "managed",
      "type": "azurerm_automation_account",
      "name": "main",
      "provider": "provider[\"registry.terraform.io/hashicorp/azurerm\"]",
      "instances": [
        {
          "schema_version": 0,
          "attributes": {
            "dsc_primary_access_key": "B7d/QsTDk7AaZ2co79YMYpu0f6Wz5klZabtV4lhzkIkJI+dyQ3XdiXDOMtan+Y62Ifmfax78rMNsIuVEEgs8eQ==",
            "dsc_secondary_access_key": "JNAHbemhFmixRKhJ3AYHtMuXYnYpW8laSLKWRo1Z5ZlpaZa7lvHVLtr4uxoVP0tFSKhawTIQjqw9kdwup+jkaA==",
            "dsc_server_endpoint": "https://0ecc21ca-d259-4422-aefe-230e135ebb19.agentsvc.ne.azure-automation.net/accounts/0ecc21ca-d259-4422-aefe-230e135ebb19",
            "encryption": [],
            "hybrid_service_url": "https://0ecc21ca-d259-4422-aefe-230e135ebb19.jrds.ne.azure-automation.net/automationAccounts/0ecc21ca-d259-4422-aefe-230e135ebb19",
            "id": "/subscriptions/68915ced-864a-4180-9784-264b152f53ec/resourceGroups/rg-fonteyn-enterprise-monitoring/providers/Microsoft.Automation/automationAccounts/aa-fonteyn-enterprise",
            "identity": [],
            "local_authentication_enabled": true,
            "location": "northeurope",
            "name": "aa-fonteyn-enterprise",
            "private_endpoint_connection": [],
            "public_network_access_enabled": true,
            "resource_group_name": "rg-fonteyn-enterprise-monitoring",
            "sku_name": "Basic",
            "tags": {
              "Architecture": "hybrid-cloud",
              "CostCenter": "IT-Development",
              "Course": "Infrastructure-as-Code",
              "DeployDate": "2025-06-04T11:15:36Z",
              "Environment": "dev",
              "Location": "Multi-Site-Enterprise",
              "ManagedBy": "terraform",
              "Owner": "daan-onstenk",
              "Project": "fonteyn-enterprise",
              "Purpose": "vacation-parks-enterprise",
              "Student": "daan.onstenk@student.fontys.nl",
              "University": "Fontys"
            },
            "timeouts": null
          },
          "sensitive_attributes": [
            [
              {
                "type": "get_attr",
                "value": "dsc_primary_access_key"
              }
            ],
            [
              {
                "type": "get_attr",
                "value": "dsc_secondary_access_key"
              }
            ]
          ],
          "identity_schema_version": 0,
          "private": "eyJlMmJmYjczMC1lY2FhLTExZTYtOGY4OC0zNDM2M2JjN2M0YzAiOnsiY3JlYXRlIjoxODAwMDAwMDAwMDAwLCJkZWxldGUiOjE4MDAwMDAwMDAwMDAsInJlYWQiOjMwMDAwMDAwMDAwMCwidXBkYXRlIjoxODAwMDAwMDAwMDAwfX0=",
          "dependencies": [
            "azurerm_resource_group.monitoring"
          ]
        }
      ]
    },
    {
      "mode": "managed",
      "type": "azurerm_availability_set",
      "name": "app",
      "provider": "provider[\"registry.terraform.io/hashicorp/azurerm\"]",
      "instances": [
        {
          "schema_version": 0,
          "attributes": {
            "id": "/subscriptions/68915ced-864a-4180-9784-264b152f53ec/resourceGroups/rg-fonteyn-enterprise-compute/providers/Microsoft.Compute/availabilitySets/avset-app",
            "location": "northeurope",
            "managed": true,
            "name": "avset-app",
            "platform_fault_domain_count": 3,
            "platform_update_domain_count": 5,
            "proximity_placement_group_id": null,
            "resource_group_name": "rg-fonteyn-enterprise-compute",
            "tags": {
              "Architecture": "hybrid-cloud",
              "CostCenter": "IT-Development",
              "Course": "Infrastructure-as-Code",
              "DeployDate": "2025-06-04T11:15:36Z",
              "Environment": "dev",
              "Location": "Multi-Site-Enterprise",
              "ManagedBy": "terraform",
              "Owner": "daan-onstenk",
              "Project": "fonteyn-enterprise",
              "Purpose": "vacation-parks-enterprise",
              "Student": "daan.onstenk@student.fontys.nl",
              "University": "Fontys"
            },
            "timeouts": null
          },
          "sensitive_attributes": [],
          "identity_schema_version": 0,
          "private": "eyJlMmJmYjczMC1lY2FhLTExZTYtOGY4OC0zNDM2M2JjN2M0YzAiOnsiY3JlYXRlIjoxODAwMDAwMDAwMDAwLCJkZWxldGUiOjE4MDAwMDAwMDAwMDAsInJlYWQiOjMwMDAwMDAwMDAwMCwidXBkYXRlIjoxODAwMDAwMDAwMDAwfX0=",
          "dependencies": [
            "azurerm_resource_group.compute"
          ]
        }
      ]
    },
    {
      "mode": "managed",
      "type": "azurerm_availability_set",
      "name": "database",
      "provider": "provider[\"registry.terraform.io/hashicorp/azurerm\"]",
      "instances": [
        {
          "schema_version": 0,
          "attributes": {
            "id": "/subscriptions/68915ced-864a-4180-9784-264b152f53ec/resourceGroups/rg-fonteyn-enterprise-compute/providers/Microsoft.Compute/availabilitySets/avset-database",
            "location": "northeurope",
            "managed": true,
            "name": "avset-database",
            "platform_fault_domain_count": 3,
            "platform_update_domain_count": 5,
            "proximity_placement_group_id": null,
            "resource_group_name": "rg-fonteyn-enterprise-compute",
            "tags": {
              "Architecture": "hybrid-cloud",
              "CostCenter": "IT-Development",
              "Course": "Infrastructure-as-Code",
              "DeployDate": "2025-06-04T11:15:36Z",
              "Environment": "dev",
              "Location": "Multi-Site-Enterprise",
              "ManagedBy": "terraform",
              "Owner": "daan-onstenk",
              "Project": "fonteyn-enterprise",
              "Purpose": "vacation-parks-enterprise",
              "Student": "daan.onstenk@student.fontys.nl",
              "University": "Fontys"
            },
            "timeouts": null
          },
          "sensitive_attributes": [],
          "identity_schema_version": 0,
          "private": "eyJlMmJmYjczMC1lY2FhLTExZTYtOGY4OC0zNDM2M2JjN2M0YzAiOnsiY3JlYXRlIjoxODAwMDAwMDAwMDAwLCJkZWxldGUiOjE4MDAwMDAwMDAwMDAsInJlYWQiOjMwMDAwMDAwMDAwMCwidXBkYXRlIjoxODAwMDAwMDAwMDAwfX0=",
          "dependencies": [
            "azurerm_resource_group.compute"
          ]
        }
      ]
    },
    {
      "mode": "managed",
      "type": "azurerm_availability_set",
      "name": "web",
      "provider": "provider[\"registry.terraform.io/hashicorp/azurerm\"]",
      "instances": [
        {
          "schema_version": 0,
          "attributes": {
            "id": "/subscriptions/68915ced-864a-4180-9784-264b152f53ec/resourceGroups/rg-fonteyn-enterprise-compute/providers/Microsoft.Compute/availabilitySets/avset-web",
            "location": "northeurope",
            "managed": true,
            "name": "avset-web",
            "platform_fault_domain_count": 3,
            "platform_update_domain_count": 5,
            "proximity_placement_group_id": null,
            "resource_group_name": "rg-fonteyn-enterprise-compute",
            "tags": {
              "Architecture": "hybrid-cloud",
              "CostCenter": "IT-Development",
              "Course": "Infrastructure-as-Code",
              "DeployDate": "2025-06-04T11:15:36Z",
              "Environment": "dev",
              "Location": "Multi-Site-Enterprise",
              "ManagedBy": "terraform",
              "Owner": "daan-onstenk",
              "Project": "fonteyn-enterprise",
              "Purpose": "vacation-parks-enterprise",
              "Student": "daan.onstenk@student.fontys.nl",
              "University": "Fontys"
            },
            "timeouts": null
          },
          "sensitive_attributes": [],
          "identity_schema_version": 0,
          "private": "eyJlMmJmYjczMC1lY2FhLTExZTYtOGY4OC0zNDM2M2JjN2M0YzAiOnsiY3JlYXRlIjoxODAwMDAwMDAwMDAwLCJkZWxldGUiOjE4MDAwMDAwMDAwMDAsInJlYWQiOjMwMDAwMDAwMDAwMCwidXBkYXRlIjoxODAwMDAwMDAwMDAwfX0=",
          "dependencies": [
            "azurerm_resource_group.compute"
          ]
        }
      ]
    },
    {
      "mode": "managed",
      "type": "azurerm_backup_policy_vm",
      "name": "daily",
      "provider": "provider[\"registry.terraform.io/hashicorp/azurerm\"]",
      "instances": [
        {
          "schema_version": 0,
          "attributes": {
            "backup": [
              {
                "frequency": "Daily",
                "hour_duration": 0,
                "hour_interval": 0,
                "time": "23:00",
                "weekdays": null
              }
            ],
            "id": "/subscriptions/68915ced-864a-4180-9784-264b152f53ec/resourceGroups/rg-fonteyn-enterprise-monitoring/providers/Microsoft.RecoveryServices/vaults/rsv-fonteyn-enterprise/backupPolicies/backup-policy-daily",
            "instant_restore_resource_group": [],
            "instant_restore_retention_days": 2,
            "name": "backup-policy-daily",
            "policy_type": "V1",
            "recovery_vault_name": "rsv-fonteyn-enterprise",
            "resource_group_name": "rg-fonteyn-enterprise-monitoring",
            "retention_daily": [
              {
                "count": 30
              }
            ],
            "retention_monthly": [
              {
                "count": 12,
                "days": null,
                "include_last_days": false,
                "weekdays": [
                  "Sunday"
                ],
                "weeks": [
                  "First"
                ]
              }
            ],
            "retention_weekly": [
              {
                "count": 12,
                "weekdays": [
                  "Sunday"
                ]
              }
            ],
            "retention_yearly": [],
            "tiering_policy": [],
            "timeouts": null,
            "timezone": "UTC"
          },
          "sensitive_attributes": [],
          "identity_schema_version": 0,
          "private": "eyJlMmJmYjczMC1lY2FhLTExZTYtOGY4OC0zNDM2M2JjN2M0YzAiOnsiY3JlYXRlIjoxODAwMDAwMDAwMDAwLCJkZWxldGUiOjE4MDAwMDAwMDAwMDAsInJlYWQiOjMwMDAwMDAwMDAwMCwidXBkYXRlIjoxODAwMDAwMDAwMDAwfX0=",
          "dependencies": [
            "azurerm_recovery_services_vault.main",
            "azurerm_resource_group.monitoring"
          ]
        }
      ]
    },
    {
      "mode": "managed",
      "type": "azurerm_key_vault",
      "name": "main",
      "provider": "provider[\"registry.terraform.io/hashicorp/azurerm\"]",
      "instances": []
    },
    {
      "mode": "managed",
      "type": "azurerm_lb",
      "name": "dmz",
      "provider": "provider[\"registry.terraform.io/hashicorp/azurerm\"]",
      "instances": [
        {
          "schema_version": 0,
          "attributes": {
            "edge_zone": "",
            "frontend_ip_configuration": [
              {
                "gateway_load_balancer_frontend_ip_configuration_id": "",
                "id": "/subscriptions/68915ced-864a-4180-9784-264b152f53ec/resourceGroups/rg-fonteyn-enterprise-compute/providers/Microsoft.Network/loadBalancers/lb-fonteyn-enterprise-dmz/frontendIPConfigurations/DMZ-PublicIP",
                "inbound_nat_rules": [],
                "load_balancer_rules": [],
                "name": "DMZ-PublicIP",
                "outbound_rules": [],
                "private_ip_address": "",
                "private_ip_address_allocation": "Dynamic",
                "private_ip_address_version": "",
                "public_ip_address_id": "/subscriptions/68915ced-864a-4180-9784-264b152f53ec/resourceGroups/rg-fonteyn-enterprise-compute/providers/Microsoft.Network/publicIPAddresses/pip-fonteyn-enterprise-dmz-lb",
                "public_ip_prefix_id": "",
                "subnet_id": "",
                "zones": null
              }
            ],
            "id": "/subscriptions/68915ced-864a-4180-9784-264b152f53ec/resourceGroups/rg-fonteyn-enterprise-compute/providers/Microsoft.Network/loadBalancers/lb-fonteyn-enterprise-dmz",
            "location": "northeurope",
            "name": "lb-fonteyn-enterprise-dmz",
            "private_ip_address": "",
            "private_ip_addresses": [],
            "resource_group_name": "rg-fonteyn-enterprise-compute",
            "sku": "Standard",
            "sku_tier": "Regional",
            "tags": {
              "Architecture": "hybrid-cloud",
              "CostCenter": "IT-Development",
              "Course": "Infrastructure-as-Code",
              "DeployDate": "2025-06-04T11:15:36Z",
              "Environment": "dev",
              "Location": "Multi-Site-Enterprise",
              "ManagedBy": "terraform",
              "Owner": "daan-onstenk",
              "Project": "fonteyn-enterprise",
              "Purpose": "vacation-parks-enterprise",
              "Student": "daan.onstenk@student.fontys.nl",
              "University": "Fontys"
            },
            "timeouts": null
          },
          "sensitive_attributes": [],
          "identity_schema_version": 0,
          "private": "eyJlMmJmYjczMC1lY2FhLTExZTYtOGY4OC0zNDM2M2JjN2M0YzAiOnsiY3JlYXRlIjoxODAwMDAwMDAwMDAwLCJkZWxldGUiOjE4MDAwMDAwMDAwMDAsInJlYWQiOjMwMDAwMDAwMDAwMCwidXBkYXRlIjoxODAwMDAwMDAwMDAwfX0=",
          "dependencies": [
            "azurerm_public_ip.dmz_lb_public_ip",
            "azurerm_resource_group.compute"
          ]
        }
      ]
    },
    {
      "mode": "managed",
      "type": "azurerm_lb",
      "name": "internal",
      "provider": "provider[\"registry.terraform.io/hashicorp/azurerm\"]",
      "instances": [
        {
          "schema_version": 0,
          "attributes": {
            "edge_zone": "",
            "frontend_ip_configuration": [
              {
                "gateway_load_balancer_frontend_ip_configuration_id": "",
                "id": "/subscriptions/68915ced-864a-4180-9784-264b152f53ec/resourceGroups/rg-fonteyn-enterprise-compute/providers/Microsoft.Network/loadBalancers/lb-fonteyn-enterprise-internal/frontendIPConfigurations/Internal-Frontend",
                "inbound_nat_rules": [],
                "load_balancer_rules": [],
                "name": "Internal-Frontend",
                "outbound_rules": [],
                "private_ip_address": "10.0.3.4",
                "private_ip_address_allocation": "Dynamic",
                "private_ip_address_version": "IPv4",
                "public_ip_address_id": "",
                "public_ip_prefix_id": "",
                "subnet_id": "/subscriptions/68915ced-864a-4180-9784-264b152f53ec/resourceGroups/rg-fonteyn-enterprise-network/providers/Microsoft.Network/virtualNetworks/vnet-fonteyn-enterprise-azure/subnets/snet-backend",
                "zones": null
              }
            ],
            "id": "/subscriptions/68915ced-864a-4180-9784-264b152f53ec/resourceGroups/rg-fonteyn-enterprise-compute/providers/Microsoft.Network/loadBalancers/lb-fonteyn-enterprise-internal",
            "location": "northeurope",
            "name": "lb-fonteyn-enterprise-internal",
            "private_ip_address": "10.0.3.4",
            "private_ip_addresses": [
              "10.0.3.4"
            ],
            "resource_group_name": "rg-fonteyn-enterprise-compute",
            "sku": "Standard",
            "sku_tier": "Regional",
            "tags": {
              "Architecture": "hybrid-cloud",
              "CostCenter": "IT-Development",
              "Course": "Infrastructure-as-Code",
              "DeployDate": "2025-06-04T11:15:36Z",
              "Environment": "dev",
              "Location": "Multi-Site-Enterprise",
              "ManagedBy": "terraform",
              "Owner": "daan-onstenk",
              "Project": "fonteyn-enterprise",
              "Purpose": "vacation-parks-enterprise",
              "Student": "daan.onstenk@student.fontys.nl",
              "University": "Fontys"
            },
            "timeouts": null
          },
          "sensitive_attributes": [],
          "identity_schema_version": 0,
          "private": "eyJlMmJmYjczMC1lY2FhLTExZTYtOGY4OC0zNDM2M2JjN2M0YzAiOnsiY3JlYXRlIjoxODAwMDAwMDAwMDAwLCJkZWxldGUiOjE4MDAwMDAwMDAwMDAsInJlYWQiOjMwMDAwMDAwMDAwMCwidXBkYXRlIjoxODAwMDAwMDAwMDAwfX0=",
          "dependencies": [
            "azurerm_resource_group.compute",
            "azurerm_resource_group.network",
            "azurerm_subnet.backend",
            "azurerm_virtual_network.azure_enterprise"
          ]
        }
      ]
    },
    {
      "mode": "managed",
      "type": "azurerm_lb_backend_address_pool",
      "name": "dmz",
      "provider": "provider[\"registry.terraform.io/hashicorp/azurerm\"]",
      "instances": [
        {
          "schema_version": 0,
          "attributes": {
            "backend_ip_configurations": [],
            "id": "/subscriptions/68915ced-864a-4180-9784-264b152f53ec/resourceGroups/rg-fonteyn-enterprise-compute/providers/Microsoft.Network/loadBalancers/lb-fonteyn-enterprise-dmz/backendAddressPools/DMZ-BackendPool",
            "inbound_nat_rules": [],
            "load_balancing_rules": [],
            "loadbalancer_id": "/subscriptions/68915ced-864a-4180-9784-264b152f53ec/resourceGroups/rg-fonteyn-enterprise-compute/providers/Microsoft.Network/loadBalancers/lb-fonteyn-enterprise-dmz",
            "name": "DMZ-BackendPool",
            "outbound_rules": [],
            "synchronous_mode": "",
            "timeouts": null,
            "tunnel_interface": [],
            "virtual_network_id": ""
          },
          "sensitive_attributes": [],
          "identity_schema_version": 0,
          "private": "eyJlMmJmYjczMC1lY2FhLTExZTYtOGY4OC0zNDM2M2JjN2M0YzAiOnsiY3JlYXRlIjoxODAwMDAwMDAwMDAwLCJkZWxldGUiOjE4MDAwMDAwMDAwMDAsInJlYWQiOjMwMDAwMDAwMDAwMCwidXBkYXRlIjoxODAwMDAwMDAwMDAwfX0=",
          "dependencies": [
            "azurerm_lb.dmz",
            "azurerm_public_ip.dmz_lb_public_ip",
            "azurerm_resource_group.compute"
          ]
        }
      ]
    },
    {
      "mode": "managed",
      "type": "azurerm_lb_backend_address_pool",
      "name": "internal",
      "provider": "provider[\"registry.terraform.io/hashicorp/azurerm\"]",
      "instances": [
        {
          "schema_version": 0,
          "attributes": {
            "backend_ip_configurations": [],
            "id": "/subscriptions/68915ced-864a-4180-9784-264b152f53ec/resourceGroups/rg-fonteyn-enterprise-compute/providers/Microsoft.Network/loadBalancers/lb-fonteyn-enterprise-internal/backendAddressPools/Internal-BackendPool",
            "inbound_nat_rules": [],
            "load_balancing_rules": [],
            "loadbalancer_id": "/subscriptions/68915ced-864a-4180-9784-264b152f53ec/resourceGroups/rg-fonteyn-enterprise-compute/providers/Microsoft.Network/loadBalancers/lb-fonteyn-enterprise-internal",
            "name": "Internal-BackendPool",
            "outbound_rules": [],
            "synchronous_mode": "",
            "timeouts": null,
            "tunnel_interface": [],
            "virtual_network_id": ""
          },
          "sensitive_attributes": [],
          "identity_schema_version": 0,
          "private": "eyJlMmJmYjczMC1lY2FhLTExZTYtOGY4OC0zNDM2M2JjN2M0YzAiOnsiY3JlYXRlIjoxODAwMDAwMDAwMDAwLCJkZWxldGUiOjE4MDAwMDAwMDAwMDAsInJlYWQiOjMwMDAwMDAwMDAwMCwidXBkYXRlIjoxODAwMDAwMDAwMDAwfX0=",
          "dependencies": [
            "azurerm_lb.internal",
            "azurerm_resource_group.compute",
            "azurerm_resource_group.network",
            "azurerm_subnet.backend",
            "azurerm_virtual_network.azure_enterprise"
          ]
        }
      ]
    },
    {
      "mode": "managed",
      "type": "azurerm_lb_probe",
      "name": "dmz_https",
      "provider": "provider[\"registry.terraform.io/hashicorp/azurerm\"]",
      "instances": [
        {
          "schema_version": 0,
          "attributes": {
            "id": "/subscriptions/68915ced-864a-4180-9784-264b152f53ec/resourceGroups/rg-fonteyn-enterprise-compute/providers/Microsoft.Network/loadBalancers/lb-fonteyn-enterprise-dmz/probes/https-probe",
            "interval_in_seconds": 15,
            "load_balancer_rules": [],
            "loadbalancer_id": "/subscriptions/68915ced-864a-4180-9784-264b152f53ec/resourceGroups/rg-fonteyn-enterprise-compute/providers/Microsoft.Network/loadBalancers/lb-fonteyn-enterprise-dmz",
            "name": "https-probe",
            "number_of_probes": 2,
            "port": 443,
            "probe_threshold": 1,
            "protocol": "Https",
            "request_path": "/health",
            "timeouts": null
          },
          "sensitive_attributes": [],
          "identity_schema_version": 0,
          "private": "eyJlMmJmYjczMC1lY2FhLTExZTYtOGY4OC0zNDM2M2JjN2M0YzAiOnsiY3JlYXRlIjoxODAwMDAwMDAwMDAwLCJkZWxldGUiOjE4MDAwMDAwMDAwMDAsInJlYWQiOjMwMDAwMDAwMDAwMCwidXBkYXRlIjoxODAwMDAwMDAwMDAwfX0=",
          "dependencies": [
            "azurerm_lb.dmz",
            "azurerm_public_ip.dmz_lb_public_ip",
            "azurerm_resource_group.compute"
          ]
        }
      ]
    },
    {
      "mode": "managed",
      "type": "azurerm_lb_probe",
      "name": "internal_app",
      "provider": "provider[\"registry.terraform.io/hashicorp/azurerm\"]",
      "instances": [
        {
          "schema_version": 0,
          "attributes": {
            "id": "/subscriptions/68915ced-864a-4180-9784-264b152f53ec/resourceGroups/rg-fonteyn-enterprise-compute/providers/Microsoft.Network/loadBalancers/lb-fonteyn-enterprise-internal/probes/app-probe",
            "interval_in_seconds": 15,
            "load_balancer_rules": [],
            "loadbalancer_id": "/subscriptions/68915ced-864a-4180-9784-264b152f53ec/resourceGroups/rg-fonteyn-enterprise-compute/providers/Microsoft.Network/loadBalancers/lb-fonteyn-enterprise-internal",
            "name": "app-probe",
            "number_of_probes": 2,
            "port": 8080,
            "probe_threshold": 1,
            "protocol": "Http",
            "request_path": "/health",
            "timeouts": null
          },
          "sensitive_attributes": [],
          "identity_schema_version": 0,
          "private": "eyJlMmJmYjczMC1lY2FhLTExZTYtOGY4OC0zNDM2M2JjN2M0YzAiOnsiY3JlYXRlIjoxODAwMDAwMDAwMDAwLCJkZWxldGUiOjE4MDAwMDAwMDAwMDAsInJlYWQiOjMwMDAwMDAwMDAwMCwidXBkYXRlIjoxODAwMDAwMDAwMDAwfX0=",
          "dependencies": [
            "azurerm_lb.internal",
            "azurerm_resource_group.compute",
            "azurerm_resource_group.network",
            "azurerm_subnet.backend",
            "azurerm_virtual_network.azure_enterprise"
          ]
        }
      ]
    },
    {
      "mode": "managed",
      "type": "azurerm_lb_rule",
      "name": "dmz_http_redirect",
      "provider": "provider[\"registry.terraform.io/hashicorp/azurerm\"]",
      "instances": [
        {
          "schema_version": 0,
          "attributes": {
            "backend_address_pool_ids": [
              "/subscriptions/68915ced-864a-4180-9784-264b152f53ec/resourceGroups/rg-fonteyn-enterprise-compute/providers/Microsoft.Network/loadBalancers/lb-fonteyn-enterprise-dmz/backendAddressPools/DMZ-BackendPool"
            ],
            "backend_port": 80,
            "disable_outbound_snat": false,
            "enable_floating_ip": false,
            "enable_tcp_reset": false,
            "frontend_ip_configuration_id": "/subscriptions/68915ced-864a-4180-9784-264b152f53ec/resourceGroups/rg-fonteyn-enterprise-compute/providers/Microsoft.Network/loadBalancers/lb-fonteyn-enterprise-dmz/frontendIPConfigurations/DMZ-PublicIP",
            "frontend_ip_configuration_name": "DMZ-PublicIP",
            "frontend_port": 80,
            "id": "/subscriptions/68915ced-864a-4180-9784-264b152f53ec/resourceGroups/rg-fonteyn-enterprise-compute/providers/Microsoft.Network/loadBalancers/lb-fonteyn-enterprise-dmz/loadBalancingRules/HTTP-Redirect",
            "idle_timeout_in_minutes": 4,
            "load_distribution": "Default",
            "loadbalancer_id": "/subscriptions/68915ced-864a-4180-9784-264b152f53ec/resourceGroups/rg-fonteyn-enterprise-compute/providers/Microsoft.Network/loadBalancers/lb-fonteyn-enterprise-dmz",
            "name": "HTTP-Redirect",
            "probe_id": "",
            "protocol": "Tcp",
            "timeouts": null
          },
          "sensitive_attributes": [],
          "identity_schema_version": 0,
          "private": "eyJlMmJmYjczMC1lY2FhLTExZTYtOGY4OC0zNDM2M2JjN2M0YzAiOnsiY3JlYXRlIjoxODAwMDAwMDAwMDAwLCJkZWxldGUiOjE4MDAwMDAwMDAwMDAsInJlYWQiOjMwMDAwMDAwMDAwMCwidXBkYXRlIjoxODAwMDAwMDAwMDAwfX0=",
          "dependencies": [
            "azurerm_lb.dmz",
            "azurerm_lb_backend_address_pool.dmz",
            "azurerm_public_ip.dmz_lb_public_ip",
            "azurerm_resource_group.compute"
          ]
        }
      ]
    },
    {
      "mode": "managed",
      "type": "azurerm_lb_rule",
      "name": "dmz_https",
      "provider": "provider[\"registry.terraform.io/hashicorp/azurerm\"]",
      "instances": [
        {
          "schema_version": 0,
          "attributes": {
            "backend_address_pool_ids": [
              "/subscriptions/68915ced-864a-4180-9784-264b152f53ec/resourceGroups/rg-fonteyn-enterprise-compute/providers/Microsoft.Network/loadBalancers/lb-fonteyn-enterprise-dmz/backendAddressPools/DMZ-BackendPool"
            ],
            "backend_port": 443,
            "disable_outbound_snat": false,
            "enable_floating_ip": false,
            "enable_tcp_reset": false,
            "frontend_ip_configuration_id": "/subscriptions/68915ced-864a-4180-9784-264b152f53ec/resourceGroups/rg-fonteyn-enterprise-compute/providers/Microsoft.Network/loadBalancers/lb-fonteyn-enterprise-dmz/frontendIPConfigurations/DMZ-PublicIP",
            "frontend_ip_configuration_name": "DMZ-PublicIP",
            "frontend_port": 443,
            "id": "/subscriptions/68915ced-864a-4180-9784-264b152f53ec/resourceGroups/rg-fonteyn-enterprise-compute/providers/Microsoft.Network/loadBalancers/lb-fonteyn-enterprise-dmz/loadBalancingRules/HTTPS",
            "idle_timeout_in_minutes": 4,
            "load_distribution": "Default",
            "loadbalancer_id": "/subscriptions/68915ced-864a-4180-9784-264b152f53ec/resourceGroups/rg-fonteyn-enterprise-compute/providers/Microsoft.Network/loadBalancers/lb-fonteyn-enterprise-dmz",
            "name": "HTTPS",
            "probe_id": "/subscriptions/68915ced-864a-4180-9784-264b152f53ec/resourceGroups/rg-fonteyn-enterprise-compute/providers/Microsoft.Network/loadBalancers/lb-fonteyn-enterprise-dmz/probes/https-probe",
            "protocol": "Tcp",
            "timeouts": null
          },
          "sensitive_attributes": [],
          "identity_schema_version": 0,
          "private": "eyJlMmJmYjczMC1lY2FhLTExZTYtOGY4OC0zNDM2M2JjN2M0YzAiOnsiY3JlYXRlIjoxODAwMDAwMDAwMDAwLCJkZWxldGUiOjE4MDAwMDAwMDAwMDAsInJlYWQiOjMwMDAwMDAwMDAwMCwidXBkYXRlIjoxODAwMDAwMDAwMDAwfX0=",
          "dependencies": [
            "azurerm_lb.dmz",
            "azurerm_lb_backend_address_pool.dmz",
            "azurerm_lb_probe.dmz_https",
            "azurerm_public_ip.dmz_lb_public_ip",
            "azurerm_resource_group.compute"
          ]
        }
      ]
    },
    {
      "mode": "managed",
      "type": "azurerm_lb_rule",
      "name": "internal_app",
      "provider": "provider[\"registry.terraform.io/hashicorp/azurerm\"]",
      "instances": [
        {
          "schema_version": 0,
          "attributes": {
            "backend_address_pool_ids": [
              "/subscriptions/68915ced-864a-4180-9784-264b152f53ec/resourceGroups/rg-fonteyn-enterprise-compute/providers/Microsoft.Network/loadBalancers/lb-fonteyn-enterprise-internal/backendAddressPools/Internal-BackendPool"
            ],
            "backend_port": 8080,
            "disable_outbound_snat": false,
            "enable_floating_ip": false,
            "enable_tcp_reset": false,
            "frontend_ip_configuration_id": "/subscriptions/68915ced-864a-4180-9784-264b152f53ec/resourceGroups/rg-fonteyn-enterprise-compute/providers/Microsoft.Network/loadBalancers/lb-fonteyn-enterprise-internal/frontendIPConfigurations/Internal-Frontend",
            "frontend_ip_configuration_name": "Internal-Frontend",
            "frontend_port": 8080,
            "id": "/subscriptions/68915ced-864a-4180-9784-264b152f53ec/resourceGroups/rg-fonteyn-enterprise-compute/providers/Microsoft.Network/loadBalancers/lb-fonteyn-enterprise-internal/loadBalancingRules/Application",
            "idle_timeout_in_minutes": 4,
            "load_distribution": "Default",
            "loadbalancer_id": "/subscriptions/68915ced-864a-4180-9784-264b152f53ec/resourceGroups/rg-fonteyn-enterprise-compute/providers/Microsoft.Network/loadBalancers/lb-fonteyn-enterprise-internal",
            "name": "Application",
            "probe_id": "/subscriptions/68915ced-864a-4180-9784-264b152f53ec/resourceGroups/rg-fonteyn-enterprise-compute/providers/Microsoft.Network/loadBalancers/lb-fonteyn-enterprise-internal/probes/app-probe",
            "protocol": "Tcp",
            "timeouts": null
          },
          "sensitive_attributes": [],
          "identity_schema_version": 0,
          "private": "eyJlMmJmYjczMC1lY2FhLTExZTYtOGY4OC0zNDM2M2JjN2M0YzAiOnsiY3JlYXRlIjoxODAwMDAwMDAwMDAwLCJkZWxldGUiOjE4MDAwMDAwMDAwMDAsInJlYWQiOjMwMDAwMDAwMDAwMCwidXBkYXRlIjoxODAwMDAwMDAwMDAwfX0=",
          "dependencies": [
            "azurerm_lb.internal",
            "azurerm_lb_backend_address_pool.internal",
            "azurerm_lb_probe.internal_app",
            "azurerm_resource_group.compute",
            "azurerm_resource_group.network",
            "azurerm_subnet.backend",
            "azurerm_virtual_network.azure_enterprise"
          ]
        }
      ]
    },
    {
      "mode": "managed",
      "type": "azurerm_local_network_gateway",
      "name": "hoofdkantoor",
      "provider": "provider[\"registry.terraform.io/hashicorp/azurerm\"]",
      "instances": [
        {
          "schema_version": 0,
          "attributes": {
            "address_space": [
              "192.168.1.0/24",
              "192.168.2.0/24",
              "192.168.3.0/24"
            ],
            "bgp_settings": [],
            "gateway_address": "145.220.74.133",
            "gateway_fqdn": "",
            "id": "/subscriptions/68915ced-864a-4180-9784-264b152f53ec/resourceGroups/rg-fonteyn-enterprise-network/providers/Microsoft.Network/localNetworkGateways/lng-fonteyn-enterprise-hoofdkantoor",
            "location": "northeurope",
            "name": "lng-fonteyn-enterprise-hoofdkantoor",
            "resource_group_name": "rg-fonteyn-enterprise-network",
            "tags": {
              "Architecture": "hybrid-cloud",
              "CostCenter": "IT-Development",
              "Course": "Infrastructure-as-Code",
              "DeployDate": "2025-06-04T11:15:36Z",
              "Environment": "dev",
              "Location": "Multi-Site-Enterprise",
              "ManagedBy": "terraform",
              "Owner": "daan-onstenk",
              "Project": "fonteyn-enterprise",
              "Purpose": "vacation-parks-enterprise",
              "Student": "daan.onstenk@student.fontys.nl",
              "University": "Fontys"
            },
            "timeouts": null
          },
          "sensitive_attributes": [],
          "identity_schema_version": 0,
          "private": "eyJlMmJmYjczMC1lY2FhLTExZTYtOGY4OC0zNDM2M2JjN2M0YzAiOnsiY3JlYXRlIjoxODAwMDAwMDAwMDAwLCJkZWxldGUiOjE4MDAwMDAwMDAwMDAsInJlYWQiOjMwMDAwMDAwMDAwMCwidXBkYXRlIjoxODAwMDAwMDAwMDAwfX0=",
          "dependencies": [
            "azurerm_resource_group.network"
          ]
        }
      ]
    },
    {
      "mode": "managed",
      "type": "azurerm_local_network_gateway",
      "name": "vakantiepark_be",
      "provider": "provider[\"registry.terraform.io/hashicorp/azurerm\"]",
      "instances": [
        {
          "schema_version": 0,
          "attributes": {
            "address_space": [
              "10.6.0.0/16"
            ],
            "bgp_settings": [],
            "gateway_address": "1.2.3.5",
            "gateway_fqdn": "",
            "id": "/subscriptions/68915ced-864a-4180-9784-264b152f53ec/resourceGroups/rg-fonteyn-enterprise-network/providers/Microsoft.Network/localNetworkGateways/lng-fonteyn-enterprise-vakantiepark-be",
            "location": "northeurope",
            "name": "lng-fonteyn-enterprise-vakantiepark-be",
            "resource_group_name": "rg-fonteyn-enterprise-network",
            "tags": {
              "Architecture": "hybrid-cloud",
              "CostCenter": "IT-Development",
              "Course": "Infrastructure-as-Code",
              "DeployDate": "2025-06-04T11:15:36Z",
              "Environment": "dev",
              "Location": "Multi-Site-Enterprise",
              "ManagedBy": "terraform",
              "Owner": "daan-onstenk",
              "Project": "fonteyn-enterprise",
              "Purpose": "vacation-parks-enterprise",
              "Status": "placeholder-future-deployment",
              "Student": "daan.onstenk@student.fontys.nl",
              "University": "Fontys"
            },
            "timeouts": null
          },
          "sensitive_attributes": [],
          "identity_schema_version": 0,
          "private": "eyJlMmJmYjczMC1lY2FhLTExZTYtOGY4OC0zNDM2M2JjN2M0YzAiOnsiY3JlYXRlIjoxODAwMDAwMDAwMDAwLCJkZWxldGUiOjE4MDAwMDAwMDAwMDAsInJlYWQiOjMwMDAwMDAwMDAwMCwidXBkYXRlIjoxODAwMDAwMDAwMDAwfX0=",
          "dependencies": [
            "azurerm_resource_group.network"
          ]
        }
      ]
    },
    {
      "mode": "managed",
      "type": "azurerm_local_network_gateway",
      "name": "vakantiepark_de",
      "provider": "provider[\"registry.terraform.io/hashicorp/azurerm\"]",
      "instances": [
        {
          "schema_version": 0,
          "attributes": {
            "address_space": [
              "10.7.0.0/16"
            ],
            "bgp_settings": [],
            "gateway_address": "1.2.3.6",
            "gateway_fqdn": "",
            "id": "/subscriptions/68915ced-864a-4180-9784-264b152f53ec/resourceGroups/rg-fonteyn-enterprise-network/providers/Microsoft.Network/localNetworkGateways/lng-fonteyn-enterprise-vakantiepark-de",
            "location": "northeurope",
            "name": "lng-fonteyn-enterprise-vakantiepark-de",
            "resource_group_name": "rg-fonteyn-enterprise-network",
            "tags": {
              "Architecture": "hybrid-cloud",
              "CostCenter": "IT-Development",
              "Course": "Infrastructure-as-Code",
              "DeployDate": "2025-06-04T11:15:36Z",
              "Environment": "dev",
              "Location": "Multi-Site-Enterprise",
              "ManagedBy": "terraform",
              "Owner": "daan-onstenk",
              "Project": "fonteyn-enterprise",
              "Purpose": "vacation-parks-enterprise",
              "Status": "placeholder-future-deployment",
              "Student": "daan.onstenk@student.fontys.nl",
              "University": "Fontys"
            },
            "timeouts": null
          },
          "sensitive_attributes": [],
          "identity_schema_version": 0,
          "private": "eyJlMmJmYjczMC1lY2FhLTExZTYtOGY4OC0zNDM2M2JjN2M0YzAiOnsiY3JlYXRlIjoxODAwMDAwMDAwMDAwLCJkZWxldGUiOjE4MDAwMDAwMDAwMDAsInJlYWQiOjMwMDAwMDAwMDAwMCwidXBkYXRlIjoxODAwMDAwMDAwMDAwfX0=",
          "dependencies": [
            "azurerm_resource_group.network"
          ]
        }
      ]
    },
    {
      "mode": "managed",
      "type": "azurerm_local_network_gateway",
      "name": "vakantiepark_nl",
      "provider": "provider[\"registry.terraform.io/hashicorp/azurerm\"]",
      "instances": [
        {
          "schema_version": 0,
          "attributes": {
            "address_space": [
              "10.5.0.0/16"
            ],
            "bgp_settings": [],
            "gateway_address": "1.2.3.4",
            "gateway_fqdn": "",
            "id": "/subscriptions/68915ced-864a-4180-9784-264b152f53ec/resourceGroups/rg-fonteyn-enterprise-network/providers/Microsoft.Network/localNetworkGateways/lng-fonteyn-enterprise-vakantiepark-nl",
            "location": "northeurope",
            "name": "lng-fonteyn-enterprise-vakantiepark-nl",
            "resource_group_name": "rg-fonteyn-enterprise-network",
            "tags": {
              "Architecture": "hybrid-cloud",
              "CostCenter": "IT-Development",
              "Course": "Infrastructure-as-Code",
              "DeployDate": "2025-06-04T11:15:36Z",
              "Environment": "dev",
              "Location": "Multi-Site-Enterprise",
              "ManagedBy": "terraform",
              "Owner": "daan-onstenk",
              "Project": "fonteyn-enterprise",
              "Purpose": "vacation-parks-enterprise",
              "Status": "placeholder-future-deployment",
              "Student": "daan.onstenk@student.fontys.nl",
              "University": "Fontys"
            },
            "timeouts": null
          },
          "sensitive_attributes": [],
          "identity_schema_version": 0,
          "private": "eyJlMmJmYjczMC1lY2FhLTExZTYtOGY4OC0zNDM2M2JjN2M0YzAiOnsiY3JlYXRlIjoxODAwMDAwMDAwMDAwLCJkZWxldGUiOjE4MDAwMDAwMDAwMDAsInJlYWQiOjMwMDAwMDAwMDAwMCwidXBkYXRlIjoxODAwMDAwMDAwMDAwfX0=",
          "dependencies": [
            "azurerm_resource_group.network"
          ]
        }
      ]
    },
    {
      "mode": "managed",
      "type": "azurerm_log_analytics_linked_service",
      "name": "automation",
      "provider": "provider[\"registry.terraform.io/hashicorp/azurerm\"]",
      "instances": [
        {
          "schema_version": 0,
          "attributes": {
            "id": "/subscriptions/68915ced-864a-4180-9784-264b152f53ec/resourceGroups/rg-fonteyn-enterprise-monitoring/providers/Microsoft.OperationalInsights/workspaces/law-fonteyn-enterprise/linkedServices/Automation",
            "name": "Automation",
            "read_access_id": "/subscriptions/68915ced-864a-4180-9784-264b152f53ec/resourceGroups/rg-fonteyn-enterprise-monitoring/providers/Microsoft.Automation/automationAccounts/aa-fonteyn-enterprise",
            "resource_group_name": "rg-fonteyn-enterprise-monitoring",
            "timeouts": null,
            "workspace_id": "/subscriptions/68915ced-864a-4180-9784-264b152f53ec/resourceGroups/rg-fonteyn-enterprise-monitoring/providers/Microsoft.OperationalInsights/workspaces/law-fonteyn-enterprise",
            "write_access_id": ""
          },
          "sensitive_attributes": [],
          "identity_schema_version": 0,
          "private": "eyJlMmJmYjczMC1lY2FhLTExZTYtOGY4OC0zNDM2M2JjN2M0YzAiOnsiY3JlYXRlIjoxODAwMDAwMDAwMDAwLCJkZWxldGUiOjE4MDAwMDAwMDAwMDAsInJlYWQiOjMwMDAwMDAwMDAwMCwidXBkYXRlIjoxODAwMDAwMDAwMDAwfX0=",
          "dependencies": [
            "azurerm_automation_account.main",
            "azurerm_log_analytics_workspace.main",
            "azurerm_resource_group.monitoring"
          ]
        }
      ]
    },
    {
      "mode": "managed",
      "type": "azurerm_log_analytics_solution",
      "name": "updates",
      "provider": "provider[\"registry.terraform.io/hashicorp/azurerm\"]",
      "instances": [
        {
          "schema_version": 1,
          "attributes": {
            "id": "/subscriptions/68915ced-864a-4180-9784-264b152f53ec/resourceGroups/rg-fonteyn-enterprise-monitoring/providers/Microsoft.OperationsManagement/solutions/Updates(law-fonteyn-enterprise)",
            "location": "northeurope",
            "plan": [
              {
                "name": "Updates(law-fonteyn-enterprise)",
                "product": "OMSGallery/Updates",
                "promotion_code": "",
                "publisher": "Microsoft"
              }
            ],
            "resource_group_name": "rg-fonteyn-enterprise-monitoring",
            "solution_name": "Updates",
            "tags": null,
            "timeouts": null,
            "workspace_name": "law-fonteyn-enterprise",
            "workspace_resource_id": "/subscriptions/68915ced-864a-4180-9784-264b152f53ec/resourceGroups/rg-fonteyn-enterprise-monitoring/providers/Microsoft.OperationalInsights/workspaces/law-fonteyn-enterprise"
          },
          "sensitive_attributes": [],
          "identity_schema_version": 0,
          "private": "eyJlMmJmYjczMC1lY2FhLTExZTYtOGY4OC0zNDM2M2JjN2M0YzAiOnsiY3JlYXRlIjoxODAwMDAwMDAwMDAwLCJkZWxldGUiOjE4MDAwMDAwMDAwMDAsInJlYWQiOjMwMDAwMDAwMDAwMCwidXBkYXRlIjoxODAwMDAwMDAwMDAwfSwic2NoZW1hX3ZlcnNpb24iOiIxIn0=",
          "dependencies": [
            "azurerm_log_analytics_workspace.main",
            "azurerm_resource_group.monitoring"
          ]
        }
      ]
    },
    {
      "mode": "managed",
      "type": "azurerm_log_analytics_workspace",
      "name": "azure_arc",
      "provider": "provider[\"registry.terraform.io/hashicorp/azurerm\"]",
      "instances": [
        {
          "schema_version": 3,
          "attributes": {
            "allow_resource_only_permissions": true,
            "cmk_for_query_forced": false,
            "daily_quota_gb": -1,
            "data_collection_rule_id": "",
            "id": "/subscriptions/68915ced-864a-4180-9784-264b152f53ec/resourceGroups/rg-fonteyn-enterprise-azure-arc/providers/Microsoft.OperationalInsights/workspaces/law-fonteyn-enterprise-arc",
            "identity": [],
            "immediate_data_purge_on_30_days_enabled": false,
            "internet_ingestion_enabled": true,
            "internet_query_enabled": true,
            "local_authentication_disabled": false,
            "location": "northeurope",
            "name": "law-fonteyn-enterprise-arc",
            "primary_shared_key": "4+YC1y63SJvYagRTG7NqRAKTZa2wpbkYA66UAtb0Ns9dtpL7YTtOXRMkW+E1fq46FmAGklgUeiFdWWwhv+v9mw==",
            "reservation_capacity_in_gb_per_day": null,
            "resource_group_name": "rg-fonteyn-enterprise-azure-arc",
            "retention_in_days": 90,
            "secondary_shared_key": "eXSd39zEx6TSZrm85y8eXkgamElkcjfWde2qGbKilYtDxv+hINJ+gEDvZ6qHLoe4WMi4lYjHGdmb61W8m0pRUw==",
            "sku": "PerGB2018",
            "tags": {
              "Architecture": "hybrid-cloud",
              "CostCenter": "IT-Development",
              "Course": "Infrastructure-as-Code",
              "DeployDate": "2025-06-04T11:15:36Z",
              "Environment": "dev",
              "Location": "Multi-Site-Enterprise",
              "ManagedBy": "terraform",
              "Owner": "daan-onstenk",
              "Project": "fonteyn-enterprise",
              "Purpose": "azure-arc-hybrid-management",
              "Student": "daan.onstenk@student.fontys.nl",
              "University": "Fontys"
            },
            "timeouts": null,
            "workspace_id": "3fd64c3d-59f5-4230-9343-4950cd4aab0e"
          },
          "sensitive_attributes": [
            [
              {
                "type": "get_attr",
                "value": "primary_shared_key"
              }
            ],
            [
              {
                "type": "get_attr",
                "value": "secondary_shared_key"
              }
            ]
          ],
          "identity_schema_version": 0,
          "private": "eyJlMmJmYjczMC1lY2FhLTExZTYtOGY4OC0zNDM2M2JjN2M0YzAiOnsiY3JlYXRlIjoxODAwMDAwMDAwMDAwLCJkZWxldGUiOjE4MDAwMDAwMDAwMDAsInJlYWQiOjMwMDAwMDAwMDAwMCwidXBkYXRlIjoxODAwMDAwMDAwMDAwfSwic2NoZW1hX3ZlcnNpb24iOiIzIn0=",
          "dependencies": [
            "azurerm_resource_group.azure_arc"
          ]
        }
      ]
    },
    {
      "mode": "managed",
      "type": "azurerm_log_analytics_workspace",
      "name": "main",
      "provider": "provider[\"registry.terraform.io/hashicorp/azurerm\"]",
      "instances": [
        {
          "schema_version": 3,
          "attributes": {
            "allow_resource_only_permissions": true,
            "cmk_for_query_forced": false,
            "daily_quota_gb": -1,
            "data_collection_rule_id": "",
            "id": "/subscriptions/68915ced-864a-4180-9784-264b152f53ec/resourceGroups/rg-fonteyn-enterprise-monitoring/providers/Microsoft.OperationalInsights/workspaces/law-fonteyn-enterprise",
            "identity": [],
            "immediate_data_purge_on_30_days_enabled": false,
            "internet_ingestion_enabled": true,
            "internet_query_enabled": true,
            "local_authentication_disabled": false,
            "location": "northeurope",
            "name": "law-fonteyn-enterprise",
            "primary_shared_key": "1KjAgWOObdBo+Axaq8NsXCkoFxM6puntVV3dVC8VIgQr+bpiX1K7tACOgBOFZbcwJbXi3Qee92uvsReVyUbKzg==",
            "reservation_capacity_in_gb_per_day": null,
            "resource_group_name": "rg-fonteyn-enterprise-monitoring",
            "retention_in_days": 90,
            "secondary_shared_key": "CZTkLE7J0AFOQ+gn0nCykpp3CG3m6+IX54pzLkd8YTHAaqAlZ8zNBXVu6Z/CqzZvcNlmpPUbQT8MzJiRh+E18Q==",
            "sku": "PerGB2018",
            "tags": {
              "Architecture": "hybrid-cloud",
              "CostCenter": "IT-Development",
              "Course": "Infrastructure-as-Code",
              "DeployDate": "2025-06-04T11:15:36Z",
              "Environment": "dev",
              "Location": "Multi-Site-Enterprise",
              "ManagedBy": "terraform",
              "Owner": "daan-onstenk",
              "Project": "fonteyn-enterprise",
              "Purpose": "vacation-parks-enterprise",
              "Student": "daan.onstenk@student.fontys.nl",
              "University": "Fontys"
            },
            "timeouts": null,
            "workspace_id": "303e6818-6f94-4179-9b57-e8124ed80b73"
          },
          "sensitive_attributes": [
            [
              {
                "type": "get_attr",
                "value": "primary_shared_key"
              }
            ],
            [
              {
                "type": "get_attr",
                "value": "secondary_shared_key"
              }
            ]
          ],
          "identity_schema_version": 0,
          "private": "eyJlMmJmYjczMC1lY2FhLTExZTYtOGY4OC0zNDM2M2JjN2M0YzAiOnsiY3JlYXRlIjoxODAwMDAwMDAwMDAwLCJkZWxldGUiOjE4MDAwMDAwMDAwMDAsInJlYWQiOjMwMDAwMDAwMDAwMCwidXBkYXRlIjoxODAwMDAwMDAwMDAwfSwic2NoZW1hX3ZlcnNpb24iOiIzIn0=",
          "dependencies": [
            "azurerm_resource_group.monitoring"
          ]
        }
      ]
    },
    {
      "mode": "managed",
      "type": "azurerm_managed_disk",
      "name": "app_data",
      "provider": "provider[\"registry.terraform.io/hashicorp/azurerm\"]",
      "instances": [
        {
          "index_key": 0,
          "schema_version": 1,
          "attributes": {
            "create_option": "Empty",
            "disk_access_id": "",
            "disk_encryption_set_id": "",
            "disk_iops_read_only": 0,
            "disk_iops_read_write": 500,
            "disk_mbps_read_only": 0,
            "disk_mbps_read_write": 60,
            "disk_size_gb": 128,
            "edge_zone": "",
            "encryption_settings": [],
            "gallery_image_reference_id": "",
            "hyper_v_generation": "",
            "id": "/subscriptions/68915ced-864a-4180-9784-264b152f53ec/resourceGroups/rg-fonteyn-enterprise-compute/providers/Microsoft.Compute/disks/disk-app-01-data",
            "image_reference_id": "",
            "location": "northeurope",
            "logical_sector_size": null,
            "max_shares": 0,
            "name": "disk-app-01-data",
            "network_access_policy": null,
            "on_demand_bursting_enabled": false,
            "optimized_frequent_attach_enabled": false,
            "os_type": "",
            "performance_plus_enabled": false,
            "public_network_access_enabled": true,
            "resource_group_name": "rg-fonteyn-enterprise-compute",
            "secure_vm_disk_encryption_set_id": "",
            "security_type": "",
            "source_resource_id": "",
            "source_uri": "",
            "storage_account_id": "",
            "storage_account_type": "Standard_LRS",
            "tags": {
              "Architecture": "hybrid-cloud",
              "CostCenter": "IT-Development",
              "Course": "Infrastructure-as-Code",
              "DeployDate": "2025-06-04T11:15:36Z",
              "Environment": "dev",
              "Location": "Multi-Site-Enterprise",
              "ManagedBy": "terraform",
              "Owner": "daan-onstenk",
              "Project": "fonteyn-enterprise",
              "Purpose": "vacation-parks-enterprise",
              "Student": "daan.onstenk@student.fontys.nl",
              "University": "Fontys"
            },
            "tier": "",
            "timeouts": null,
            "trusted_launch_enabled": false,
            "upload_size_bytes": 0,
            "zone": ""
          },
          "sensitive_attributes": [],
          "identity_schema_version": 0,
          "private": "eyJlMmJmYjczMC1lY2FhLTExZTYtOGY4OC0zNDM2M2JjN2M0YzAiOnsiY3JlYXRlIjoxODAwMDAwMDAwMDAwLCJkZWxldGUiOjE4MDAwMDAwMDAwMDAsInJlYWQiOjMwMDAwMDAwMDAwMCwidXBkYXRlIjoxODAwMDAwMDAwMDAwfSwic2NoZW1hX3ZlcnNpb24iOiIxIn0=",
          "dependencies": [
            "azurerm_resource_group.compute"
          ]
        },
        {
          "index_key": 1,
          "schema_version": 1,
          "attributes": {
            "create_option": "Empty",
            "disk_access_id": "",
            "disk_encryption_set_id": "",
            "disk_iops_read_only": 0,
            "disk_iops_read_write": 500,
            "disk_mbps_read_only": 0,
            "disk_mbps_read_write": 60,
            "disk_size_gb": 128,
            "edge_zone": "",
            "encryption_settings": [],
            "gallery_image_reference_id": "",
            "hyper_v_generation": "",
            "id": "/subscriptions/68915ced-864a-4180-9784-264b152f53ec/resourceGroups/rg-fonteyn-enterprise-compute/providers/Microsoft.Compute/disks/disk-app-02-data",
            "image_reference_id": "",
            "location": "northeurope",
            "logical_sector_size": null,
            "max_shares": 0,
            "name": "disk-app-02-data",
            "network_access_policy": null,
            "on_demand_bursting_enabled": false,
            "optimized_frequent_attach_enabled": false,
            "os_type": "",
            "performance_plus_enabled": false,
            "public_network_access_enabled": true,
            "resource_group_name": "rg-fonteyn-enterprise-compute",
            "secure_vm_disk_encryption_set_id": "",
            "security_type": "",
            "source_resource_id": "",
            "source_uri": "",
            "storage_account_id": "",
            "storage_account_type": "Standard_LRS",
            "tags": {
              "Architecture": "hybrid-cloud",
              "CostCenter": "IT-Development",
              "Course": "Infrastructure-as-Code",
              "DeployDate": "2025-06-04T11:15:36Z",
              "Environment": "dev",
              "Location": "Multi-Site-Enterprise",
              "ManagedBy": "terraform",
              "Owner": "daan-onstenk",
              "Project": "fonteyn-enterprise",
              "Purpose": "vacation-parks-enterprise",
              "Student": "daan.onstenk@student.fontys.nl",
              "University": "Fontys"
            },
            "tier": "",
            "timeouts": null,
            "trusted_launch_enabled": false,
            "upload_size_bytes": 0,
            "zone": ""
          },
          "sensitive_attributes": [],
          "identity_schema_version": 0,
          "private": "eyJlMmJmYjczMC1lY2FhLTExZTYtOGY4OC0zNDM2M2JjN2M0YzAiOnsiY3JlYXRlIjoxODAwMDAwMDAwMDAwLCJkZWxldGUiOjE4MDAwMDAwMDAwMDAsInJlYWQiOjMwMDAwMDAwMDAwMCwidXBkYXRlIjoxODAwMDAwMDAwMDAwfSwic2NoZW1hX3ZlcnNpb24iOiIxIn0=",
          "dependencies": [
            "azurerm_resource_group.compute"
          ]
        }
      ]
    },
    {
      "mode": "managed",
      "type": "azurerm_managed_disk",
      "name": "database_data",
      "provider": "provider[\"registry.terraform.io/hashicorp/azurerm\"]",
      "instances": [
        {
          "index_key": 0,
          "schema_version": 1,
          "attributes": {
            "create_option": "Empty",
            "disk_access_id": "",
            "disk_encryption_set_id": "",
            "disk_iops_read_only": 0,
            "disk_iops_read_write": 500,
            "disk_mbps_read_only": 0,
            "disk_mbps_read_write": 60,
            "disk_size_gb": 128,
            "edge_zone": "",
            "encryption_settings": [],
            "gallery_image_reference_id": "",
            "hyper_v_generation": "",
            "id": "/subscriptions/68915ced-864a-4180-9784-264b152f53ec/resourceGroups/rg-fonteyn-enterprise-compute/providers/Microsoft.Compute/disks/disk-db-01-data",
            "image_reference_id": "",
            "location": "northeurope",
            "logical_sector_size": null,
            "max_shares": 0,
            "name": "disk-db-01-data",
            "network_access_policy": null,
            "on_demand_bursting_enabled": false,
            "optimized_frequent_attach_enabled": false,
            "os_type": "",
            "performance_plus_enabled": false,
            "public_network_access_enabled": true,
            "resource_group_name": "rg-fonteyn-enterprise-compute",
            "secure_vm_disk_encryption_set_id": "",
            "security_type": "",
            "source_resource_id": "",
            "source_uri": "",
            "storage_account_id": "",
            "storage_account_type": "Standard_LRS",
            "tags": {
              "Architecture": "hybrid-cloud",
              "CostCenter": "IT-Development",
              "Course": "Infrastructure-as-Code",
              "DeployDate": "2025-06-04T11:15:36Z",
              "Environment": "dev",
              "Location": "Multi-Site-Enterprise",
              "ManagedBy": "terraform",
              "Owner": "daan-onstenk",
              "Project": "fonteyn-enterprise",
              "Purpose": "vacation-parks-enterprise",
              "Student": "daan.onstenk@student.fontys.nl",
              "University": "Fontys"
            },
            "tier": "",
            "timeouts": null,
            "trusted_launch_enabled": false,
            "upload_size_bytes": 0,
            "zone": ""
          },
          "sensitive_attributes": [],
          "identity_schema_version": 0,
          "private": "eyJlMmJmYjczMC1lY2FhLTExZTYtOGY4OC0zNDM2M2JjN2M0YzAiOnsiY3JlYXRlIjoxODAwMDAwMDAwMDAwLCJkZWxldGUiOjE4MDAwMDAwMDAwMDAsInJlYWQiOjMwMDAwMDAwMDAwMCwidXBkYXRlIjoxODAwMDAwMDAwMDAwfSwic2NoZW1hX3ZlcnNpb24iOiIxIn0=",
          "dependencies": [
            "azurerm_resource_group.compute"
          ]
        }
      ]
    },
    {
      "mode": "managed",
      "type": "azurerm_managed_disk",
      "name": "database_log",
      "provider": "provider[\"registry.terraform.io/hashicorp/azurerm\"]",
      "instances": [
        {
          "index_key": 0,
          "schema_version": 1,
          "attributes": {
            "create_option": "Empty",
            "disk_access_id": "",
            "disk_encryption_set_id": "",
            "disk_iops_read_only": 0,
            "disk_iops_read_write": 500,
            "disk_mbps_read_only": 0,
            "disk_mbps_read_write": 60,
            "disk_size_gb": 32,
            "edge_zone": "",
            "encryption_settings": [],
            "gallery_image_reference_id": "",
            "hyper_v_generation": "",
            "id": "/subscriptions/68915ced-864a-4180-9784-264b152f53ec/resourceGroups/rg-fonteyn-enterprise-compute/providers/Microsoft.Compute/disks/disk-db-01-log",
            "image_reference_id": "",
            "location": "northeurope",
            "logical_sector_size": null,
            "max_shares": 0,
            "name": "disk-db-01-log",
            "network_access_policy": null,
            "on_demand_bursting_enabled": false,
            "optimized_frequent_attach_enabled": false,
            "os_type": "",
            "performance_plus_enabled": false,
            "public_network_access_enabled": true,
            "resource_group_name": "rg-fonteyn-enterprise-compute",
            "secure_vm_disk_encryption_set_id": "",
            "security_type": "",
            "source_resource_id": "",
            "source_uri": "",
            "storage_account_id": "",
            "storage_account_type": "Standard_LRS",
            "tags": {
              "Architecture": "hybrid-cloud",
              "CostCenter": "IT-Development",
              "Course": "Infrastructure-as-Code",
              "DeployDate": "2025-06-04T11:15:36Z",
              "Environment": "dev",
              "Location": "Multi-Site-Enterprise",
              "ManagedBy": "terraform",
              "Owner": "daan-onstenk",
              "Project": "fonteyn-enterprise",
              "Purpose": "vacation-parks-enterprise",
              "Student": "daan.onstenk@student.fontys.nl",
              "University": "Fontys"
            },
            "tier": "",
            "timeouts": null,
            "trusted_launch_enabled": false,
            "upload_size_bytes": 0,
            "zone": ""
          },
          "sensitive_attributes": [],
          "identity_schema_version": 0,
          "private": "eyJlMmJmYjczMC1lY2FhLTExZTYtOGY4OC0zNDM2M2JjN2M0YzAiOnsiY3JlYXRlIjoxODAwMDAwMDAwMDAwLCJkZWxldGUiOjE4MDAwMDAwMDAwMDAsInJlYWQiOjMwMDAwMDAwMDAwMCwidXBkYXRlIjoxODAwMDAwMDAwMDAwfSwic2NoZW1hX3ZlcnNpb24iOiIxIn0=",
          "dependencies": [
            "azurerm_resource_group.compute"
          ]
        }
      ]
    },
    {
      "mode": "managed",
      "type": "azurerm_managed_disk",
      "name": "monitoring_data",
      "provider": "provider[\"registry.terraform.io/hashicorp/azurerm\"]",
      "instances": [
        {
          "schema_version": 1,
          "attributes": {
            "create_option": "Empty",
            "disk_access_id": "",
            "disk_encryption_set_id": "",
            "disk_iops_read_only": 0,
            "disk_iops_read_write": 500,
            "disk_mbps_read_only": 0,
            "disk_mbps_read_write": 60,
            "disk_size_gb": 64,
            "edge_zone": "",
            "encryption_settings": [],
            "gallery_image_reference_id": "",
            "hyper_v_generation": "",
            "id": "/subscriptions/68915ced-864a-4180-9784-264b152f53ec/resourceGroups/rg-fonteyn-enterprise-compute/providers/Microsoft.Compute/disks/disk-monitoring-01-data",
            "image_reference_id": "",
            "location": "northeurope",
            "logical_sector_size": null,
            "max_shares": 0,
            "name": "disk-monitoring-01-data",
            "network_access_policy": null,
            "on_demand_bursting_enabled": false,
            "optimized_frequent_attach_enabled": false,
            "os_type": "",
            "performance_plus_enabled": false,
            "public_network_access_enabled": true,
            "resource_group_name": "rg-fonteyn-enterprise-compute",
            "secure_vm_disk_encryption_set_id": "",
            "security_type": "",
            "source_resource_id": "",
            "source_uri": "",
            "storage_account_id": "",
            "storage_account_type": "Standard_LRS",
            "tags": {
              "Architecture": "hybrid-cloud",
              "CostCenter": "IT-Development",
              "Course": "Infrastructure-as-Code",
              "DeployDate": "2025-06-04T11:15:36Z",
              "Environment": "dev",
              "Location": "Multi-Site-Enterprise",
              "ManagedBy": "terraform",
              "Owner": "daan-onstenk",
              "Project": "fonteyn-enterprise",
              "Purpose": "vacation-parks-enterprise",
              "Student": "daan.onstenk@student.fontys.nl",
              "University": "Fontys"
            },
            "tier": "",
            "timeouts": null,
            "trusted_launch_enabled": false,
            "upload_size_bytes": 0,
            "zone": ""
          },
          "sensitive_attributes": [],
          "identity_schema_version": 0,
          "private": "eyJlMmJmYjczMC1lY2FhLTExZTYtOGY4OC0zNDM2M2JjN2M0YzAiOnsiY3JlYXRlIjoxODAwMDAwMDAwMDAwLCJkZWxldGUiOjE4MDAwMDAwMDAwMDAsInJlYWQiOjMwMDAwMDAwMDAwMCwidXBkYXRlIjoxODAwMDAwMDAwMDAwfSwic2NoZW1hX3ZlcnNpb24iOiIxIn0=",
          "dependencies": [
            "azurerm_resource_group.compute"
          ]
        }
      ]
    },
    {
      "mode": "managed",
      "type": "azurerm_managed_disk",
      "name": "web_data",
      "provider": "provider[\"registry.terraform.io/hashicorp/azurerm\"]",
      "instances": [
        {
          "index_key": 0,
          "schema_version": 1,
          "attributes": {
            "create_option": "Empty",
            "disk_access_id": "",
            "disk_encryption_set_id": "",
            "disk_iops_read_only": 0,
            "disk_iops_read_write": 500,
            "disk_mbps_read_only": 0,
            "disk_mbps_read_write": 60,
            "disk_size_gb": 64,
            "edge_zone": "",
            "encryption_settings": [],
            "gallery_image_reference_id": "",
            "hyper_v_generation": "",
            "id": "/subscriptions/68915ced-864a-4180-9784-264b152f53ec/resourceGroups/rg-fonteyn-enterprise-compute/providers/Microsoft.Compute/disks/disk-web-01-data",
            "image_reference_id": "",
            "location": "northeurope",
            "logical_sector_size": null,
            "max_shares": 0,
            "name": "disk-web-01-data",
            "network_access_policy": null,
            "on_demand_bursting_enabled": false,
            "optimized_frequent_attach_enabled": false,
            "os_type": "",
            "performance_plus_enabled": false,
            "public_network_access_enabled": true,
            "resource_group_name": "rg-fonteyn-enterprise-compute",
            "secure_vm_disk_encryption_set_id": "",
            "security_type": "",
            "source_resource_id": "",
            "source_uri": "",
            "storage_account_id": "",
            "storage_account_type": "Standard_LRS",
            "tags": {
              "Architecture": "hybrid-cloud",
              "CostCenter": "IT-Development",
              "Course": "Infrastructure-as-Code",
              "DeployDate": "2025-06-04T11:15:36Z",
              "Environment": "dev",
              "Location": "Multi-Site-Enterprise",
              "ManagedBy": "terraform",
              "Owner": "daan-onstenk",
              "Project": "fonteyn-enterprise",
              "Purpose": "vacation-parks-enterprise",
              "Student": "daan.onstenk@student.fontys.nl",
              "University": "Fontys"
            },
            "tier": "",
            "timeouts": null,
            "trusted_launch_enabled": false,
            "upload_size_bytes": 0,
            "zone": ""
          },
          "sensitive_attributes": [],
          "identity_schema_version": 0,
          "private": "eyJlMmJmYjczMC1lY2FhLTExZTYtOGY4OC0zNDM2M2JjN2M0YzAiOnsiY3JlYXRlIjoxODAwMDAwMDAwMDAwLCJkZWxldGUiOjE4MDAwMDAwMDAwMDAsInJlYWQiOjMwMDAwMDAwMDAwMCwidXBkYXRlIjoxODAwMDAwMDAwMDAwfSwic2NoZW1hX3ZlcnNpb24iOiIxIn0=",
          "dependencies": [
            "azurerm_resource_group.compute"
          ]
        },
        {
          "index_key": 1,
          "schema_version": 1,
          "attributes": {
            "create_option": "Empty",
            "disk_access_id": "",
            "disk_encryption_set_id": "",
            "disk_iops_read_only": 0,
            "disk_iops_read_write": 500,
            "disk_mbps_read_only": 0,
            "disk_mbps_read_write": 60,
            "disk_size_gb": 64,
            "edge_zone": "",
            "encryption_settings": [],
            "gallery_image_reference_id": "",
            "hyper_v_generation": "",
            "id": "/subscriptions/68915ced-864a-4180-9784-264b152f53ec/resourceGroups/rg-fonteyn-enterprise-compute/providers/Microsoft.Compute/disks/disk-web-02-data",
            "image_reference_id": "",
            "location": "northeurope",
            "logical_sector_size": null,
            "max_shares": 0,
            "name": "disk-web-02-data",
            "network_access_policy": null,
            "on_demand_bursting_enabled": false,
            "optimized_frequent_attach_enabled": false,
            "os_type": "",
            "performance_plus_enabled": false,
            "public_network_access_enabled": true,
            "resource_group_name": "rg-fonteyn-enterprise-compute",
            "secure_vm_disk_encryption_set_id": "",
            "security_type": "",
            "source_resource_id": "",
            "source_uri": "",
            "storage_account_id": "",
            "storage_account_type": "Standard_LRS",
            "tags": {
              "Architecture": "hybrid-cloud",
              "CostCenter": "IT-Development",
              "Course": "Infrastructure-as-Code",
              "DeployDate": "2025-06-04T11:15:36Z",
              "Environment": "dev",
              "Location": "Multi-Site-Enterprise",
              "ManagedBy": "terraform",
              "Owner": "daan-onstenk",
              "Project": "fonteyn-enterprise",
              "Purpose": "vacation-parks-enterprise",
              "Student": "daan.onstenk@student.fontys.nl",
              "University": "Fontys"
            },
            "tier": "",
            "timeouts": null,
            "trusted_launch_enabled": false,
            "upload_size_bytes": 0,
            "zone": ""
          },
          "sensitive_attributes": [],
          "identity_schema_version": 0,
          "private": "eyJlMmJmYjczMC1lY2FhLTExZTYtOGY4OC0zNDM2M2JjN2M0YzAiOnsiY3JlYXRlIjoxODAwMDAwMDAwMDAwLCJkZWxldGUiOjE4MDAwMDAwMDAwMDAsInJlYWQiOjMwMDAwMDAwMDAwMCwidXBkYXRlIjoxODAwMDAwMDAwMDAwfSwic2NoZW1hX3ZlcnNpb24iOiIxIn0=",
          "dependencies": [
            "azurerm_resource_group.compute"
          ]
        }
      ]
    },
    {
      "mode": "managed",
      "type": "azurerm_monitor_action_group",
      "name": "critical",
      "provider": "provider[\"registry.terraform.io/hashicorp/azurerm\"]",
      "instances": [
        {
          "schema_version": 1,
          "attributes": {
            "arm_role_receiver": [],
            "automation_runbook_receiver": [],
            "azure_app_push_receiver": [],
            "azure_function_receiver": [],
            "email_receiver": [
              {
                "email_address": "560501@student.fontys.nl",
                "name": "admin",
                "use_common_alert_schema": false
              },
              {
                "email_address": "it-team@fonteyn.corp",
                "name": "it-team",
                "use_common_alert_schema": false
              }
            ],
            "enabled": true,
            "event_hub_receiver": [],
            "id": "/subscriptions/68915ced-864a-4180-9784-264b152f53ec/resourceGroups/rg-fonteyn-enterprise-monitoring/providers/Microsoft.Insights/actionGroups/ag-fonteyn-enterprise-critical",
            "itsm_receiver": [],
            "location": "global",
            "logic_app_receiver": [],
            "name": "ag-fonteyn-enterprise-critical",
            "resource_group_name": "rg-fonteyn-enterprise-monitoring",
            "short_name": "critical",
            "sms_receiver": [
              {
                "country_code": "31",
                "name": "emergency",
                "phone_number": "0612345678"
              }
            ],
            "tags": {
              "Architecture": "hybrid-cloud",
              "CostCenter": "IT-Development",
              "Course": "Infrastructure-as-Code",
              "DeployDate": "2025-06-04T11:15:36Z",
              "Environment": "dev",
              "Location": "Multi-Site-Enterprise",
              "ManagedBy": "terraform",
              "Owner": "daan-onstenk",
              "Project": "fonteyn-enterprise",
              "Purpose": "vacation-parks-enterprise",
              "Student": "daan.onstenk@student.fontys.nl",
              "University": "Fontys"
            },
            "timeouts": null,
            "voice_receiver": [],
            "webhook_receiver": []
          },
          "sensitive_attributes": [],
          "identity_schema_version": 0,
          "private": "eyJlMmJmYjczMC1lY2FhLTExZTYtOGY4OC0zNDM2M2JjN2M0YzAiOnsiY3JlYXRlIjoxODAwMDAwMDAwMDAwLCJkZWxldGUiOjE4MDAwMDAwMDAwMDAsInJlYWQiOjMwMDAwMDAwMDAwMCwidXBkYXRlIjoxODAwMDAwMDAwMDAwfSwic2NoZW1hX3ZlcnNpb24iOiIxIn0=",
          "dependencies": [
            "azurerm_resource_group.monitoring"
          ]
        }
      ]
    },
    {
      "mode": "managed",
      "type": "azurerm_monitor_action_group",
      "name": "warning",
      "provider": "provider[\"registry.terraform.io/hashicorp/azurerm\"]",
      "instances": [
        {
          "schema_version": 1,
          "attributes": {
            "arm_role_receiver": [],
            "automation_runbook_receiver": [],
            "azure_app_push_receiver": [],
            "azure_function_receiver": [],
            "email_receiver": [
              {
                "email_address": "560501@student.fontys.nl",
                "name": "admin",
                "use_common_alert_schema": false
              }
            ],
            "enabled": true,
            "event_hub_receiver": [],
            "id": "/subscriptions/68915ced-864a-4180-9784-264b152f53ec/resourceGroups/rg-fonteyn-enterprise-monitoring/providers/Microsoft.Insights/actionGroups/ag-fonteyn-enterprise-warning",
            "itsm_receiver": [],
            "location": "global",
            "logic_app_receiver": [],
            "name": "ag-fonteyn-enterprise-warning",
            "resource_group_name": "rg-fonteyn-enterprise-monitoring",
            "short_name": "warning",
            "sms_receiver": [],
            "tags": {
              "Architecture": "hybrid-cloud",
              "CostCenter": "IT-Development",
              "Course": "Infrastructure-as-Code",
              "DeployDate": "2025-06-04T11:15:36Z",
              "Environment": "dev",
              "Location": "Multi-Site-Enterprise",
              "ManagedBy": "terraform",
              "Owner": "daan-onstenk",
              "Project": "fonteyn-enterprise",
              "Purpose": "vacation-parks-enterprise",
              "Student": "daan.onstenk@student.fontys.nl",
              "University": "Fontys"
            },
            "timeouts": null,
            "voice_receiver": [],
            "webhook_receiver": []
          },
          "sensitive_attributes": [],
          "identity_schema_version": 0,
          "private": "eyJlMmJmYjczMC1lY2FhLTExZTYtOGY4OC0zNDM2M2JjN2M0YzAiOnsiY3JlYXRlIjoxODAwMDAwMDAwMDAwLCJkZWxldGUiOjE4MDAwMDAwMDAwMDAsInJlYWQiOjMwMDAwMDAwMDAwMCwidXBkYXRlIjoxODAwMDAwMDAwMDAwfSwic2NoZW1hX3ZlcnNpb24iOiIxIn0=",
          "dependencies": [
            "azurerm_resource_group.monitoring"
          ]
        }
      ]
    },
    {
      "mode": "managed",
      "type": "azurerm_network_interface",
      "name": "app",
      "provider": "provider[\"registry.terraform.io/hashicorp/azurerm\"]",
      "instances": [
        {
          "index_key": 0,
          "schema_version": 0,
          "attributes": {
            "accelerated_networking_enabled": false,
            "applied_dns_servers": [],
            "auxiliary_mode": "",
            "auxiliary_sku": "",
            "dns_servers": [],
            "edge_zone": "",
            "enable_accelerated_networking": false,
            "enable_ip_forwarding": false,
            "id": "/subscriptions/68915ced-864a-4180-9784-264b152f53ec/resourceGroups/rg-fonteyn-enterprise-compute/providers/Microsoft.Network/networkInterfaces/nic-app-01",
            "internal_dns_name_label": "",
            "internal_domain_name_suffix": "wv4g3wfo423exprhf5ziinxv5f.fx.internal.cloudapp.net",
            "ip_configuration": [
              {
                "gateway_load_balancer_frontend_ip_configuration_id": "",
                "name": "internal",
                "primary": true,
                "private_ip_address": "10.0.3.5",
                "private_ip_address_allocation": "Dynamic",
                "private_ip_address_version": "IPv4",
                "public_ip_address_id": "",
                "subnet_id": "/subscriptions/68915ced-864a-4180-9784-264b152f53ec/resourceGroups/rg-fonteyn-enterprise-network/providers/Microsoft.Network/virtualNetworks/vnet-fonteyn-enterprise-azure/subnets/snet-backend"
              }
            ],
            "ip_forwarding_enabled": false,
            "location": "northeurope",
            "mac_address": "",
            "name": "nic-app-01",
            "private_ip_address": "10.0.3.5",
            "private_ip_addresses": [
              "10.0.3.5"
            ],
            "resource_group_name": "rg-fonteyn-enterprise-compute",
            "tags": {
              "Architecture": "hybrid-cloud",
              "CostCenter": "IT-Development",
              "Course": "Infrastructure-as-Code",
              "DeployDate": "2025-06-04T11:15:36Z",
              "Environment": "dev",
              "Location": "Multi-Site-Enterprise",
              "ManagedBy": "terraform",
              "Owner": "daan-onstenk",
              "Project": "fonteyn-enterprise",
              "Purpose": "vacation-parks-enterprise",
              "Student": "daan.onstenk@student.fontys.nl",
              "University": "Fontys"
            },
            "timeouts": null,
            "virtual_machine_id": ""
          },
          "sensitive_attributes": [],
          "identity_schema_version": 0,
          "private": "eyJlMmJmYjczMC1lY2FhLTExZTYtOGY4OC0zNDM2M2JjN2M0YzAiOnsiY3JlYXRlIjoxODAwMDAwMDAwMDAwLCJkZWxldGUiOjE4MDAwMDAwMDAwMDAsInJlYWQiOjMwMDAwMDAwMDAwMCwidXBkYXRlIjoxODAwMDAwMDAwMDAwfX0=",
          "dependencies": [
            "azurerm_resource_group.compute",
            "azurerm_resource_group.network",
            "azurerm_subnet.backend",
            "azurerm_virtual_network.azure_enterprise"
          ]
        },
        {
          "index_key": 1,
          "schema_version": 0,
          "attributes": {
            "accelerated_networking_enabled": false,
            "applied_dns_servers": [],
            "auxiliary_mode": "",
            "auxiliary_sku": "",
            "dns_servers": [],
            "edge_zone": "",
            "enable_accelerated_networking": false,
            "enable_ip_forwarding": false,
            "id": "/subscriptions/68915ced-864a-4180-9784-264b152f53ec/resourceGroups/rg-fonteyn-enterprise-compute/providers/Microsoft.Network/networkInterfaces/nic-app-02",
            "internal_dns_name_label": "",
            "internal_domain_name_suffix": "wv4g3wfo423exprhf5ziinxv5f.fx.internal.cloudapp.net",
            "ip_configuration": [
              {
                "gateway_load_balancer_frontend_ip_configuration_id": "",
                "name": "internal",
                "primary": true,
                "private_ip_address": "10.0.3.6",
                "private_ip_address_allocation": "Dynamic",
                "private_ip_address_version": "IPv4",
                "public_ip_address_id": "",
                "subnet_id": "/subscriptions/68915ced-864a-4180-9784-264b152f53ec/resourceGroups/rg-fonteyn-enterprise-network/providers/Microsoft.Network/virtualNetworks/vnet-fonteyn-enterprise-azure/subnets/snet-backend"
              }
            ],
            "ip_forwarding_enabled": false,
            "location": "northeurope",
            "mac_address": "",
            "name": "nic-app-02",
            "private_ip_address": "10.0.3.6",
            "private_ip_addresses": [
              "10.0.3.6"
            ],
            "resource_group_name": "rg-fonteyn-enterprise-compute",
            "tags": {
              "Architecture": "hybrid-cloud",
              "CostCenter": "IT-Development",
              "Course": "Infrastructure-as-Code",
              "DeployDate": "2025-06-04T11:15:36Z",
              "Environment": "dev",
              "Location": "Multi-Site-Enterprise",
              "ManagedBy": "terraform",
              "Owner": "daan-onstenk",
              "Project": "fonteyn-enterprise",
              "Purpose": "vacation-parks-enterprise",
              "Student": "daan.onstenk@student.fontys.nl",
              "University": "Fontys"
            },
            "timeouts": null,
            "virtual_machine_id": ""
          },
          "sensitive_attributes": [],
          "identity_schema_version": 0,
          "private": "eyJlMmJmYjczMC1lY2FhLTExZTYtOGY4OC0zNDM2M2JjN2M0YzAiOnsiY3JlYXRlIjoxODAwMDAwMDAwMDAwLCJkZWxldGUiOjE4MDAwMDAwMDAwMDAsInJlYWQiOjMwMDAwMDAwMDAwMCwidXBkYXRlIjoxODAwMDAwMDAwMDAwfX0=",
          "dependencies": [
            "azurerm_resource_group.compute",
            "azurerm_resource_group.network",
            "azurerm_subnet.backend",
            "azurerm_virtual_network.azure_enterprise"
          ]
        }
      ]
    },
    {
      "mode": "managed",
      "type": "azurerm_network_interface",
      "name": "azure_arc",
      "provider": "provider[\"registry.terraform.io/hashicorp/azurerm\"]",
      "instances": [
        {
          "schema_version": 0,
          "attributes": {
            "accelerated_networking_enabled": false,
            "applied_dns_servers": [],
            "auxiliary_mode": "",
            "auxiliary_sku": "",
            "dns_servers": [],
            "edge_zone": "",
            "enable_accelerated_networking": false,
            "enable_ip_forwarding": false,
            "id": "/subscriptions/68915ced-864a-4180-9784-264b152f53ec/resourceGroups/rg-fonteyn-enterprise-compute/providers/Microsoft.Network/networkInterfaces/nic-azure-arc-01",
            "internal_dns_name_label": "",
            "internal_domain_name_suffix": "wv4g3wfo423exprhf5ziinxv5f.fx.internal.cloudapp.net",
            "ip_configuration": [
              {
                "gateway_load_balancer_frontend_ip_configuration_id": "",
                "name": "internal",
                "primary": true,
                "private_ip_address": "10.0.6.4",
                "private_ip_address_allocation": "Dynamic",
                "private_ip_address_version": "IPv4",
                "public_ip_address_id": "",
                "subnet_id": "/subscriptions/68915ced-864a-4180-9784-264b152f53ec/resourceGroups/rg-fonteyn-enterprise-network/providers/Microsoft.Network/virtualNetworks/vnet-fonteyn-enterprise-azure/subnets/snet-azure-arc"
              }
            ],
            "ip_forwarding_enabled": false,
            "location": "northeurope",
            "mac_address": "",
            "name": "nic-azure-arc-01",
            "private_ip_address": "10.0.6.4",
            "private_ip_addresses": [
              "10.0.6.4"
            ],
            "resource_group_name": "rg-fonteyn-enterprise-compute",
            "tags": {
              "Architecture": "hybrid-cloud",
              "CostCenter": "IT-Development",
              "Course": "Infrastructure-as-Code",
              "DeployDate": "2025-06-04T11:15:36Z",
              "Environment": "dev",
              "Location": "Multi-Site-Enterprise",
              "ManagedBy": "terraform",
              "Owner": "daan-onstenk",
              "Project": "fonteyn-enterprise",
              "Purpose": "vacation-parks-enterprise",
              "Student": "daan.onstenk@student.fontys.nl",
              "University": "Fontys"
            },
            "timeouts": null,
            "virtual_machine_id": ""
          },
          "sensitive_attributes": [],
          "identity_schema_version": 0,
          "private": "eyJlMmJmYjczMC1lY2FhLTExZTYtOGY4OC0zNDM2M2JjN2M0YzAiOnsiY3JlYXRlIjoxODAwMDAwMDAwMDAwLCJkZWxldGUiOjE4MDAwMDAwMDAwMDAsInJlYWQiOjMwMDAwMDAwMDAwMCwidXBkYXRlIjoxODAwMDAwMDAwMDAwfX0=",
          "dependencies": [
            "azurerm_resource_group.compute",
            "azurerm_resource_group.network",
            "azurerm_subnet.azure_arc",
            "azurerm_virtual_network.azure_enterprise"
          ]
        }
      ]
    },
    {
      "mode": "managed",
      "type": "azurerm_network_interface",
      "name": "database",
      "provider": "provider[\"registry.terraform.io/hashicorp/azurerm\"]",
      "instances": [
        {
          "index_key": 0,
          "schema_version": 0,
          "attributes": {
            "accelerated_networking_enabled": false,
            "applied_dns_servers": [],
            "auxiliary_mode": "",
            "auxiliary_sku": "",
            "dns_servers": [],
            "edge_zone": "",
            "enable_accelerated_networking": false,
            "enable_ip_forwarding": false,
            "id": "/subscriptions/68915ced-864a-4180-9784-264b152f53ec/resourceGroups/rg-fonteyn-enterprise-compute/providers/Microsoft.Network/networkInterfaces/nic-db-01",
            "internal_dns_name_label": "",
            "internal_domain_name_suffix": "wv4g3wfo423exprhf5ziinxv5f.fx.internal.cloudapp.net",
            "ip_configuration": [
              {
                "gateway_load_balancer_frontend_ip_configuration_id": "",
                "name": "internal",
                "primary": true,
                "private_ip_address": "10.0.4.4",
                "private_ip_address_allocation": "Dynamic",
                "private_ip_address_version": "IPv4",
                "public_ip_address_id": "",
                "subnet_id": "/subscriptions/68915ced-864a-4180-9784-264b152f53ec/resourceGroups/rg-fonteyn-enterprise-network/providers/Microsoft.Network/virtualNetworks/vnet-fonteyn-enterprise-azure/subnets/snet-database"
              }
            ],
            "ip_forwarding_enabled": false,
            "location": "northeurope",
            "mac_address": "",
            "name": "nic-db-01",
            "private_ip_address": "10.0.4.4",
            "private_ip_addresses": [
              "10.0.4.4"
            ],
            "resource_group_name": "rg-fonteyn-enterprise-compute",
            "tags": {
              "Architecture": "hybrid-cloud",
              "CostCenter": "IT-Development",
              "Course": "Infrastructure-as-Code",
              "DeployDate": "2025-06-04T11:15:36Z",
              "Environment": "dev",
              "Location": "Multi-Site-Enterprise",
              "ManagedBy": "terraform",
              "Owner": "daan-onstenk",
              "Project": "fonteyn-enterprise",
              "Purpose": "vacation-parks-enterprise",
              "Student": "daan.onstenk@student.fontys.nl",
              "University": "Fontys"
            },
            "timeouts": null,
            "virtual_machine_id": ""
          },
          "sensitive_attributes": [],
          "identity_schema_version": 0,
          "private": "eyJlMmJmYjczMC1lY2FhLTExZTYtOGY4OC0zNDM2M2JjN2M0YzAiOnsiY3JlYXRlIjoxODAwMDAwMDAwMDAwLCJkZWxldGUiOjE4MDAwMDAwMDAwMDAsInJlYWQiOjMwMDAwMDAwMDAwMCwidXBkYXRlIjoxODAwMDAwMDAwMDAwfX0=",
          "dependencies": [
            "azurerm_resource_group.compute",
            "azurerm_resource_group.network",
            "azurerm_subnet.database",
            "azurerm_virtual_network.azure_enterprise"
          ]
        }
      ]
    },
    {
      "mode": "managed",
      "type": "azurerm_network_interface",
      "name": "web",
      "provider": "provider[\"registry.terraform.io/hashicorp/azurerm\"]",
      "instances": [
        {
          "index_key": 0,
          "schema_version": 0,
          "attributes": {
            "accelerated_networking_enabled": false,
            "applied_dns_servers": [],
            "auxiliary_mode": "",
            "auxiliary_sku": "",
            "dns_servers": [],
            "edge_zone": "",
            "enable_accelerated_networking": false,
            "enable_ip_forwarding": false,
            "id": "/subscriptions/68915ced-864a-4180-9784-264b152f53ec/resourceGroups/rg-fonteyn-enterprise-compute/providers/Microsoft.Network/networkInterfaces/nic-web-01",
            "internal_dns_name_label": "",
            "internal_domain_name_suffix": "wv4g3wfo423exprhf5ziinxv5f.fx.internal.cloudapp.net",
            "ip_configuration": [
              {
                "gateway_load_balancer_frontend_ip_configuration_id": "",
                "name": "internal",
                "primary": true,
                "private_ip_address": "10.0.2.4",
                "private_ip_address_allocation": "Dynamic",
                "private_ip_address_version": "IPv4",
                "public_ip_address_id": "",
                "subnet_id": "/subscriptions/68915ced-864a-4180-9784-264b152f53ec/resourceGroups/rg-fonteyn-enterprise-network/providers/Microsoft.Network/virtualNetworks/vnet-fonteyn-enterprise-azure/subnets/snet-frontend"
              }
            ],
            "ip_forwarding_enabled": false,
            "location": "northeurope",
            "mac_address": "",
            "name": "nic-web-01",
            "private_ip_address": "10.0.2.4",
            "private_ip_addresses": [
              "10.0.2.4"
            ],
            "resource_group_name": "rg-fonteyn-enterprise-compute",
            "tags": {
              "Architecture": "hybrid-cloud",
              "CostCenter": "IT-Development",
              "Course": "Infrastructure-as-Code",
              "DeployDate": "2025-06-04T11:15:36Z",
              "Environment": "dev",
              "Location": "Multi-Site-Enterprise",
              "ManagedBy": "terraform",
              "Owner": "daan-onstenk",
              "Project": "fonteyn-enterprise",
              "Purpose": "vacation-parks-enterprise",
              "Student": "daan.onstenk@student.fontys.nl",
              "University": "Fontys"
            },
            "timeouts": null,
            "virtual_machine_id": ""
          },
          "sensitive_attributes": [],
          "identity_schema_version": 0,
          "private": "eyJlMmJmYjczMC1lY2FhLTExZTYtOGY4OC0zNDM2M2JjN2M0YzAiOnsiY3JlYXRlIjoxODAwMDAwMDAwMDAwLCJkZWxldGUiOjE4MDAwMDAwMDAwMDAsInJlYWQiOjMwMDAwMDAwMDAwMCwidXBkYXRlIjoxODAwMDAwMDAwMDAwfX0=",
          "dependencies": [
            "azurerm_resource_group.compute",
            "azurerm_resource_group.network",
            "azurerm_subnet.frontend",
            "azurerm_virtual_network.azure_enterprise"
          ]
        },
        {
          "index_key": 1,
          "schema_version": 0,
          "attributes": {
            "accelerated_networking_enabled": false,
            "applied_dns_servers": [],
            "auxiliary_mode": "",
            "auxiliary_sku": "",
            "dns_servers": [],
            "edge_zone": "",
            "enable_accelerated_networking": false,
            "enable_ip_forwarding": false,
            "id": "/subscriptions/68915ced-864a-4180-9784-264b152f53ec/resourceGroups/rg-fonteyn-enterprise-compute/providers/Microsoft.Network/networkInterfaces/nic-web-02",
            "internal_dns_name_label": "",
            "internal_domain_name_suffix": "wv4g3wfo423exprhf5ziinxv5f.fx.internal.cloudapp.net",
            "ip_configuration": [
              {
                "gateway_load_balancer_frontend_ip_configuration_id": "",
                "name": "internal",
                "primary": true,
                "private_ip_address": "10.0.2.5",
                "private_ip_address_allocation": "Dynamic",
                "private_ip_address_version": "IPv4",
                "public_ip_address_id": "",
                "subnet_id": "/subscriptions/68915ced-864a-4180-9784-264b152f53ec/resourceGroups/rg-fonteyn-enterprise-network/providers/Microsoft.Network/virtualNetworks/vnet-fonteyn-enterprise-azure/subnets/snet-frontend"
              }
            ],
            "ip_forwarding_enabled": false,
            "location": "northeurope",
            "mac_address": "",
            "name": "nic-web-02",
            "private_ip_address": "10.0.2.5",
            "private_ip_addresses": [
              "10.0.2.5"
            ],
            "resource_group_name": "rg-fonteyn-enterprise-compute",
            "tags": {
              "Architecture": "hybrid-cloud",
              "CostCenter": "IT-Development",
              "Course": "Infrastructure-as-Code",
              "DeployDate": "2025-06-04T11:15:36Z",
              "Environment": "dev",
              "Location": "Multi-Site-Enterprise",
              "ManagedBy": "terraform",
              "Owner": "daan-onstenk",
              "Project": "fonteyn-enterprise",
              "Purpose": "vacation-parks-enterprise",
              "Student": "daan.onstenk@student.fontys.nl",
              "University": "Fontys"
            },
            "timeouts": null,
            "virtual_machine_id": ""
          },
          "sensitive_attributes": [],
          "identity_schema_version": 0,
          "private": "eyJlMmJmYjczMC1lY2FhLTExZTYtOGY4OC0zNDM2M2JjN2M0YzAiOnsiY3JlYXRlIjoxODAwMDAwMDAwMDAwLCJkZWxldGUiOjE4MDAwMDAwMDAwMDAsInJlYWQiOjMwMDAwMDAwMDAwMCwidXBkYXRlIjoxODAwMDAwMDAwMDAwfX0=",
          "dependencies": [
            "azurerm_resource_group.compute",
            "azurerm_resource_group.network",
            "azurerm_subnet.frontend",
            "azurerm_virtual_network.azure_enterprise"
          ]
        }
      ]
    },
    {
      "mode": "managed",
      "type": "azurerm_network_interface_backend_address_pool_association",
      "name": "app_internal",
      "provider": "provider[\"registry.terraform.io/hashicorp/azurerm\"]",
      "instances": [
        {
          "index_key": 0,
          "schema_version": 0,
          "attributes": {
            "backend_address_pool_id": "/subscriptions/68915ced-864a-4180-9784-264b152f53ec/resourceGroups/rg-fonteyn-enterprise-compute/providers/Microsoft.Network/loadBalancers/lb-fonteyn-enterprise-internal/backendAddressPools/Internal-BackendPool",
            "id": "/subscriptions/68915ced-864a-4180-9784-264b152f53ec/resourceGroups/rg-fonteyn-enterprise-compute/providers/Microsoft.Network/networkInterfaces/nic-app-01/ipConfigurations/internal|/subscriptions/68915ced-864a-4180-9784-264b152f53ec/resourceGroups/rg-fonteyn-enterprise-compute/providers/Microsoft.Network/loadBalancers/lb-fonteyn-enterprise-internal/backendAddressPools/Internal-BackendPool",
            "ip_configuration_name": "internal",
            "network_interface_id": "/subscriptions/68915ced-864a-4180-9784-264b152f53ec/resourceGroups/rg-fonteyn-enterprise-compute/providers/Microsoft.Network/networkInterfaces/nic-app-01",
            "timeouts": null
          },
          "sensitive_attributes": [],
          "identity_schema_version": 0,
          "private": "eyJlMmJmYjczMC1lY2FhLTExZTYtOGY4OC0zNDM2M2JjN2M0YzAiOnsiY3JlYXRlIjoxODAwMDAwMDAwMDAwLCJkZWxldGUiOjE4MDAwMDAwMDAwMDAsInJlYWQiOjMwMDAwMDAwMDAwMH19",
          "dependencies": [
            "azurerm_lb.internal",
            "azurerm_lb_backend_address_pool.internal",
            "azurerm_network_interface.app",
            "azurerm_resource_group.compute",
            "azurerm_resource_group.network",
            "azurerm_subnet.backend",
            "azurerm_virtual_network.azure_enterprise"
          ]
        },
        {
          "index_key": 1,
          "schema_version": 0,
          "attributes": {
            "backend_address_pool_id": "/subscriptions/68915ced-864a-4180-9784-264b152f53ec/resourceGroups/rg-fonteyn-enterprise-compute/providers/Microsoft.Network/loadBalancers/lb-fonteyn-enterprise-internal/backendAddressPools/Internal-BackendPool",
            "id": "/subscriptions/68915ced-864a-4180-9784-264b152f53ec/resourceGroups/rg-fonteyn-enterprise-compute/providers/Microsoft.Network/networkInterfaces/nic-app-02/ipConfigurations/internal|/subscriptions/68915ced-864a-4180-9784-264b152f53ec/resourceGroups/rg-fonteyn-enterprise-compute/providers/Microsoft.Network/loadBalancers/lb-fonteyn-enterprise-internal/backendAddressPools/Internal-BackendPool",
            "ip_configuration_name": "internal",
            "network_interface_id": "/subscriptions/68915ced-864a-4180-9784-264b152f53ec/resourceGroups/rg-fonteyn-enterprise-compute/providers/Microsoft.Network/networkInterfaces/nic-app-02",
            "timeouts": null
          },
          "sensitive_attributes": [],
          "identity_schema_version": 0,
          "private": "eyJlMmJmYjczMC1lY2FhLTExZTYtOGY4OC0zNDM2M2JjN2M0YzAiOnsiY3JlYXRlIjoxODAwMDAwMDAwMDAwLCJkZWxldGUiOjE4MDAwMDAwMDAwMDAsInJlYWQiOjMwMDAwMDAwMDAwMH19",
          "dependencies": [
            "azurerm_lb.internal",
            "azurerm_lb_backend_address_pool.internal",
            "azurerm_network_interface.app",
            "azurerm_resource_group.compute",
            "azurerm_resource_group.network",
            "azurerm_subnet.backend",
            "azurerm_virtual_network.azure_enterprise"
          ]
        }
      ]
    },
    {
      "mode": "managed",
      "type": "azurerm_network_interface_backend_address_pool_association",
      "name": "web_dmz",
      "provider": "provider[\"registry.terraform.io/hashicorp/azurerm\"]",
      "instances": [
        {
          "index_key": 0,
          "schema_version": 0,
          "attributes": {
            "backend_address_pool_id": "/subscriptions/68915ced-864a-4180-9784-264b152f53ec/resourceGroups/rg-fonteyn-enterprise-compute/providers/Microsoft.Network/loadBalancers/lb-fonteyn-enterprise-dmz/backendAddressPools/DMZ-BackendPool",
            "id": "/subscriptions/68915ced-864a-4180-9784-264b152f53ec/resourceGroups/rg-fonteyn-enterprise-compute/providers/Microsoft.Network/networkInterfaces/nic-web-01/ipConfigurations/internal|/subscriptions/68915ced-864a-4180-9784-264b152f53ec/resourceGroups/rg-fonteyn-enterprise-compute/providers/Microsoft.Network/loadBalancers/lb-fonteyn-enterprise-dmz/backendAddressPools/DMZ-BackendPool",
            "ip_configuration_name": "internal",
            "network_interface_id": "/subscriptions/68915ced-864a-4180-9784-264b152f53ec/resourceGroups/rg-fonteyn-enterprise-compute/providers/Microsoft.Network/networkInterfaces/nic-web-01",
            "timeouts": null
          },
          "sensitive_attributes": [],
          "identity_schema_version": 0,
          "private": "eyJlMmJmYjczMC1lY2FhLTExZTYtOGY4OC0zNDM2M2JjN2M0YzAiOnsiY3JlYXRlIjoxODAwMDAwMDAwMDAwLCJkZWxldGUiOjE4MDAwMDAwMDAwMDAsInJlYWQiOjMwMDAwMDAwMDAwMH19",
          "dependencies": [
            "azurerm_lb.dmz",
            "azurerm_lb_backend_address_pool.dmz",
            "azurerm_network_interface.web",
            "azurerm_public_ip.dmz_lb_public_ip",
            "azurerm_resource_group.compute",
            "azurerm_resource_group.network",
            "azurerm_subnet.frontend",
            "azurerm_virtual_network.azure_enterprise"
          ]
        },
        {
          "index_key": 1,
          "schema_version": 0,
          "attributes": {
            "backend_address_pool_id": "/subscriptions/68915ced-864a-4180-9784-264b152f53ec/resourceGroups/rg-fonteyn-enterprise-compute/providers/Microsoft.Network/loadBalancers/lb-fonteyn-enterprise-dmz/backendAddressPools/DMZ-BackendPool",
            "id": "/subscriptions/68915ced-864a-4180-9784-264b152f53ec/resourceGroups/rg-fonteyn-enterprise-compute/providers/Microsoft.Network/networkInterfaces/nic-web-02/ipConfigurations/internal|/subscriptions/68915ced-864a-4180-9784-264b152f53ec/resourceGroups/rg-fonteyn-enterprise-compute/providers/Microsoft.Network/loadBalancers/lb-fonteyn-enterprise-dmz/backendAddressPools/DMZ-BackendPool",
            "ip_configuration_name": "internal",
            "network_interface_id": "/subscriptions/68915ced-864a-4180-9784-264b152f53ec/resourceGroups/rg-fonteyn-enterprise-compute/providers/Microsoft.Network/networkInterfaces/nic-web-02",
            "timeouts": null
          },
          "sensitive_attributes": [],
          "identity_schema_version": 0,
          "private": "eyJlMmJmYjczMC1lY2FhLTExZTYtOGY4OC0zNDM2M2JjN2M0YzAiOnsiY3JlYXRlIjoxODAwMDAwMDAwMDAwLCJkZWxldGUiOjE4MDAwMDAwMDAwMDAsInJlYWQiOjMwMDAwMDAwMDAwMH19",
          "dependencies": [
            "azurerm_lb.dmz",
            "azurerm_lb_backend_address_pool.dmz",
            "azurerm_network_interface.web",
            "azurerm_public_ip.dmz_lb_public_ip",
            "azurerm_resource_group.compute",
            "azurerm_resource_group.network",
            "azurerm_subnet.frontend",
            "azurerm_virtual_network.azure_enterprise"
          ]
        }
      ]
    },
    {
      "mode": "managed",
      "type": "azurerm_network_security_group",
      "name": "azure_arc",
      "provider": "provider[\"registry.terraform.io/hashicorp/azurerm\"]",
      "instances": [
        {
          "schema_version": 0,
          "attributes": {
            "id": "/subscriptions/68915ced-864a-4180-9784-264b152f53ec/resourceGroups/rg-fonteyn-enterprise-network/providers/Microsoft.Network/networkSecurityGroups/nsg-azure-arc",
            "location": "northeurope",
            "name": "nsg-azure-arc",
            "resource_group_name": "rg-fonteyn-enterprise-network",
            "security_rule": [
              {
                "access": "Allow",
                "description": "",
                "destination_address_prefix": "*",
                "destination_address_prefixes": [],
                "destination_application_security_group_ids": [],
                "destination_port_range": "",
                "destination_port_ranges": [
                  "443",
                  "5985",
                  "5986"
                ],
                "direction": "Inbound",
                "name": "AllowAzureArcManagement",
                "priority": 1001,
                "protocol": "Tcp",
                "source_address_prefix": "AzureCloud",
                "source_address_prefixes": [],
                "source_application_security_group_ids": [],
                "source_port_range": "*",
                "source_port_ranges": []
              }
            ],
            "tags": {
              "Architecture": "hybrid-cloud",
              "CostCenter": "IT-Development",
              "Course": "Infrastructure-as-Code",
              "DeployDate": "2025-06-04T11:15:36Z",
              "Environment": "dev",
              "Location": "Multi-Site-Enterprise",
              "ManagedBy": "terraform",
              "Owner": "daan-onstenk",
              "Project": "fonteyn-enterprise",
              "Purpose": "vacation-parks-enterprise",
              "Student": "daan.onstenk@student.fontys.nl",
              "University": "Fontys"
            },
            "timeouts": null
          },
          "sensitive_attributes": [],
          "identity_schema_version": 0,
          "private": "eyJlMmJmYjczMC1lY2FhLTExZTYtOGY4OC0zNDM2M2JjN2M0YzAiOnsiY3JlYXRlIjoxODAwMDAwMDAwMDAwLCJkZWxldGUiOjE4MDAwMDAwMDAwMDAsInJlYWQiOjMwMDAwMDAwMDAwMCwidXBkYXRlIjoxODAwMDAwMDAwMDAwfX0=",
          "dependencies": [
            "azurerm_resource_group.network"
          ]
        }
      ]
    },
    {
      "mode": "managed",
      "type": "azurerm_network_security_group",
      "name": "backend",
      "provider": "provider[\"registry.terraform.io/hashicorp/azurerm\"]",
      "instances": [
        {
          "schema_version": 0,
          "attributes": {
            "id": "/subscriptions/68915ced-864a-4180-9784-264b152f53ec/resourceGroups/rg-fonteyn-enterprise-network/providers/Microsoft.Network/networkSecurityGroups/nsg-backend",
            "location": "northeurope",
            "name": "nsg-backend",
            "resource_group_name": "rg-fonteyn-enterprise-network",
            "security_rule": [
              {
                "access": "Allow",
                "description": "",
                "destination_address_prefix": "*",
                "destination_address_prefixes": [],
                "destination_application_security_group_ids": [],
                "destination_port_range": "",
                "destination_port_ranges": [
                  "8080",
                  "8443"
                ],
                "direction": "Inbound",
                "name": "AllowFromFrontend",
                "priority": 1001,
                "protocol": "Tcp",
                "source_address_prefix": "10.0.2.0/24",
                "source_address_prefixes": [],
                "source_application_security_group_ids": [],
                "source_port_range": "*",
                "source_port_ranges": []
              },
              {
                "access": "Allow",
                "description": "",
                "destination_address_prefix": "*",
                "destination_address_prefixes": [],
                "destination_application_security_group_ids": [],
                "destination_port_range": "22",
                "destination_port_ranges": [],
                "direction": "Inbound",
                "name": "AllowSSHFromManagement",
                "priority": 1002,
                "protocol": "Tcp",
                "source_address_prefix": "10.0.5.0/24",
                "source_address_prefixes": [],
                "source_application_security_group_ids": [],
                "source_port_range": "*",
                "source_port_ranges": []
              }
            ],
            "tags": {
              "Architecture": "hybrid-cloud",
              "CostCenter": "IT-Development",
              "Course": "Infrastructure-as-Code",
              "DeployDate": "2025-06-04T11:15:36Z",
              "Environment": "dev",
              "Location": "Multi-Site-Enterprise",
              "ManagedBy": "terraform",
              "Owner": "daan-onstenk",
              "Project": "fonteyn-enterprise",
              "Purpose": "vacation-parks-enterprise",
              "Student": "daan.onstenk@student.fontys.nl",
              "University": "Fontys"
            },
            "timeouts": null
          },
          "sensitive_attributes": [],
          "identity_schema_version": 0,
          "private": "eyJlMmJmYjczMC1lY2FhLTExZTYtOGY4OC0zNDM2M2JjN2M0YzAiOnsiY3JlYXRlIjoxODAwMDAwMDAwMDAwLCJkZWxldGUiOjE4MDAwMDAwMDAwMDAsInJlYWQiOjMwMDAwMDAwMDAwMCwidXBkYXRlIjoxODAwMDAwMDAwMDAwfX0=",
          "dependencies": [
            "azurerm_resource_group.network"
          ]
        }
      ]
    },
    {
      "mode": "managed",
      "type": "azurerm_network_security_group",
      "name": "database",
      "provider": "provider[\"registry.terraform.io/hashicorp/azurerm\"]",
      "instances": [
        {
          "schema_version": 0,
          "attributes": {
            "id": "/subscriptions/68915ced-864a-4180-9784-264b152f53ec/resourceGroups/rg-fonteyn-enterprise-network/providers/Microsoft.Network/networkSecurityGroups/nsg-database",
            "location": "northeurope",
            "name": "nsg-database",
            "resource_group_name": "rg-fonteyn-enterprise-network",
            "security_rule": [
              {
                "access": "Allow",
                "description": "",
                "destination_address_prefix": "*",
                "destination_address_prefixes": [],
                "destination_application_security_group_ids": [],
                "destination_port_range": "",
                "destination_port_ranges": [
                  "1433",
                  "3306",
                  "5432"
                ],
                "direction": "Inbound",
                "name": "AllowFromBackend",
                "priority": 1001,
                "protocol": "Tcp",
                "source_address_prefix": "10.0.3.0/24",
                "source_address_prefixes": [],
                "source_application_security_group_ids": [],
                "source_port_range": "*",
                "source_port_ranges": []
              },
              {
                "access": "Allow",
                "description": "",
                "destination_address_prefix": "*",
                "destination_address_prefixes": [],
                "destination_application_security_group_ids": [],
                "destination_port_range": "22",
                "destination_port_ranges": [],
                "direction": "Inbound",
                "name": "AllowSSHFromManagement",
                "priority": 1002,
                "protocol": "Tcp",
                "source_address_prefix": "10.0.5.0/24",
                "source_address_prefixes": [],
                "source_application_security_group_ids": [],
                "source_port_range": "*",
                "source_port_ranges": []
              }
            ],
            "tags": {
              "Architecture": "hybrid-cloud",
              "CostCenter": "IT-Development",
              "Course": "Infrastructure-as-Code",
              "DeployDate": "2025-06-04T11:15:36Z",
              "Environment": "dev",
              "Location": "Multi-Site-Enterprise",
              "ManagedBy": "terraform",
              "Owner": "daan-onstenk",
              "Project": "fonteyn-enterprise",
              "Purpose": "vacation-parks-enterprise",
              "Student": "daan.onstenk@student.fontys.nl",
              "University": "Fontys"
            },
            "timeouts": null
          },
          "sensitive_attributes": [],
          "identity_schema_version": 0,
          "private": "eyJlMmJmYjczMC1lY2FhLTExZTYtOGY4OC0zNDM2M2JjN2M0YzAiOnsiY3JlYXRlIjoxODAwMDAwMDAwMDAwLCJkZWxldGUiOjE4MDAwMDAwMDAwMDAsInJlYWQiOjMwMDAwMDAwMDAwMCwidXBkYXRlIjoxODAwMDAwMDAwMDAwfX0=",
          "dependencies": [
            "azurerm_resource_group.network"
          ]
        }
      ]
    },
    {
      "mode": "managed",
      "type": "azurerm_network_security_group",
      "name": "dmz",
      "provider": "provider[\"registry.terraform.io/hashicorp/azurerm\"]",
      "instances": [
        {
          "schema_version": 0,
          "attributes": {
            "id": "/subscriptions/68915ced-864a-4180-9784-264b152f53ec/resourceGroups/rg-fonteyn-enterprise-network/providers/Microsoft.Network/networkSecurityGroups/nsg-dmz",
            "location": "northeurope",
            "name": "nsg-dmz",
            "resource_group_name": "rg-fonteyn-enterprise-network",
            "security_rule": [
              {
                "access": "Allow",
                "description": "",
                "destination_address_prefix": "*",
                "destination_address_prefixes": [],
                "destination_application_security_group_ids": [],
                "destination_port_range": "443",
                "destination_port_ranges": [],
                "direction": "Inbound",
                "name": "AllowHTTPS",
                "priority": 1001,
                "protocol": "Tcp",
                "source_address_prefix": "*",
                "source_address_prefixes": [],
                "source_application_security_group_ids": [],
                "source_port_range": "*",
                "source_port_ranges": []
              },
              {
                "access": "Allow",
                "description": "",
                "destination_address_prefix": "*",
                "destination_address_prefixes": [],
                "destination_application_security_group_ids": [],
                "destination_port_range": "80",
                "destination_port_ranges": [],
                "direction": "Inbound",
                "name": "AllowHTTP",
                "priority": 1002,
                "protocol": "Tcp",
                "source_address_prefix": "*",
                "source_address_prefixes": [],
                "source_application_security_group_ids": [],
                "source_port_range": "*",
                "source_port_ranges": []
              },
              {
                "access": "Deny",
                "description": "",
                "destination_address_prefix": "*",
                "destination_address_prefixes": [],
                "destination_application_security_group_ids": [],
                "destination_port_range": "*",
                "destination_port_ranges": [],
                "direction": "Inbound",
                "name": "DenyAllInbound",
                "priority": 4000,
                "protocol": "*",
                "source_address_prefix": "*",
                "source_address_prefixes": [],
                "source_application_security_group_ids": [],
                "source_port_range": "*",
                "source_port_ranges": []
              }
            ],
            "tags": {
              "Architecture": "hybrid-cloud",
              "CostCenter": "IT-Development",
              "Course": "Infrastructure-as-Code",
              "DeployDate": "2025-06-04T11:15:36Z",
              "Environment": "dev",
              "Location": "Multi-Site-Enterprise",
              "ManagedBy": "terraform",
              "Owner": "daan-onstenk",
              "Project": "fonteyn-enterprise",
              "Purpose": "vacation-parks-enterprise",
              "Student": "daan.onstenk@student.fontys.nl",
              "University": "Fontys"
            },
            "timeouts": null
          },
          "sensitive_attributes": [],
          "identity_schema_version": 0,
          "private": "eyJlMmJmYjczMC1lY2FhLTExZTYtOGY4OC0zNDM2M2JjN2M0YzAiOnsiY3JlYXRlIjoxODAwMDAwMDAwMDAwLCJkZWxldGUiOjE4MDAwMDAwMDAwMDAsInJlYWQiOjMwMDAwMDAwMDAwMCwidXBkYXRlIjoxODAwMDAwMDAwMDAwfX0=",
          "dependencies": [
            "azurerm_resource_group.network"
          ]
        }
      ]
    },
    {
      "mode": "managed",
      "type": "azurerm_network_security_group",
      "name": "frontend",
      "provider": "provider[\"registry.terraform.io/hashicorp/azurerm\"]",
      "instances": [
        {
          "schema_version": 0,
          "attributes": {
            "id": "/subscriptions/68915ced-864a-4180-9784-264b152f53ec/resourceGroups/rg-fonteyn-enterprise-network/providers/Microsoft.Network/networkSecurityGroups/nsg-frontend",
            "location": "northeurope",
            "name": "nsg-frontend",
            "resource_group_name": "rg-fonteyn-enterprise-network",
            "security_rule": [
              {
                "access": "Allow",
                "description": "",
                "destination_address_prefix": "*",
                "destination_address_prefixes": [],
                "destination_application_security_group_ids": [],
                "destination_port_range": "",
                "destination_port_ranges": [
                  "443",
                  "80"
                ],
                "direction": "Inbound",
                "name": "AllowFromDMZ",
                "priority": 1001,
                "protocol": "Tcp",
                "source_address_prefix": "10.0.1.0/24",
                "source_address_prefixes": [],
                "source_application_security_group_ids": [],
                "source_port_range": "*",
                "source_port_ranges": []
              },
              {
                "access": "Allow",
                "description": "",
                "destination_address_prefix": "*",
                "destination_address_prefixes": [],
                "destination_application_security_group_ids": [],
                "destination_port_range": "22",
                "destination_port_ranges": [],
                "direction": "Inbound",
                "name": "AllowSSHFromManagement",
                "priority": 1002,
                "protocol": "Tcp",
                "source_address_prefix": "10.0.5.0/24",
                "source_address_prefixes": [],
                "source_application_security_group_ids": [],
                "source_port_range": "*",
                "source_port_ranges": []
              }
            ],
            "tags": {
              "Architecture": "hybrid-cloud",
              "CostCenter": "IT-Development",
              "Course": "Infrastructure-as-Code",
              "DeployDate": "2025-06-04T11:15:36Z",
              "Environment": "dev",
              "Location": "Multi-Site-Enterprise",
              "ManagedBy": "terraform",
              "Owner": "daan-onstenk",
              "Project": "fonteyn-enterprise",
              "Purpose": "vacation-parks-enterprise",
              "Student": "daan.onstenk@student.fontys.nl",
              "University": "Fontys"
            },
            "timeouts": null
          },
          "sensitive_attributes": [],
          "identity_schema_version": 0,
          "private": "eyJlMmJmYjczMC1lY2FhLTExZTYtOGY4OC0zNDM2M2JjN2M0YzAiOnsiY3JlYXRlIjoxODAwMDAwMDAwMDAwLCJkZWxldGUiOjE4MDAwMDAwMDAwMDAsInJlYWQiOjMwMDAwMDAwMDAwMCwidXBkYXRlIjoxODAwMDAwMDAwMDAwfX0=",
          "dependencies": [
            "azurerm_resource_group.network"
          ]
        }
      ]
    },
    {
      "mode": "managed",
      "type": "azurerm_network_security_group",
      "name": "management",
      "provider": "provider[\"registry.terraform.io/hashicorp/azurerm\"]",
      "instances": [
        {
          "schema_version": 0,
          "attributes": {
            "id": "/subscriptions/68915ced-864a-4180-9784-264b152f53ec/resourceGroups/rg-fonteyn-enterprise-network/providers/Microsoft.Network/networkSecurityGroups/nsg-management",
            "location": "northeurope",
            "name": "nsg-management",
            "resource_group_name": "rg-fonteyn-enterprise-network",
            "security_rule": [
              {
                "access": "Allow",
                "description": "",
                "destination_address_prefix": "*",
                "destination_address_prefixes": [],
                "destination_application_security_group_ids": [],
                "destination_port_range": "22",
                "destination_port_ranges": [],
                "direction": "Inbound",
                "name": "AllowSSH",
                "priority": 1002,
                "protocol": "Tcp",
                "source_address_prefix": "192.168.0.0/16",
                "source_address_prefixes": [],
                "source_application_security_group_ids": [],
                "source_port_range": "*",
                "source_port_ranges": []
              },
              {
                "access": "Allow",
                "description": "",
                "destination_address_prefix": "*",
                "destination_address_prefixes": [],
                "destination_application_security_group_ids": [],
                "destination_port_range": "3389",
                "destination_port_ranges": [],
                "direction": "Inbound",
                "name": "AllowRDP",
                "priority": 1001,
                "protocol": "Tcp",
                "source_address_prefix": "192.168.0.0/16",
                "source_address_prefixes": [],
                "source_application_security_group_ids": [],
                "source_port_range": "*",
                "source_port_ranges": []
              }
            ],
            "tags": {
              "Architecture": "hybrid-cloud",
              "CostCenter": "IT-Development",
              "Course": "Infrastructure-as-Code",
              "DeployDate": "2025-06-04T11:15:36Z",
              "Environment": "dev",
              "Location": "Multi-Site-Enterprise",
              "ManagedBy": "terraform",
              "Owner": "daan-onstenk",
              "Project": "fonteyn-enterprise",
              "Purpose": "vacation-parks-enterprise",
              "Student": "daan.onstenk@student.fontys.nl",
              "University": "Fontys"
            },
            "timeouts": null
          },
          "sensitive_attributes": [],
          "identity_schema_version": 0,
          "private": "eyJlMmJmYjczMC1lY2FhLTExZTYtOGY4OC0zNDM2M2JjN2M0YzAiOnsiY3JlYXRlIjoxODAwMDAwMDAwMDAwLCJkZWxldGUiOjE4MDAwMDAwMDAwMDAsInJlYWQiOjMwMDAwMDAwMDAwMCwidXBkYXRlIjoxODAwMDAwMDAwMDAwfX0=",
          "dependencies": [
            "azurerm_resource_group.network"
          ]
        }
      ]
    },
    {
      "mode": "managed",
      "type": "azurerm_public_ip",
      "name": "dmz_lb_public_ip",
      "provider": "provider[\"registry.terraform.io/hashicorp/azurerm\"]",
      "instances": [
        {
          "schema_version": 0,
          "attributes": {
            "allocation_method": "Static",
            "ddos_protection_mode": "VirtualNetworkInherited",
            "ddos_protection_plan_id": null,
            "domain_name_label": null,
            "edge_zone": "",
            "fqdn": null,
            "id": "/subscriptions/68915ced-864a-4180-9784-264b152f53ec/resourceGroups/rg-fonteyn-enterprise-compute/providers/Microsoft.Network/publicIPAddresses/pip-fonteyn-enterprise-dmz-lb",
            "idle_timeout_in_minutes": 4,
            "ip_address": "98.71.88.237",
            "ip_tags": null,
            "ip_version": "IPv4",
            "location": "northeurope",
            "name": "pip-fonteyn-enterprise-dmz-lb",
            "public_ip_prefix_id": null,
            "resource_group_name": "rg-fonteyn-enterprise-compute",
            "reverse_fqdn": null,
            "sku": "Standard",
            "sku_tier": "Regional",
            "tags": {
              "Architecture": "hybrid-cloud",
              "CostCenter": "IT-Development",
              "Course": "Infrastructure-as-Code",
              "DeployDate": "2025-06-04T11:15:36Z",
              "Environment": "dev",
              "Location": "Multi-Site-Enterprise",
              "ManagedBy": "terraform",
              "Owner": "daan-onstenk",
              "Project": "fonteyn-enterprise",
              "Purpose": "vacation-parks-enterprise",
              "Student": "daan.onstenk@student.fontys.nl",
              "University": "Fontys"
            },
            "timeouts": null,
            "zones": null
          },
          "sensitive_attributes": [],
          "identity_schema_version": 0,
          "private": "eyJlMmJmYjczMC1lY2FhLTExZTYtOGY4OC0zNDM2M2JjN2M0YzAiOnsiY3JlYXRlIjoxODAwMDAwMDAwMDAwLCJkZWxldGUiOjE4MDAwMDAwMDAwMDAsInJlYWQiOjMwMDAwMDAwMDAwMCwidXBkYXRlIjoxODAwMDAwMDAwMDAwfX0=",
          "dependencies": [
            "azurerm_resource_group.compute"
          ]
        }
      ]
    },
    {
      "mode": "managed",
      "type": "azurerm_public_ip",
      "name": "firewall",
      "provider": "provider[\"registry.terraform.io/hashicorp/azurerm\"]",
      "instances": []
    },
    {
      "mode": "managed",
      "type": "azurerm_public_ip",
      "name": "vpn_gateway",
      "provider": "provider[\"registry.terraform.io/hashicorp/azurerm\"]",
      "instances": [
        {
          "schema_version": 0,
          "attributes": {
            "allocation_method": "Static",
            "ddos_protection_mode": "VirtualNetworkInherited",
            "ddos_protection_plan_id": null,
            "domain_name_label": null,
            "edge_zone": "",
            "fqdn": null,
            "id": "/subscriptions/68915ced-864a-4180-9784-264b152f53ec/resourceGroups/rg-fonteyn-enterprise-network/providers/Microsoft.Network/publicIPAddresses/pip-fonteyn-enterprise-vpn-gw",
            "idle_timeout_in_minutes": 4,
            "ip_address": "52.138.197.24",
            "ip_tags": null,
            "ip_version": "IPv4",
            "location": "northeurope",
            "name": "pip-fonteyn-enterprise-vpn-gw",
            "public_ip_prefix_id": null,
            "resource_group_name": "rg-fonteyn-enterprise-network",
            "reverse_fqdn": null,
            "sku": "Standard",
            "sku_tier": "Regional",
            "tags": {
              "Architecture": "hybrid-cloud",
              "CostCenter": "IT-Development",
              "Course": "Infrastructure-as-Code",
              "DeployDate": "2025-06-04T11:15:36Z",
              "Environment": "dev",
              "Location": "Multi-Site-Enterprise",
              "ManagedBy": "terraform",
              "Owner": "daan-onstenk",
              "Project": "fonteyn-enterprise",
              "Purpose": "vacation-parks-enterprise",
              "Student": "daan.onstenk@student.fontys.nl",
              "University": "Fontys"
            },
            "timeouts": null,
            "zones": null
          },
          "sensitive_attributes": [],
          "identity_schema_version": 0,
          "private": "eyJlMmJmYjczMC1lY2FhLTExZTYtOGY4OC0zNDM2M2JjN2M0YzAiOnsiY3JlYXRlIjoxODAwMDAwMDAwMDAwLCJkZWxldGUiOjE4MDAwMDAwMDAwMDAsInJlYWQiOjMwMDAwMDAwMDAwMCwidXBkYXRlIjoxODAwMDAwMDAwMDAwfX0=",
          "dependencies": [
            "azurerm_resource_group.network"
          ]
        }
      ]
    },
    {
      "mode": "managed",
      "type": "azurerm_recovery_services_vault",
      "name": "main",
      "provider": "provider[\"registry.terraform.io/hashicorp/azurerm\"]",
      "instances": [
        {
          "schema_version": 0,
          "attributes": {
            "classic_vmware_replication_enabled": false,
            "cross_region_restore_enabled": true,
            "encryption": [],
            "id": "/subscriptions/68915ced-864a-4180-9784-264b152f53ec/resourceGroups/rg-fonteyn-enterprise-monitoring/providers/Microsoft.RecoveryServices/vaults/rsv-fonteyn-enterprise",
            "identity": [],
            "immutability": "Disabled",
            "location": "northeurope",
            "monitoring": [],
            "name": "rsv-fonteyn-enterprise",
            "public_network_access_enabled": true,
            "resource_group_name": "rg-fonteyn-enterprise-monitoring",
            "sku": "Standard",
            "soft_delete_enabled": true,
            "storage_mode_type": "GeoRedundant",
            "tags": {
              "Architecture": "hybrid-cloud",
              "CostCenter": "IT-Development",
              "Course": "Infrastructure-as-Code",
              "DeployDate": "2025-06-04T11:15:36Z",
              "Environment": "dev",
              "Location": "Multi-Site-Enterprise",
              "ManagedBy": "terraform",
              "Owner": "daan-onstenk",
              "Project": "fonteyn-enterprise",
              "Purpose": "vacation-parks-enterprise",
              "Student": "daan.onstenk@student.fontys.nl",
              "University": "Fontys"
            },
            "timeouts": null
          },
          "sensitive_attributes": [],
          "identity_schema_version": 0,
          "private": "eyJlMmJmYjczMC1lY2FhLTExZTYtOGY4OC0zNDM2M2JjN2M0YzAiOnsiY3JlYXRlIjo3MjAwMDAwMDAwMDAwLCJkZWxldGUiOjE4MDAwMDAwMDAwMDAsInJlYWQiOjMwMDAwMDAwMDAwMCwidXBkYXRlIjozNjAwMDAwMDAwMDAwfX0=",
          "dependencies": [
            "azurerm_resource_group.monitoring"
          ]
        }
      ]
    },
    {
      "mode": "managed",
      "type": "azurerm_resource_group",
      "name": "azure_arc",
      "provider": "provider[\"registry.terraform.io/hashicorp/azurerm\"]",
      "instances": [
        {
          "schema_version": 0,
          "attributes": {
            "id": "/subscriptions/68915ced-864a-4180-9784-264b152f53ec/resourceGroups/rg-fonteyn-enterprise-azure-arc",
            "location": "northeurope",
            "managed_by": "",
            "name": "rg-fonteyn-enterprise-azure-arc",
            "tags": {
              "Architecture": "hybrid-cloud",
              "CostCenter": "IT-Development",
              "Course": "Infrastructure-as-Code",
              "DeployDate": "2025-06-04T11:15:36Z",
              "Environment": "dev",
              "Location": "Multi-Site-Enterprise",
              "ManagedBy": "terraform",
              "Owner": "daan-onstenk",
              "Project": "fonteyn-enterprise",
              "Purpose": "vacation-parks-enterprise",
              "Student": "daan.onstenk@student.fontys.nl",
              "University": "Fontys"
            },
            "timeouts": null
          },
          "sensitive_attributes": [],
          "identity_schema_version": 0,
          "private": "eyJlMmJmYjczMC1lY2FhLTExZTYtOGY4OC0zNDM2M2JjN2M0YzAiOnsiY3JlYXRlIjo1NDAwMDAwMDAwMDAwLCJkZWxldGUiOjU0MDAwMDAwMDAwMDAsInJlYWQiOjMwMDAwMDAwMDAwMCwidXBkYXRlIjo1NDAwMDAwMDAwMDAwfX0="
        }
      ]
    },
    {
      "mode": "managed",
      "type": "azurerm_resource_group",
      "name": "compute",
      "provider": "provider[\"registry.terraform.io/hashicorp/azurerm\"]",
      "instances": [
        {
          "schema_version": 0,
          "attributes": {
            "id": "/subscriptions/68915ced-864a-4180-9784-264b152f53ec/resourceGroups/rg-fonteyn-enterprise-compute",
            "location": "northeurope",
            "managed_by": "",
            "name": "rg-fonteyn-enterprise-compute",
            "tags": {
              "Architecture": "hybrid-cloud",
              "CostCenter": "IT-Development",
              "Course": "Infrastructure-as-Code",
              "DeployDate": "2025-06-04T11:15:36Z",
              "Environment": "dev",
              "Location": "Multi-Site-Enterprise",
              "ManagedBy": "terraform",
              "Owner": "daan-onstenk",
              "Project": "fonteyn-enterprise",
              "Purpose": "vacation-parks-enterprise",
              "Student": "daan.onstenk@student.fontys.nl",
              "University": "Fontys"
            },
            "timeouts": null
          },
          "sensitive_attributes": [],
          "identity_schema_version": 0,
          "private": "eyJlMmJmYjczMC1lY2FhLTExZTYtOGY4OC0zNDM2M2JjN2M0YzAiOnsiY3JlYXRlIjo1NDAwMDAwMDAwMDAwLCJkZWxldGUiOjU0MDAwMDAwMDAwMDAsInJlYWQiOjMwMDAwMDAwMDAwMCwidXBkYXRlIjo1NDAwMDAwMDAwMDAwfX0="
        }
      ]
    },
    {
      "mode": "managed",
      "type": "azurerm_resource_group",
      "name": "monitoring",
      "provider": "provider[\"registry.terraform.io/hashicorp/azurerm\"]",
      "instances": [
        {
          "schema_version": 0,
          "attributes": {
            "id": "/subscriptions/68915ced-864a-4180-9784-264b152f53ec/resourceGroups/rg-fonteyn-enterprise-monitoring",
            "location": "northeurope",
            "managed_by": "",
            "name": "rg-fonteyn-enterprise-monitoring",
            "tags": {
              "Architecture": "hybrid-cloud",
              "CostCenter": "IT-Development",
              "Course": "Infrastructure-as-Code",
              "DeployDate": "2025-06-04T11:15:36Z",
              "Environment": "dev",
              "Location": "Multi-Site-Enterprise",
              "ManagedBy": "terraform",
              "Owner": "daan-onstenk",
              "Project": "fonteyn-enterprise",
              "Purpose": "vacation-parks-enterprise",
              "Student": "daan.onstenk@student.fontys.nl",
              "University": "Fontys"
            },
            "timeouts": null
          },
          "sensitive_attributes": [],
          "identity_schema_version": 0,
          "private": "eyJlMmJmYjczMC1lY2FhLTExZTYtOGY4OC0zNDM2M2JjN2M0YzAiOnsiY3JlYXRlIjo1NDAwMDAwMDAwMDAwLCJkZWxldGUiOjU0MDAwMDAwMDAwMDAsInJlYWQiOjMwMDAwMDAwMDAwMCwidXBkYXRlIjo1NDAwMDAwMDAwMDAwfX0="
        }
      ]
    },
    {
      "mode": "managed",
      "type": "azurerm_resource_group",
      "name": "network",
      "provider": "provider[\"registry.terraform.io/hashicorp/azurerm\"]",
      "instances": [
        {
          "schema_version": 0,
          "attributes": {
            "id": "/subscriptions/68915ced-864a-4180-9784-264b152f53ec/resourceGroups/rg-fonteyn-enterprise-network",
            "location": "northeurope",
            "managed_by": "",
            "name": "rg-fonteyn-enterprise-network",
            "tags": {
              "Architecture": "hybrid-cloud",
              "CostCenter": "IT-Development",
              "Course": "Infrastructure-as-Code",
              "DeployDate": "2025-06-04T11:15:36Z",
              "Environment": "dev",
              "Location": "Multi-Site-Enterprise",
              "ManagedBy": "terraform",
              "Owner": "daan-onstenk",
              "Project": "fonteyn-enterprise",
              "Purpose": "vacation-parks-enterprise",
              "Student": "daan.onstenk@student.fontys.nl",
              "University": "Fontys"
            },
            "timeouts": null
          },
          "sensitive_attributes": [],
          "identity_schema_version": 0,
          "private": "eyJlMmJmYjczMC1lY2FhLTExZTYtOGY4OC0zNDM2M2JjN2M0YzAiOnsiY3JlYXRlIjo1NDAwMDAwMDAwMDAwLCJkZWxldGUiOjU0MDAwMDAwMDAwMDAsInJlYWQiOjMwMDAwMDAwMDAwMCwidXBkYXRlIjo1NDAwMDAwMDAwMDAwfX0="
        }
      ]
    },
    {
      "mode": "managed",
      "type": "azurerm_resource_group",
      "name": "security",
      "provider": "provider[\"registry.terraform.io/hashicorp/azurerm\"]",
      "instances": [
        {
          "schema_version": 0,
          "attributes": {
            "id": "/subscriptions/68915ced-864a-4180-9784-264b152f53ec/resourceGroups/rg-fonteyn-enterprise-security",
            "location": "northeurope",
            "managed_by": "",
            "name": "rg-fonteyn-enterprise-security",
            "tags": {
              "Architecture": "hybrid-cloud",
              "CostCenter": "IT-Development",
              "Course": "Infrastructure-as-Code",
              "DeployDate": "2025-06-04T11:15:36Z",
              "Environment": "dev",
              "Location": "Multi-Site-Enterprise",
              "ManagedBy": "terraform",
              "Owner": "daan-onstenk",
              "Project": "fonteyn-enterprise",
              "Purpose": "vacation-parks-enterprise",
              "Student": "daan.onstenk@student.fontys.nl",
              "University": "Fontys"
            },
            "timeouts": null
          },
          "sensitive_attributes": [],
          "identity_schema_version": 0,
          "private": "eyJlMmJmYjczMC1lY2FhLTExZTYtOGY4OC0zNDM2M2JjN2M0YzAiOnsiY3JlYXRlIjo1NDAwMDAwMDAwMDAwLCJkZWxldGUiOjU0MDAwMDAwMDAwMDAsInJlYWQiOjMwMDAwMDAwMDAwMCwidXBkYXRlIjo1NDAwMDAwMDAwMDAwfX0="
        }
      ]
    },
    {
      "mode": "managed",
      "type": "azurerm_resource_group",
      "name": "storage",
      "provider": "provider[\"registry.terraform.io/hashicorp/azurerm\"]",
      "instances": [
        {
          "schema_version": 0,
          "attributes": {
            "id": "/subscriptions/68915ced-864a-4180-9784-264b152f53ec/resourceGroups/rg-fonteyn-enterprise-storage",
            "location": "northeurope",
            "managed_by": "",
            "name": "rg-fonteyn-enterprise-storage",
            "tags": {
              "Architecture": "hybrid-cloud",
              "CostCenter": "IT-Development",
              "Course": "Infrastructure-as-Code",
              "DeployDate": "2025-06-04T11:15:36Z",
              "Environment": "dev",
              "Location": "Multi-Site-Enterprise",
              "ManagedBy": "terraform",
              "Owner": "daan-onstenk",
              "Project": "fonteyn-enterprise",
              "Purpose": "vacation-parks-enterprise",
              "Student": "daan.onstenk@student.fontys.nl",
              "University": "Fontys"
            },
            "timeouts": null
          },
          "sensitive_attributes": [],
          "identity_schema_version": 0,
          "private": "eyJlMmJmYjczMC1lY2FhLTExZTYtOGY4OC0zNDM2M2JjN2M0YzAiOnsiY3JlYXRlIjo1NDAwMDAwMDAwMDAwLCJkZWxldGUiOjU0MDAwMDAwMDAwMDAsInJlYWQiOjMwMDAwMDAwMDAwMCwidXBkYXRlIjo1NDAwMDAwMDAwMDAwfX0="
        }
      ]
    },
    {
      "mode": "managed",
      "type": "azurerm_role_assignment",
      "name": "azure_arc_contributor",
      "provider": "provider[\"registry.terraform.io/hashicorp/azurerm\"]",
      "instances": [
        {
          "schema_version": 0,
          "attributes": {
            "condition": "",
            "condition_version": "",
            "delegated_managed_identity_resource_id": "",
            "description": "",
            "id": "/subscriptions/68915ced-864a-4180-9784-264b152f53ec/resourceGroups/rg-fonteyn-enterprise-azure-arc/providers/Microsoft.Authorization/roleAssignments/6dc6eb95-e43b-454f-8a3d-f068e353c31b",
            "name": "6dc6eb95-e43b-454f-8a3d-f068e353c31b",
            "principal_id": "31d134bf-ec63-430f-8048-5e87408ee821",
            "principal_type": "ServicePrincipal",
            "role_definition_id": "/subscriptions/68915ced-864a-4180-9784-264b152f53ec/providers/Microsoft.Authorization/roleDefinitions/cd570a14-e51a-42ad-bac8-bafd67325302",
            "role_definition_name": "Azure Connected Machine Resource Administrator",
            "scope": "/subscriptions/68915ced-864a-4180-9784-264b152f53ec/resourceGroups/rg-fonteyn-enterprise-azure-arc",
            "skip_service_principal_aad_check": null,
            "timeouts": null
          },
          "sensitive_attributes": [],
          "identity_schema_version": 0,
          "private": "eyJlMmJmYjczMC1lY2FhLTExZTYtOGY4OC0zNDM2M2JjN2M0YzAiOnsiY3JlYXRlIjoxODAwMDAwMDAwMDAwLCJkZWxldGUiOjE4MDAwMDAwMDAwMDAsInJlYWQiOjMwMDAwMDAwMDAwMH19",
          "dependencies": [
            "azurerm_resource_group.azure_arc",
            "azurerm_user_assigned_identity.azure_arc"
          ]
        }
      ]
    },
    {
      "mode": "managed",
      "type": "azurerm_role_assignment",
      "name": "azure_arc_monitoring",
      "provider": "provider[\"registry.terraform.io/hashicorp/azurerm\"]",
      "instances": [
        {
          "schema_version": 0,
          "attributes": {
            "condition": "",
            "condition_version": "",
            "delegated_managed_identity_resource_id": "",
            "description": "",
            "id": "/subscriptions/68915ced-864a-4180-9784-264b152f53ec/resourceGroups/rg-fonteyn-enterprise-azure-arc/providers/Microsoft.OperationalInsights/workspaces/law-fonteyn-enterprise-arc/providers/Microsoft.Authorization/roleAssignments/75d63097-ded6-ba87-a310-0c57fca81024",
            "name": "75d63097-ded6-ba87-a310-0c57fca81024",
            "principal_id": "31d134bf-ec63-430f-8048-5e87408ee821",
            "principal_type": "ServicePrincipal",
            "role_definition_id": "/subscriptions/68915ced-864a-4180-9784-264b152f53ec/providers/Microsoft.Authorization/roleDefinitions/92aaf0da-9dab-42b6-94a3-d43ce8d16293",
            "role_definition_name": "Log Analytics Contributor",
            "scope": "/subscriptions/68915ced-864a-4180-9784-264b152f53ec/resourceGroups/rg-fonteyn-enterprise-azure-arc/providers/Microsoft.OperationalInsights/workspaces/law-fonteyn-enterprise-arc",
            "skip_service_principal_aad_check": null,
            "timeouts": null
          },
          "sensitive_attributes": [],
          "identity_schema_version": 0,
          "private": "eyJlMmJmYjczMC1lY2FhLTExZTYtOGY4OC0zNDM2M2JjN2M0YzAiOnsiY3JlYXRlIjoxODAwMDAwMDAwMDAwLCJkZWxldGUiOjE4MDAwMDAwMDAwMDAsInJlYWQiOjMwMDAwMDAwMDAwMH19",
          "dependencies": [
            "azurerm_log_analytics_workspace.azure_arc",
            "azurerm_resource_group.azure_arc",
            "azurerm_user_assigned_identity.azure_arc"
          ]
        }
      ]
    },
    {
      "mode": "managed",
      "type": "azurerm_storage_account",
      "name": "backup",
      "provider": "provider[\"registry.terraform.io/hashicorp/azurerm\"]",
      "instances": []
    },
    {
      "mode": "managed",
      "type": "azurerm_storage_account",
      "name": "diagnostics",
      "provider": "provider[\"registry.terraform.io/hashicorp/azurerm\"]",
      "instances": []
    },
    {
      "mode": "managed",
      "type": "azurerm_storage_account",
      "name": "main",
      "provider": "provider[\"registry.terraform.io/hashicorp/azurerm\"]",
      "instances": []
    },
    {
      "mode": "managed",
      "type": "azurerm_subnet",
      "name": "azure_arc",
      "provider": "provider[\"registry.terraform.io/hashicorp/azurerm\"]",
      "instances": [
        {
          "schema_version": 0,
          "attributes": {
            "address_prefixes": [
              "10.0.6.0/24"
            ],
            "default_outbound_access_enabled": true,
            "delegation": [],
            "enforce_private_link_endpoint_network_policies": false,
            "enforce_private_link_service_network_policies": false,
            "id": "/subscriptions/68915ced-864a-4180-9784-264b152f53ec/resourceGroups/rg-fonteyn-enterprise-network/providers/Microsoft.Network/virtualNetworks/vnet-fonteyn-enterprise-azure/subnets/snet-azure-arc",
            "name": "snet-azure-arc",
            "private_endpoint_network_policies": "Enabled",
            "private_endpoint_network_policies_enabled": true,
            "private_link_service_network_policies_enabled": true,
            "resource_group_name": "rg-fonteyn-enterprise-network",
            "service_endpoint_policy_ids": null,
            "service_endpoints": null,
            "timeouts": null,
            "virtual_network_name": "vnet-fonteyn-enterprise-azure"
          },
          "sensitive_attributes": [],
          "identity_schema_version": 0,
          "private": "eyJlMmJmYjczMC1lY2FhLTExZTYtOGY4OC0zNDM2M2JjN2M0YzAiOnsiY3JlYXRlIjoxODAwMDAwMDAwMDAwLCJkZWxldGUiOjE4MDAwMDAwMDAwMDAsInJlYWQiOjMwMDAwMDAwMDAwMCwidXBkYXRlIjoxODAwMDAwMDAwMDAwfX0=",
          "dependencies": [
            "azurerm_resource_group.network",
            "azurerm_virtual_network.azure_enterprise"
          ]
        }
      ]
    },
    {
      "mode": "managed",
      "type": "azurerm_subnet",
      "name": "backend",
      "provider": "provider[\"registry.terraform.io/hashicorp/azurerm\"]",
      "instances": [
        {
          "schema_version": 0,
          "attributes": {
            "address_prefixes": [
              "10.0.3.0/24"
            ],
            "default_outbound_access_enabled": true,
            "delegation": [],
            "enforce_private_link_endpoint_network_policies": false,
            "enforce_private_link_service_network_policies": false,
            "id": "/subscriptions/68915ced-864a-4180-9784-264b152f53ec/resourceGroups/rg-fonteyn-enterprise-network/providers/Microsoft.Network/virtualNetworks/vnet-fonteyn-enterprise-azure/subnets/snet-backend",
            "name": "snet-backend",
            "private_endpoint_network_policies": "Enabled",
            "private_endpoint_network_policies_enabled": true,
            "private_link_service_network_policies_enabled": true,
            "resource_group_name": "rg-fonteyn-enterprise-network",
            "service_endpoint_policy_ids": null,
            "service_endpoints": null,
            "timeouts": null,
            "virtual_network_name": "vnet-fonteyn-enterprise-azure"
          },
          "sensitive_attributes": [],
          "identity_schema_version": 0,
          "private": "eyJlMmJmYjczMC1lY2FhLTExZTYtOGY4OC0zNDM2M2JjN2M0YzAiOnsiY3JlYXRlIjoxODAwMDAwMDAwMDAwLCJkZWxldGUiOjE4MDAwMDAwMDAwMDAsInJlYWQiOjMwMDAwMDAwMDAwMCwidXBkYXRlIjoxODAwMDAwMDAwMDAwfX0=",
          "dependencies": [
            "azurerm_resource_group.network",
            "azurerm_virtual_network.azure_enterprise"
          ]
        }
      ]
    },
    {
      "mode": "managed",
      "type": "azurerm_subnet",
      "name": "database",
      "provider": "provider[\"registry.terraform.io/hashicorp/azurerm\"]",
      "instances": [
        {
          "schema_version": 0,
          "attributes": {
            "address_prefixes": [
              "10.0.4.0/24"
            ],
            "default_outbound_access_enabled": true,
            "delegation": [],
            "enforce_private_link_endpoint_network_policies": false,
            "enforce_private_link_service_network_policies": false,
            "id": "/subscriptions/68915ced-864a-4180-9784-264b152f53ec/resourceGroups/rg-fonteyn-enterprise-network/providers/Microsoft.Network/virtualNetworks/vnet-fonteyn-enterprise-azure/subnets/snet-database",
            "name": "snet-database",
            "private_endpoint_network_policies": "Enabled",
            "private_endpoint_network_policies_enabled": true,
            "private_link_service_network_policies_enabled": true,
            "resource_group_name": "rg-fonteyn-enterprise-network",
            "service_endpoint_policy_ids": null,
            "service_endpoints": null,
            "timeouts": null,
            "virtual_network_name": "vnet-fonteyn-enterprise-azure"
          },
          "sensitive_attributes": [],
          "identity_schema_version": 0,
          "private": "eyJlMmJmYjczMC1lY2FhLTExZTYtOGY4OC0zNDM2M2JjN2M0YzAiOnsiY3JlYXRlIjoxODAwMDAwMDAwMDAwLCJkZWxldGUiOjE4MDAwMDAwMDAwMDAsInJlYWQiOjMwMDAwMDAwMDAwMCwidXBkYXRlIjoxODAwMDAwMDAwMDAwfX0=",
          "dependencies": [
            "azurerm_resource_group.network",
            "azurerm_virtual_network.azure_enterprise"
          ]
        }
      ]
    },
    {
      "mode": "managed",
      "type": "azurerm_subnet",
      "name": "dmz",
      "provider": "provider[\"registry.terraform.io/hashicorp/azurerm\"]",
      "instances": [
        {
          "schema_version": 0,
          "attributes": {
            "address_prefixes": [
              "10.0.1.0/24"
            ],
            "default_outbound_access_enabled": true,
            "delegation": [],
            "enforce_private_link_endpoint_network_policies": false,
            "enforce_private_link_service_network_policies": false,
            "id": "/subscriptions/68915ced-864a-4180-9784-264b152f53ec/resourceGroups/rg-fonteyn-enterprise-network/providers/Microsoft.Network/virtualNetworks/vnet-fonteyn-enterprise-azure/subnets/snet-dmz",
            "name": "snet-dmz",
            "private_endpoint_network_policies": "Enabled",
            "private_endpoint_network_policies_enabled": true,
            "private_link_service_network_policies_enabled": true,
            "resource_group_name": "rg-fonteyn-enterprise-network",
            "service_endpoint_policy_ids": null,
            "service_endpoints": null,
            "timeouts": null,
            "virtual_network_name": "vnet-fonteyn-enterprise-azure"
          },
          "sensitive_attributes": [],
          "identity_schema_version": 0,
          "private": "eyJlMmJmYjczMC1lY2FhLTExZTYtOGY4OC0zNDM2M2JjN2M0YzAiOnsiY3JlYXRlIjoxODAwMDAwMDAwMDAwLCJkZWxldGUiOjE4MDAwMDAwMDAwMDAsInJlYWQiOjMwMDAwMDAwMDAwMCwidXBkYXRlIjoxODAwMDAwMDAwMDAwfX0=",
          "dependencies": [
            "azurerm_resource_group.network",
            "azurerm_virtual_network.azure_enterprise"
          ]
        }
      ]
    },
    {
      "mode": "managed",
      "type": "azurerm_subnet",
      "name": "firewall",
      "provider": "provider[\"registry.terraform.io/hashicorp/azurerm\"]",
      "instances": [
        {
          "schema_version": 0,
          "attributes": {
            "address_prefixes": [
              "10.0.254.0/26"
            ],
            "default_outbound_access_enabled": true,
            "delegation": [],
            "enforce_private_link_endpoint_network_policies": false,
            "enforce_private_link_service_network_policies": false,
            "id": "/subscriptions/68915ced-864a-4180-9784-264b152f53ec/resourceGroups/rg-fonteyn-enterprise-network/providers/Microsoft.Network/virtualNetworks/vnet-fonteyn-enterprise-azure/subnets/AzureFirewallSubnet",
            "name": "AzureFirewallSubnet",
            "private_endpoint_network_policies": "Enabled",
            "private_endpoint_network_policies_enabled": true,
            "private_link_service_network_policies_enabled": true,
            "resource_group_name": "rg-fonteyn-enterprise-network",
            "service_endpoint_policy_ids": null,
            "service_endpoints": null,
            "timeouts": null,
            "virtual_network_name": "vnet-fonteyn-enterprise-azure"
          },
          "sensitive_attributes": [],
          "identity_schema_version": 0,
          "private": "eyJlMmJmYjczMC1lY2FhLTExZTYtOGY4OC0zNDM2M2JjN2M0YzAiOnsiY3JlYXRlIjoxODAwMDAwMDAwMDAwLCJkZWxldGUiOjE4MDAwMDAwMDAwMDAsInJlYWQiOjMwMDAwMDAwMDAwMCwidXBkYXRlIjoxODAwMDAwMDAwMDAwfX0=",
          "dependencies": [
            "azurerm_resource_group.network",
            "azurerm_virtual_network.azure_enterprise"
          ]
        }
      ]
    },
    {
      "mode": "managed",
      "type": "azurerm_subnet",
      "name": "frontend",
      "provider": "provider[\"registry.terraform.io/hashicorp/azurerm\"]",
      "instances": [
        {
          "schema_version": 0,
          "attributes": {
            "address_prefixes": [
              "10.0.2.0/24"
            ],
            "default_outbound_access_enabled": true,
            "delegation": [],
            "enforce_private_link_endpoint_network_policies": false,
            "enforce_private_link_service_network_policies": false,
            "id": "/subscriptions/68915ced-864a-4180-9784-264b152f53ec/resourceGroups/rg-fonteyn-enterprise-network/providers/Microsoft.Network/virtualNetworks/vnet-fonteyn-enterprise-azure/subnets/snet-frontend",
            "name": "snet-frontend",
            "private_endpoint_network_policies": "Enabled",
            "private_endpoint_network_policies_enabled": true,
            "private_link_service_network_policies_enabled": true,
            "resource_group_name": "rg-fonteyn-enterprise-network",
            "service_endpoint_policy_ids": null,
            "service_endpoints": null,
            "timeouts": null,
            "virtual_network_name": "vnet-fonteyn-enterprise-azure"
          },
          "sensitive_attributes": [],
          "identity_schema_version": 0,
          "private": "eyJlMmJmYjczMC1lY2FhLTExZTYtOGY4OC0zNDM2M2JjN2M0YzAiOnsiY3JlYXRlIjoxODAwMDAwMDAwMDAwLCJkZWxldGUiOjE4MDAwMDAwMDAwMDAsInJlYWQiOjMwMDAwMDAwMDAwMCwidXBkYXRlIjoxODAwMDAwMDAwMDAwfX0=",
          "dependencies": [
            "azurerm_resource_group.network",
            "azurerm_virtual_network.azure_enterprise"
          ]
        }
      ]
    },
    {
      "mode": "managed",
      "type": "azurerm_subnet",
      "name": "gateway",
      "provider": "provider[\"registry.terraform.io/hashicorp/azurerm\"]",
      "instances": [
        {
          "schema_version": 0,
          "attributes": {
            "address_prefixes": [
              "10.0.255.0/27"
            ],
            "default_outbound_access_enabled": true,
            "delegation": [],
            "enforce_private_link_endpoint_network_policies": false,
            "enforce_private_link_service_network_policies": false,
            "id": "/subscriptions/68915ced-864a-4180-9784-264b152f53ec/resourceGroups/rg-fonteyn-enterprise-network/providers/Microsoft.Network/virtualNetworks/vnet-fonteyn-enterprise-azure/subnets/GatewaySubnet",
            "name": "GatewaySubnet",
            "private_endpoint_network_policies": "Enabled",
            "private_endpoint_network_policies_enabled": true,
            "private_link_service_network_policies_enabled": true,
            "resource_group_name": "rg-fonteyn-enterprise-network",
            "service_endpoint_policy_ids": null,
            "service_endpoints": null,
            "timeouts": null,
            "virtual_network_name": "vnet-fonteyn-enterprise-azure"
          },
          "sensitive_attributes": [],
          "identity_schema_version": 0,
          "private": "eyJlMmJmYjczMC1lY2FhLTExZTYtOGY4OC0zNDM2M2JjN2M0YzAiOnsiY3JlYXRlIjoxODAwMDAwMDAwMDAwLCJkZWxldGUiOjE4MDAwMDAwMDAwMDAsInJlYWQiOjMwMDAwMDAwMDAwMCwidXBkYXRlIjoxODAwMDAwMDAwMDAwfX0=",
          "dependencies": [
            "azurerm_resource_group.network",
            "azurerm_virtual_network.azure_enterprise"
          ]
        }
      ]
    },
    {
      "mode": "managed",
      "type": "azurerm_subnet",
      "name": "management",
      "provider": "provider[\"registry.terraform.io/hashicorp/azurerm\"]",
      "instances": [
        {
          "schema_version": 0,
          "attributes": {
            "address_prefixes": [
              "10.0.5.0/24"
            ],
            "default_outbound_access_enabled": true,
            "delegation": [],
            "enforce_private_link_endpoint_network_policies": false,
            "enforce_private_link_service_network_policies": false,
            "id": "/subscriptions/68915ced-864a-4180-9784-264b152f53ec/resourceGroups/rg-fonteyn-enterprise-network/providers/Microsoft.Network/virtualNetworks/vnet-fonteyn-enterprise-azure/subnets/snet-management",
            "name": "snet-management",
            "private_endpoint_network_policies": "Enabled",
            "private_endpoint_network_policies_enabled": true,
            "private_link_service_network_policies_enabled": true,
            "resource_group_name": "rg-fonteyn-enterprise-network",
            "service_endpoint_policy_ids": null,
            "service_endpoints": null,
            "timeouts": null,
            "virtual_network_name": "vnet-fonteyn-enterprise-azure"
          },
          "sensitive_attributes": [],
          "identity_schema_version": 0,
          "private": "eyJlMmJmYjczMC1lY2FhLTExZTYtOGY4OC0zNDM2M2JjN2M0YzAiOnsiY3JlYXRlIjoxODAwMDAwMDAwMDAwLCJkZWxldGUiOjE4MDAwMDAwMDAwMDAsInJlYWQiOjMwMDAwMDAwMDAwMCwidXBkYXRlIjoxODAwMDAwMDAwMDAwfX0=",
          "dependencies": [
            "azurerm_resource_group.network",
            "azurerm_virtual_network.azure_enterprise"
          ]
        }
      ]
    },
    {
      "mode": "managed",
      "type": "azurerm_subnet_network_security_group_association",
      "name": "azure_arc",
      "provider": "provider[\"registry.terraform.io/hashicorp/azurerm\"]",
      "instances": [
        {
          "schema_version": 0,
          "attributes": {
            "id": "/subscriptions/68915ced-864a-4180-9784-264b152f53ec/resourceGroups/rg-fonteyn-enterprise-network/providers/Microsoft.Network/virtualNetworks/vnet-fonteyn-enterprise-azure/subnets/snet-azure-arc",
            "network_security_group_id": "/subscriptions/68915ced-864a-4180-9784-264b152f53ec/resourceGroups/rg-fonteyn-enterprise-network/providers/Microsoft.Network/networkSecurityGroups/nsg-azure-arc",
            "subnet_id": "/subscriptions/68915ced-864a-4180-9784-264b152f53ec/resourceGroups/rg-fonteyn-enterprise-network/providers/Microsoft.Network/virtualNetworks/vnet-fonteyn-enterprise-azure/subnets/snet-azure-arc",
            "timeouts": null
          },
          "sensitive_attributes": [],
          "identity_schema_version": 0,
          "private": "eyJlMmJmYjczMC1lY2FhLTExZTYtOGY4OC0zNDM2M2JjN2M0YzAiOnsiY3JlYXRlIjoxODAwMDAwMDAwMDAwLCJkZWxldGUiOjE4MDAwMDAwMDAwMDAsInJlYWQiOjMwMDAwMDAwMDAwMH19",
          "dependencies": [
            "azurerm_network_security_group.azure_arc",
            "azurerm_resource_group.network",
            "azurerm_subnet.azure_arc",
            "azurerm_virtual_network.azure_enterprise"
          ]
        }
      ]
    },
    {
      "mode": "managed",
      "type": "azurerm_subnet_network_security_group_association",
      "name": "backend",
      "provider": "provider[\"registry.terraform.io/hashicorp/azurerm\"]",
      "instances": [
        {
          "schema_version": 0,
          "attributes": {
            "id": "/subscriptions/68915ced-864a-4180-9784-264b152f53ec/resourceGroups/rg-fonteyn-enterprise-network/providers/Microsoft.Network/virtualNetworks/vnet-fonteyn-enterprise-azure/subnets/snet-backend",
            "network_security_group_id": "/subscriptions/68915ced-864a-4180-9784-264b152f53ec/resourceGroups/rg-fonteyn-enterprise-network/providers/Microsoft.Network/networkSecurityGroups/nsg-backend",
            "subnet_id": "/subscriptions/68915ced-864a-4180-9784-264b152f53ec/resourceGroups/rg-fonteyn-enterprise-network/providers/Microsoft.Network/virtualNetworks/vnet-fonteyn-enterprise-azure/subnets/snet-backend",
            "timeouts": null
          },
          "sensitive_attributes": [],
          "identity_schema_version": 0,
          "private": "eyJlMmJmYjczMC1lY2FhLTExZTYtOGY4OC0zNDM2M2JjN2M0YzAiOnsiY3JlYXRlIjoxODAwMDAwMDAwMDAwLCJkZWxldGUiOjE4MDAwMDAwMDAwMDAsInJlYWQiOjMwMDAwMDAwMDAwMH19",
          "dependencies": [
            "azurerm_network_security_group.backend",
            "azurerm_resource_group.network",
            "azurerm_subnet.backend",
            "azurerm_virtual_network.azure_enterprise"
          ]
        }
      ]
    },
    {
      "mode": "managed",
      "type": "azurerm_subnet_network_security_group_association",
      "name": "database",
      "provider": "provider[\"registry.terraform.io/hashicorp/azurerm\"]",
      "instances": [
        {
          "schema_version": 0,
          "attributes": {
            "id": "/subscriptions/68915ced-864a-4180-9784-264b152f53ec/resourceGroups/rg-fonteyn-enterprise-network/providers/Microsoft.Network/virtualNetworks/vnet-fonteyn-enterprise-azure/subnets/snet-database",
            "network_security_group_id": "/subscriptions/68915ced-864a-4180-9784-264b152f53ec/resourceGroups/rg-fonteyn-enterprise-network/providers/Microsoft.Network/networkSecurityGroups/nsg-database",
            "subnet_id": "/subscriptions/68915ced-864a-4180-9784-264b152f53ec/resourceGroups/rg-fonteyn-enterprise-network/providers/Microsoft.Network/virtualNetworks/vnet-fonteyn-enterprise-azure/subnets/snet-database",
            "timeouts": null
          },
          "sensitive_attributes": [],
          "identity_schema_version": 0,
          "private": "eyJlMmJmYjczMC1lY2FhLTExZTYtOGY4OC0zNDM2M2JjN2M0YzAiOnsiY3JlYXRlIjoxODAwMDAwMDAwMDAwLCJkZWxldGUiOjE4MDAwMDAwMDAwMDAsInJlYWQiOjMwMDAwMDAwMDAwMH19",
          "dependencies": [
            "azurerm_network_security_group.database",
            "azurerm_resource_group.network",
            "azurerm_subnet.database",
            "azurerm_virtual_network.azure_enterprise"
          ]
        }
      ]
    },
    {
      "mode": "managed",
      "type": "azurerm_subnet_network_security_group_association",
      "name": "dmz",
      "provider": "provider[\"registry.terraform.io/hashicorp/azurerm\"]",
      "instances": [
        {
          "schema_version": 0,
          "attributes": {
            "id": "/subscriptions/68915ced-864a-4180-9784-264b152f53ec/resourceGroups/rg-fonteyn-enterprise-network/providers/Microsoft.Network/virtualNetworks/vnet-fonteyn-enterprise-azure/subnets/snet-dmz",
            "network_security_group_id": "/subscriptions/68915ced-864a-4180-9784-264b152f53ec/resourceGroups/rg-fonteyn-enterprise-network/providers/Microsoft.Network/networkSecurityGroups/nsg-dmz",
            "subnet_id": "/subscriptions/68915ced-864a-4180-9784-264b152f53ec/resourceGroups/rg-fonteyn-enterprise-network/providers/Microsoft.Network/virtualNetworks/vnet-fonteyn-enterprise-azure/subnets/snet-dmz",
            "timeouts": null
          },
          "sensitive_attributes": [],
          "identity_schema_version": 0,
          "private": "eyJlMmJmYjczMC1lY2FhLTExZTYtOGY4OC0zNDM2M2JjN2M0YzAiOnsiY3JlYXRlIjoxODAwMDAwMDAwMDAwLCJkZWxldGUiOjE4MDAwMDAwMDAwMDAsInJlYWQiOjMwMDAwMDAwMDAwMH19",
          "dependencies": [
            "azurerm_network_security_group.dmz",
            "azurerm_resource_group.network",
            "azurerm_subnet.dmz",
            "azurerm_virtual_network.azure_enterprise"
          ]
        }
      ]
    },
    {
      "mode": "managed",
      "type": "azurerm_subnet_network_security_group_association",
      "name": "frontend",
      "provider": "provider[\"registry.terraform.io/hashicorp/azurerm\"]",
      "instances": [
        {
          "schema_version": 0,
          "attributes": {
            "id": "/subscriptions/68915ced-864a-4180-9784-264b152f53ec/resourceGroups/rg-fonteyn-enterprise-network/providers/Microsoft.Network/virtualNetworks/vnet-fonteyn-enterprise-azure/subnets/snet-frontend",
            "network_security_group_id": "/subscriptions/68915ced-864a-4180-9784-264b152f53ec/resourceGroups/rg-fonteyn-enterprise-network/providers/Microsoft.Network/networkSecurityGroups/nsg-frontend",
            "subnet_id": "/subscriptions/68915ced-864a-4180-9784-264b152f53ec/resourceGroups/rg-fonteyn-enterprise-network/providers/Microsoft.Network/virtualNetworks/vnet-fonteyn-enterprise-azure/subnets/snet-frontend",
            "timeouts": null
          },
          "sensitive_attributes": [],
          "identity_schema_version": 0,
          "private": "eyJlMmJmYjczMC1lY2FhLTExZTYtOGY4OC0zNDM2M2JjN2M0YzAiOnsiY3JlYXRlIjoxODAwMDAwMDAwMDAwLCJkZWxldGUiOjE4MDAwMDAwMDAwMDAsInJlYWQiOjMwMDAwMDAwMDAwMH19",
          "dependencies": [
            "azurerm_network_security_group.frontend",
            "azurerm_resource_group.network",
            "azurerm_subnet.frontend",
            "azurerm_virtual_network.azure_enterprise"
          ]
        }
      ]
    },
    {
      "mode": "managed",
      "type": "azurerm_user_assigned_identity",
      "name": "azure_arc",
      "provider": "provider[\"registry.terraform.io/hashicorp/azurerm\"]",
      "instances": [
        {
          "schema_version": 1,
          "attributes": {
            "client_id": "9a3c466c-76da-4dc8-b90b-36ca7fef7c69",
            "id": "/subscriptions/68915ced-864a-4180-9784-264b152f53ec/resourceGroups/rg-fonteyn-enterprise-azure-arc/providers/Microsoft.ManagedIdentity/userAssignedIdentities/id-fonteyn-enterprise-arc",
            "location": "northeurope",
            "name": "id-fonteyn-enterprise-arc",
            "principal_id": "31d134bf-ec63-430f-8048-5e87408ee821",
            "resource_group_name": "rg-fonteyn-enterprise-azure-arc",
            "tags": {
              "Architecture": "hybrid-cloud",
              "CostCenter": "IT-Development",
              "Course": "Infrastructure-as-Code",
              "DeployDate": "2025-06-04T11:15:36Z",
              "Environment": "dev",
              "Location": "Multi-Site-Enterprise",
              "ManagedBy": "terraform",
              "Owner": "daan-onstenk",
              "Project": "fonteyn-enterprise",
              "Purpose": "vacation-parks-enterprise",
              "Student": "daan.onstenk@student.fontys.nl",
              "University": "Fontys"
            },
            "tenant_id": "facffb69-bfac-4b2b-b9c7-c5ed14de6312",
            "timeouts": null
          },
          "sensitive_attributes": [],
          "identity_schema_version": 0,
          "private": "eyJlMmJmYjczMC1lY2FhLTExZTYtOGY4OC0zNDM2M2JjN2M0YzAiOnsiY3JlYXRlIjoxODAwMDAwMDAwMDAwLCJkZWxldGUiOjE4MDAwMDAwMDAwMDAsInJlYWQiOjMwMDAwMDAwMDAwMCwidXBkYXRlIjoxODAwMDAwMDAwMDAwfSwic2NoZW1hX3ZlcnNpb24iOiIxIn0=",
          "dependencies": [
            "azurerm_resource_group.azure_arc"
          ]
        }
      ]
    },
    {
      "mode": "managed",
      "type": "azurerm_virtual_network",
      "name": "azure_enterprise",
      "provider": "provider[\"registry.terraform.io/hashicorp/azurerm\"]",
      "instances": [
        {
          "schema_version": 0,
          "attributes": {
            "address_space": [
              "10.0.0.0/16"
            ],
            "bgp_community": "",
            "ddos_protection_plan": [],
            "dns_servers": [],
            "edge_zone": "",
            "encryption": [],
            "flow_timeout_in_minutes": 0,
            "guid": "d86e7cb5-f7ae-4b3a-be27-2ff28436f5fd",
            "id": "/subscriptions/68915ced-864a-4180-9784-264b152f53ec/resourceGroups/rg-fonteyn-enterprise-network/providers/Microsoft.Network/virtualNetworks/vnet-fonteyn-enterprise-azure",
            "location": "northeurope",
            "name": "vnet-fonteyn-enterprise-azure",
            "resource_group_name": "rg-fonteyn-enterprise-network",
            "subnet": [],
            "tags": {
              "Architecture": "hybrid-cloud",
              "CostCenter": "IT-Development",
              "Course": "Infrastructure-as-Code",
              "DeployDate": "2025-06-04T11:15:36Z",
              "Environment": "dev",
              "Location": "Multi-Site-Enterprise",
              "ManagedBy": "terraform",
              "Owner": "daan-onstenk",
              "Project": "fonteyn-enterprise",
              "Purpose": "vacation-parks-enterprise",
              "Student": "daan.onstenk@student.fontys.nl",
              "University": "Fontys"
            },
            "timeouts": null
          },
          "sensitive_attributes": [],
          "identity_schema_version": 0,
          "private": "eyJlMmJmYjczMC1lY2FhLTExZTYtOGY4OC0zNDM2M2JjN2M0YzAiOnsiY3JlYXRlIjoxODAwMDAwMDAwMDAwLCJkZWxldGUiOjE4MDAwMDAwMDAwMDAsInJlYWQiOjMwMDAwMDAwMDAwMCwidXBkYXRlIjoxODAwMDAwMDAwMDAwfX0=",
          "dependencies": [
            "azurerm_resource_group.network"
          ]
        }
      ]
    },
    {
      "mode": "managed",
      "type": "azurerm_virtual_network_dns_servers",
      "name": "main",
      "provider": "provider[\"registry.terraform.io/hashicorp/azurerm\"]",
      "instances": [
        {
          "schema_version": 0,
          "attributes": {
            "dns_servers": [
              "192.168.2.100"
            ],
            "id": "/subscriptions/68915ced-864a-4180-9784-264b152f53ec/resourceGroups/rg-fonteyn-enterprise-network/providers/Microsoft.Network/virtualNetworks/vnet-fonteyn-enterprise-azure/dnsServers/default",
            "timeouts": null,
            "virtual_network_id": "/subscriptions/68915ced-864a-4180-9784-264b152f53ec/resourceGroups/rg-fonteyn-enterprise-network/providers/Microsoft.Network/virtualNetworks/vnet-fonteyn-enterprise-azure"
          },
          "sensitive_attributes": [],
          "identity_schema_version": 0,
          "private": "eyJlMmJmYjczMC1lY2FhLTExZTYtOGY4OC0zNDM2M2JjN2M0YzAiOnsiY3JlYXRlIjoxODAwMDAwMDAwMDAwLCJkZWxldGUiOjE4MDAwMDAwMDAwMDAsInJlYWQiOjMwMDAwMDAwMDAwMCwidXBkYXRlIjoxODAwMDAwMDAwMDAwfX0=",
          "dependencies": [
            "azurerm_resource_group.network",
            "azurerm_virtual_network.azure_enterprise"
          ]
        }
      ]
    },
    {
      "mode": "managed",
      "type": "azurerm_virtual_network_gateway",
      "name": "vpn",
      "provider": "provider[\"registry.terraform.io/hashicorp/azurerm\"]",
      "instances": [
        {
          "schema_version": 0,
          "attributes": {
            "active_active": false,
            "bgp_route_translation_for_nat_enabled": false,
            "bgp_settings": [
              {
                "asn": 65515,
                "peer_weight": 0,
                "peering_addresses": [
                  {
                    "apipa_addresses": [],
                    "default_addresses": [
                      "10.0.255.30"
                    ],
                    "ip_configuration_name": "vnetGatewayConfig",
                    "tunnel_ip_addresses": [
                      "52.138.197.24"
                    ]
                  }
                ]
              }
            ],
            "custom_route": [],
            "default_local_network_gateway_id": null,
            "dns_forwarding_enabled": false,
            "edge_zone": "",
            "enable_bgp": false,
            "generation": "Generation2",
            "id": "/subscriptions/68915ced-864a-4180-9784-264b152f53ec/resourceGroups/rg-fonteyn-enterprise-network/providers/Microsoft.Network/virtualNetworkGateways/vng-fonteyn-enterprise-vpn",
            "ip_configuration": [
              {
                "name": "vnetGatewayConfig",
                "private_ip_address_allocation": "Dynamic",
                "public_ip_address_id": "/subscriptions/68915ced-864a-4180-9784-264b152f53ec/resourceGroups/rg-fonteyn-enterprise-network/providers/Microsoft.Network/publicIPAddresses/pip-fonteyn-enterprise-vpn-gw",
                "subnet_id": "/subscriptions/68915ced-864a-4180-9784-264b152f53ec/resourceGroups/rg-fonteyn-enterprise-network/providers/Microsoft.Network/virtualNetworks/vnet-fonteyn-enterprise-azure/subnets/GatewaySubnet"
              }
            ],
            "ip_sec_replay_protection_enabled": true,
            "location": "northeurope",
            "name": "vng-fonteyn-enterprise-vpn",
            "policy_group": [],
            "private_ip_address_enabled": false,
            "remote_vnet_traffic_enabled": false,
            "resource_group_name": "rg-fonteyn-enterprise-network",
            "sku": "VpnGw2",
            "tags": {
              "Architecture": "hybrid-cloud",
              "CostCenter": "IT-Development",
              "Course": "Infrastructure-as-Code",
              "DeployDate": "2025-06-04T11:15:36Z",
              "Environment": "dev",
              "Location": "Multi-Site-Enterprise",
              "ManagedBy": "terraform",
              "Owner": "daan-onstenk",
              "Project": "fonteyn-enterprise",
              "Purpose": "vacation-parks-enterprise",
              "Student": "daan.onstenk@student.fontys.nl",
              "University": "Fontys"
            },
            "timeouts": null,
            "type": "Vpn",
            "virtual_wan_traffic_enabled": false,
            "vpn_client_configuration": [],
            "vpn_type": "RouteBased"
          },
          "sensitive_attributes": [],
          "identity_schema_version": 0,
          "private": "eyJlMmJmYjczMC1lY2FhLTExZTYtOGY4OC0zNDM2M2JjN2M0YzAiOnsiY3JlYXRlIjo1NDAwMDAwMDAwMDAwLCJkZWxldGUiOjM2MDAwMDAwMDAwMDAsInJlYWQiOjMwMDAwMDAwMDAwMCwidXBkYXRlIjozNjAwMDAwMDAwMDAwfX0=",
          "dependencies": [
            "azurerm_public_ip.vpn_gateway",
            "azurerm_resource_group.network",
            "azurerm_subnet.gateway",
            "azurerm_virtual_network.azure_enterprise"
          ]
        }
      ]
    },
    {
      "mode": "managed",
      "type": "azurerm_virtual_network_gateway_connection",
      "name": "hoofdkantoor",
      "provider": "provider[\"registry.terraform.io/hashicorp/azurerm\"]",
      "instances": [
        {
          "schema_version": 0,
          "attributes": {
            "authorization_key": "",
            "connection_mode": "Default",
            "connection_protocol": "IKEv2",
            "custom_bgp_addresses": [],
            "dpd_timeout_seconds": 0,
            "egress_nat_rule_ids": null,
            "enable_bgp": false,
            "express_route_circuit_id": null,
            "express_route_gateway_bypass": false,
            "id": "/subscriptions/68915ced-864a-4180-9784-264b152f53ec/resourceGroups/rg-fonteyn-enterprise-network/providers/Microsoft.Network/connections/conn-fonteyn-enterprise-hoofdkantoor",
            "ingress_nat_rule_ids": null,
            "ipsec_policy": [],
            "local_azure_ip_address_enabled": false,
            "local_network_gateway_id": "/subscriptions/68915ced-864a-4180-9784-264b152f53ec/resourceGroups/rg-fonteyn-enterprise-network/providers/Microsoft.Network/localNetworkGateways/lng-fonteyn-enterprise-hoofdkantoor",
            "location": "northeurope",
            "name": "conn-fonteyn-enterprise-hoofdkantoor",
            "peer_virtual_network_gateway_id": null,
            "private_link_fast_path_enabled": false,
            "resource_group_name": "rg-fonteyn-enterprise-network",
            "routing_weight": 0,
            "shared_key": "FonteynEnterprise2024!",
            "tags": {
              "Architecture": "hybrid-cloud",
              "CostCenter": "IT-Development",
              "Course": "Infrastructure-as-Code",
              "DeployDate": "2025-06-04T11:15:36Z",
              "Environment": "dev",
              "Location": "Multi-Site-Enterprise",
              "ManagedBy": "terraform",
              "Owner": "daan-onstenk",
              "Project": "fonteyn-enterprise",
              "Purpose": "vacation-parks-enterprise",
              "Student": "daan.onstenk@student.fontys.nl",
              "University": "Fontys"
            },
            "timeouts": null,
            "traffic_selector_policy": [],
            "type": "IPsec",
            "use_policy_based_traffic_selectors": false,
            "virtual_network_gateway_id": "/subscriptions/68915ced-864a-4180-9784-264b152f53ec/resourceGroups/rg-fonteyn-enterprise-network/providers/Microsoft.Network/virtualNetworkGateways/vng-fonteyn-enterprise-vpn"
          },
          "sensitive_attributes": [
            [
              {
                "type": "get_attr",
                "value": "authorization_key"
              }
            ],
            [
              {
                "type": "get_attr",
                "value": "shared_key"
              }
            ]
          ],
          "identity_schema_version": 0,
          "private": "eyJlMmJmYjczMC1lY2FhLTExZTYtOGY4OC0zNDM2M2JjN2M0YzAiOnsiY3JlYXRlIjoxODAwMDAwMDAwMDAwLCJkZWxldGUiOjE4MDAwMDAwMDAwMDAsInJlYWQiOjMwMDAwMDAwMDAwMCwidXBkYXRlIjoxODAwMDAwMDAwMDAwfX0=",
          "dependencies": [
            "azurerm_local_network_gateway.hoofdkantoor",
            "azurerm_public_ip.vpn_gateway",
            "azurerm_resource_group.network",
            "azurerm_subnet.gateway",
            "azurerm_virtual_network.azure_enterprise",
            "azurerm_virtual_network_gateway.vpn"
          ]
        }
      ]
    },
    {
      "mode": "managed",
      "type": "random_password",
      "name": "aad_connect_password",
      "provider": "provider[\"registry.terraform.io/hashicorp/random\"]",
      "instances": [
        {
          "schema_version": 3,
          "attributes": {
            "bcrypt_hash": "$2a$10$18WPeRYfojvqHXJrlSGTpu9BHrn/FS88vMCbo3Iq5i/EIC2I78yBq",
            "id": "none",
            "keepers": null,
            "length": 24,
            "lower": true,
            "min_lower": 0,
            "min_numeric": 0,
            "min_special": 0,
            "min_upper": 0,
            "number": true,
            "numeric": true,
            "override_special": null,
            "result": "2T8W=Cupbd9Dqc*GAZy9@fo9",
            "special": true,
            "upper": true
          },
          "sensitive_attributes": [
            [
              {
                "type": "get_attr",
                "value": "bcrypt_hash"
              }
            ],
            [
              {
                "type": "get_attr",
                "value": "result"
              }
            ]
          ],
          "identity_schema_version": 0
        }
      ]
    },
    {
      "mode": "managed",
      "type": "random_password",
      "name": "domain_service_account",
      "provider": "provider[\"registry.terraform.io/hashicorp/random\"]",
      "instances": [
        {
          "schema_version": 3,
          "attributes": {
            "bcrypt_hash": "$2a$10$QENeaCHDH.QXj643SxwQnOZbYzvlc4zvLitAzYFm8ahWC29ZzQ9i6",
            "id": "none",
            "keepers": null,
            "length": 24,
            "lower": true,
            "min_lower": 0,
            "min_numeric": 0,
            "min_special": 0,
            "min_upper": 0,
            "number": true,
            "numeric": true,
            "override_special": null,
            "result": "ulwYkcy?XJ:eEeKo[M]{f(Nb",
            "special": true,
            "upper": true
          },
          "sensitive_attributes": [
            [
              {
                "type": "get_attr",
                "value": "bcrypt_hash"
              }
            ],
            [
              {
                "type": "get_attr",
                "value": "result"
              }
            ]
          ],
          "identity_schema_version": 0
        }
      ]
    },
    {
      "mode": "managed",
      "type": "random_password",
      "name": "sql_admin",
      "provider": "provider[\"registry.terraform.io/hashicorp/random\"]",
      "instances": [
        {
          "schema_version": 3,
          "attributes": {
            "bcrypt_hash": "$2a$10$pvfFZJk4BjQelbQ.1ZEd4uXVRC8ar.5uBvUy9CBjM7zOShyhukHQ.",
            "id": "none",
            "keepers": null,
            "length": 16,
            "lower": true,
            "min_lower": 0,
            "min_numeric": 0,
            "min_special": 0,
            "min_upper": 0,
            "number": true,
            "numeric": true,
            "override_special": null,
            "result": "(u$ATgqNLU3o*FEa",
            "special": true,
            "upper": true
          },
          "sensitive_attributes": [
            [
              {
                "type": "get_attr",
                "value": "bcrypt_hash"
              }
            ],
            [
              {
                "type": "get_attr",
                "value": "result"
              }
            ]
          ],
          "identity_schema_version": 0
        }
      ]
    },
    {
      "mode": "managed",
      "type": "random_string",
      "name": "kv_suffix",
      "provider": "provider[\"registry.terraform.io/hashicorp/random\"]",
      "instances": [
        {
          "schema_version": 2,
          "attributes": {
            "id": "ecqb",
            "keepers": null,
            "length": 4,
            "lower": true,
            "min_lower": 0,
            "min_numeric": 0,
            "min_special": 0,
            "min_upper": 0,
            "number": true,
            "numeric": true,
            "override_special": null,
            "result": "ecqb",
            "special": false,
            "upper": false
          },
          "sensitive_attributes": [],
          "identity_schema_version": 0
        }
      ]
    },
    {
      "mode": "managed",
      "type": "random_string",
      "name": "storage_suffix",
      "provider": "provider[\"registry.terraform.io/hashicorp/random\"]",
      "instances": [
        {
          "schema_version": 2,
          "attributes": {
            "id": "hg5v",
            "keepers": null,
            "length": 4,
            "lower": true,
            "min_lower": 0,
            "min_numeric": 0,
            "min_special": 0,
            "min_upper": 0,
            "number": true,
            "numeric": true,
            "override_special": null,
            "result": "hg5v",
            "special": false,
            "upper": false
          },
          "sensitive_attributes": [],
          "identity_schema_version": 0
        }
      ]
    },
    {
      "mode": "managed",
      "type": "tls_private_key",
      "name": "ssh",
      "provider": "provider[\"registry.terraform.io/hashicorp/tls\"]",
      "instances": [
        {
          "schema_version": 1,
          "attributes": {
            "algorithm": "RSA",
            "ecdsa_curve": "P224",
            "id": "ab0668843268600027447472fa2ed58e6558fa69",
            "private_key_openssh": "-----BEGIN OPENSSH PRIVATE KEY-----\nb3BlbnNzaC1rZXktdjEAAAAABG5vbmUAAAAEbm9uZQAAAAAAAAABAAACFwAAAAdz\nc2gtcnNhAAAAAwEAAQAAAgEAqm5xkurLbnZU7imkkAkzrSw8vwccbbr3WMojq37A\niZ2sgW57JZr2bpqcwb3vRapKy2e1G7ty/JRUXTuwRXW565zQZtxupfo9CzB+ktiP\nZfQ7akUHT/Z7ihBg0LICvqvYDI7lGMtpKQI36O3lpWGITHJlInzELMglfO0BP+/m\nz7rTAiwNFENK+T92lhTI0ieqVR1mfI1GMYZNpPX+ozHuQK0hdIFy+u2XBuAZlIUl\nZg1a5Imiws59W9zCuoMloYG3RnelGDOeXvgWbzeHjLpDRG7VnPm6Bq/ZIusMnKtD\ncJhZHXSoFoPx0OwqD8WuZn3knHPeQIdnW23DhQ92baR2D1EQmdBJAOcEdXiu5hv3\nv+kzTvlXw4tPtDDaqHMteSgDuJ9ba8k7JngZiD4v5Zoz065Bfms9dTyPM09Yfe5J\n5yMwftt2G0/SzMYDf7dYGWQZVv5qgOic83LGHyNglAJkZ3lm0apGvBHemlCevfy6\n4qpM5gxYddHByVZCeKjS1rFxSxXnrvmfC3nQ2dvwcCwny6j+eJGcLdJdhR910Wok\nleuwiwkN2su6mNIjWdVHehhspNN60D0NpCX1y3ebeD4cKJNrtxb1KkuJPwD9Tgxs\nvajw1vR8oc3zUPE0mPCLeO8jM3ADYHiSBq7ZezpGdi0/Mr6/cCgRY7N7nOJGUbLl\niUsAAAc47neTS+53k0sAAAAHc3NoLXJzYQAAAgEAqm5xkurLbnZU7imkkAkzrSw8\nvwccbbr3WMojq37AiZ2sgW57JZr2bpqcwb3vRapKy2e1G7ty/JRUXTuwRXW565zQ\nZtxupfo9CzB+ktiPZfQ7akUHT/Z7ihBg0LICvqvYDI7lGMtpKQI36O3lpWGITHJl\nInzELMglfO0BP+/mz7rTAiwNFENK+T92lhTI0ieqVR1mfI1GMYZNpPX+ozHuQK0h\ndIFy+u2XBuAZlIUlZg1a5Imiws59W9zCuoMloYG3RnelGDOeXvgWbzeHjLpDRG7V\nnPm6Bq/ZIusMnKtDcJhZHXSoFoPx0OwqD8WuZn3knHPeQIdnW23DhQ92baR2D1EQ\nmdBJAOcEdXiu5hv3v+kzTvlXw4tPtDDaqHMteSgDuJ9ba8k7JngZiD4v5Zoz065B\nfms9dTyPM09Yfe5J5yMwftt2G0/SzMYDf7dYGWQZVv5qgOic83LGHyNglAJkZ3lm\n0apGvBHemlCevfy64qpM5gxYddHByVZCeKjS1rFxSxXnrvmfC3nQ2dvwcCwny6j+\neJGcLdJdhR910WokleuwiwkN2su6mNIjWdVHehhspNN60D0NpCX1y3ebeD4cKJNr\ntxb1KkuJPwD9Tgxsvajw1vR8oc3zUPE0mPCLeO8jM3ADYHiSBq7ZezpGdi0/Mr6/\ncCgRY7N7nOJGUbLliUsAAAADAQABAAACAALEdKtTjQZtUndkOAwEsjueIRsNpQGy\ndwC7QOAF2LTYrsE9R4T2orNsvEiNv9G28Fb5h0snfI2rD5b3TfyawEWZ+sJTfafL\n9pYfbUwPddNMfMh+zXMYHVfCaKgK3pjfq8xBvROYKKF7VpK9hiyXdwHyxj9MnQIz\nJR9bA9muGLvdHJRc8xYV+k+DdHapvhG3hisH+q7hZmHjJztF/qKswAx5zeDD7Kze\nvcSP+qpa4nQT7xq7PL2Ct9i4LstI2ja9/KQJc6X/Hz5giJC5a0XhjQ+9Pae6YFxq\nb5FYarstMWpQdvtPoR5tzw066yXtalBiEUZpv+f2quV6VKHs/IR5lqx7NgUfXoQN\nokbJgu9x3ZdzfwSWUzLqBsMBcgvtnbCuvPechvGZxHQLFJJnIXTxADNgLbINmjMO\n4FDju9a54fee66fubMMrvHreYzHwwI6HvC5+XW1WxPRO3gc0iBxUltM1mY5024dN\nA6ucY5Gap9R3CZqKAjRTPBNvTV8UQ2f8JJBfihn7dvm1jArA4hybK2zfBkl4gGj6\nyRU6sL7cY+AKzmD+vOmMXrxc63WyiSqw3bDL+I4yCBFf803xBU1QWbAgC8ZDZYZg\n0qlRHEvvuBeaAXDXzRzc7vceG0bR3Gu/ERxl92NjLx0PKrzWK+Ya1VQLqDTfd1+i\n/dYWpXQj9YkdAAABAQC69TbDTq/sgBQZa64HhDppFQr3C3+VDaAZrgsi61Tu/PIn\nkXMqg7gq3AU51q4ej7vWLuva+0O04rKTxuIVxbsnjGlKIULeorv7KkFd6Pwwto7W\n406qOlJxv4Ju8G4X4B0KogGF6C7qBD+wLf0ipsCALVh8kHWSbdajRFLv4vwKnH6e\nnb/fRM0KTaW05r6o0dPZE5MEaY1Qmp6/cgRM+OvM26/MvP4C1K4Q+r8j5nmcJdw1\n9KTBzLzFFv6vNH6ql+/1DCAVPOBxBAtIDD9MZlLVJwjHYaVW6xlSIGnl34sbLTGc\nyaC2+TD/dGuf/6kDwVgiGyc2PRaGLND25OetS5aEAAABAQDVZtUZsGl+q2azT8CG\nsEj5Hq1L+FhjuWjnzXv+qPykJdbMGZ+A9H/BFdjsopMWQC+3wYfhZLITqmzL5q6c\nuFZNd5CIM4hPdT8l64Z+dlTZoeNVmSjFJY6q4C4sVz7XQbZzcvOqFYOm3Pnt1z5L\n6nHZCcPzDtv5u27z/na4CenfSnbYDLQmSmj3JbtDxwaag6GqU+WFcIGcIwJTWfs1\nGEJQK/79dF3Wciow9doS2GS8EFu88RtEXK1IqN9RawAIrhcnmzydk9Zm+f/AUCQn\nQIccfqFoz0qc4F9CFr8hAwKzOnGUMCO0q5Is6yR5h6b04Gz5uGJIIJUk06oHkxWV\nrj9dAAABAQDMc8MEEH22IYvqSOe51grxkk5cEtJXqFQi6Na8N5gyeuLeeFXLQABG\n2AbLgvXy24iblvYbIGlpRlce1X48RbUGz56jmhOLA6Mlyqx0dlQB0MQoLN6vzg7n\nAqvUHmpKQEoKOANt2la3/mOMjdhnnlWV3dZf1ZvnPoYn2vMnUPG9nJ8NWQeuA2cV\n9A7vhNRFfslhYTQdo+ECNi1fGWs0MIHz3R9SjE77jKf3dmbcumfTghhVwvYQKb/4\nrn9Bg9Ma7WmSVCceIx2uqeqCPiwYugdLXQku/ZG3wDfKhrbbD/QhzWGnmA3B+bjM\n4BrLUEi6sRMTB6X9Y/jZRwWz4QiIvujHAAAAAAEC\n-----END OPENSSH PRIVATE KEY-----\n",
            "private_key_pem": "-----BEGIN RSA PRIVATE KEY-----\nMIIJKQIBAAKCAgEAqm5xkurLbnZU7imkkAkzrSw8vwccbbr3WMojq37AiZ2sgW57\nJZr2bpqcwb3vRapKy2e1G7ty/JRUXTuwRXW565zQZtxupfo9CzB+ktiPZfQ7akUH\nT/Z7ihBg0LICvqvYDI7lGMtpKQI36O3lpWGITHJlInzELMglfO0BP+/mz7rTAiwN\nFENK+T92lhTI0ieqVR1mfI1GMYZNpPX+ozHuQK0hdIFy+u2XBuAZlIUlZg1a5Imi\nws59W9zCuoMloYG3RnelGDOeXvgWbzeHjLpDRG7VnPm6Bq/ZIusMnKtDcJhZHXSo\nFoPx0OwqD8WuZn3knHPeQIdnW23DhQ92baR2D1EQmdBJAOcEdXiu5hv3v+kzTvlX\nw4tPtDDaqHMteSgDuJ9ba8k7JngZiD4v5Zoz065Bfms9dTyPM09Yfe5J5yMwftt2\nG0/SzMYDf7dYGWQZVv5qgOic83LGHyNglAJkZ3lm0apGvBHemlCevfy64qpM5gxY\nddHByVZCeKjS1rFxSxXnrvmfC3nQ2dvwcCwny6j+eJGcLdJdhR910WokleuwiwkN\n2su6mNIjWdVHehhspNN60D0NpCX1y3ebeD4cKJNrtxb1KkuJPwD9Tgxsvajw1vR8\noc3zUPE0mPCLeO8jM3ADYHiSBq7ZezpGdi0/Mr6/cCgRY7N7nOJGUbLliUsCAwEA\nAQKCAgACxHSrU40GbVJ3ZDgMBLI7niEbDaUBsncAu0DgBdi02K7BPUeE9qKzbLxI\njb/RtvBW+YdLJ3yNqw+W9038msBFmfrCU32ny/aWH21MD3XTTHzIfs1zGB1Xwmio\nCt6Y36vMQb0TmCihe1aSvYYsl3cB8sY/TJ0CMyUfWwPZrhi73RyUXPMWFfpPg3R2\nqb4Rt4YrB/qu4WZh4yc7Rf6irMAMec3gw+ys3r3Ej/qqWuJ0E+8auzy9grfYuC7L\nSNo2vfykCXOl/x8+YIiQuWtF4Y0PvT2numBcam+RWGq7LTFqUHb7T6Eebc8NOusl\n7WpQYhFGab/n9qrlelSh7PyEeZasezYFH16EDaJGyYLvcd2Xc38EllMy6gbDAXIL\n7Z2wrrz3nIbxmcR0CxSSZyF08QAzYC2yDZozDuBQ47vWueH3nuun7mzDK7x63mMx\n8MCOh7wufl1tVsT0Tt4HNIgcVJbTNZmOdNuHTQOrnGORmqfUdwmaigI0UzwTb01f\nFENn/CSQX4oZ+3b5tYwKwOIcmyts3wZJeIBo+skVOrC+3GPgCs5g/rzpjF68XOt1\nsokqsN2wy/iOMggRX/NN8QVNUFmwIAvGQ2WGYNKpURxL77gXmgFw180c3O73HhtG\n0dxrvxEcZfdjYy8dDyq81ivmGtVUC6g033dfov3WFqV0I/WJHQKCAQEA1WbVGbBp\nfqtms0/AhrBI+R6tS/hYY7lo5817/qj8pCXWzBmfgPR/wRXY7KKTFkAvt8GH4WSy\nE6psy+aunLhWTXeQiDOIT3U/JeuGfnZU2aHjVZkoxSWOquAuLFc+10G2c3LzqhWD\nptz57dc+S+px2QnD8w7b+btu8/52uAnp30p22Ay0Jkpo9yW7Q8cGmoOhqlPlhXCB\nnCMCU1n7NRhCUCv+/XRd1nIqMPXaEthkvBBbvPEbRFytSKjfUWsACK4XJ5s8nZPW\nZvn/wFAkJ0CHHH6haM9KnOBfQha/IQMCszpxlDAjtKuSLOskeYem9OBs+bhiSCCV\nJNOqB5MVla4/XQKCAQEAzHPDBBB9tiGL6kjnudYK8ZJOXBLSV6hUIujWvDeYMnri\n3nhVy0AARtgGy4L18tuIm5b2GyBpaUZXHtV+PEW1Bs+eo5oTiwOjJcqsdHZUAdDE\nKCzer84O5wKr1B5qSkBKCjgDbdpWt/5jjI3YZ55Vld3WX9Wb5z6GJ9rzJ1DxvZyf\nDVkHrgNnFfQO74TURX7JYWE0HaPhAjYtXxlrNDCB890fUoxO+4yn93Zm3Lpn04IY\nVcL2ECm/+K5/QYPTGu1pklQnHiMdrqnqgj4sGLoHS10JLv2Rt8A3yoa22w/0Ic1h\np5gNwfm4zOAay1BIurETEwel/WP42UcFs+EIiL7oxwKCAQEAjdITWUk2MupyDES6\nLEjHllfez5gyFcRIhZS4DNv9WpGTGH0G1cqnhIiia1D381eg3rwNM6uZ9RvTxgZ+\nkMSpBj6pnPqyYiwHVYobDbxSU3gU/vQUdkCpecIWrX0l1CRlvn/sk2JM5f4BUyEy\n03zxQE4PHV8IrgT0jc7U0yYzeSOhq591seTNsUIwG7EPIGzOacXrySyl1kAl8YLh\nQb3nhCRZB9Pn8PZaN8OLs+5/s8QjU4PgnSQCPUGNeCxmD16zIK04MXjoifMnFoWs\nITHvGO7HEkKA0ZUDeYZoauX3S2lRxivf7tf/Az8aNHIEcMUdZzA0kL6mn5zTaMlF\nFP6COQKCAQAhhUVPEEkcKGnhMqzTejV3H+67B9b2ykFpK9WxLEhG1oEFyqL+XPLu\nqpKKoWEjvTyrjdex4OGHgiHci1JUHXWttTKkTimwHBuOoakeuxvQ5GKU1653Eoi8\n9WIouAfjPqElBcQCKc8YAZxeug7mBj6wAJwaQFJ8WnLya+J76riHxvsI3DT3IdWv\n8sDUImoPLtdjoOVDis/kZe+QbQF3oBBeZD2zcg+tDIWpe/8nZ2SIeAb3YKypP78a\nzblNi4h8HLq3ZBa5yTYfofox+nGOaEmz4IAV9TsD7n73NJkcV4RGWn8NVE/FIuVa\nqc+a0AHsogWnlBRx9Acj0JItyNJ2YR6XAoIBAQC69TbDTq/sgBQZa64HhDppFQr3\nC3+VDaAZrgsi61Tu/PInkXMqg7gq3AU51q4ej7vWLuva+0O04rKTxuIVxbsnjGlK\nIULeorv7KkFd6Pwwto7W406qOlJxv4Ju8G4X4B0KogGF6C7qBD+wLf0ipsCALVh8\nkHWSbdajRFLv4vwKnH6enb/fRM0KTaW05r6o0dPZE5MEaY1Qmp6/cgRM+OvM26/M\nvP4C1K4Q+r8j5nmcJdw19KTBzLzFFv6vNH6ql+/1DCAVPOBxBAtIDD9MZlLVJwjH\nYaVW6xlSIGnl34sbLTGcyaC2+TD/dGuf/6kDwVgiGyc2PRaGLND25OetS5aE\n-----END RSA PRIVATE KEY-----\n",
            "private_key_pem_pkcs8": "-----BEGIN PRIVATE KEY-----\nMIIJQwIBADANBgkqhkiG9w0BAQEFAASCCS0wggkpAgEAAoICAQCqbnGS6studlTu\nKaSQCTOtLDy/BxxtuvdYyiOrfsCJnayBbnslmvZumpzBve9FqkrLZ7Ubu3L8lFRd\nO7BFdbnrnNBm3G6l+j0LMH6S2I9l9DtqRQdP9nuKEGDQsgK+q9gMjuUYy2kpAjfo\n7eWlYYhMcmUifMQsyCV87QE/7+bPutMCLA0UQ0r5P3aWFMjSJ6pVHWZ8jUYxhk2k\n9f6jMe5ArSF0gXL67ZcG4BmUhSVmDVrkiaLCzn1b3MK6gyWhgbdGd6UYM55e+BZv\nN4eMukNEbtWc+boGr9ki6wycq0NwmFkddKgWg/HQ7CoPxa5mfeScc95Ah2dbbcOF\nD3ZtpHYPURCZ0EkA5wR1eK7mG/e/6TNO+VfDi0+0MNqocy15KAO4n1tryTsmeBmI\nPi/lmjPTrkF+az11PI8zT1h97knnIzB+23YbT9LMxgN/t1gZZBlW/mqA6JzzcsYf\nI2CUAmRneWbRqka8Ed6aUJ69/LriqkzmDFh10cHJVkJ4qNLWsXFLFeeu+Z8LedDZ\n2/BwLCfLqP54kZwt0l2FH3XRaiSV67CLCQ3ay7qY0iNZ1Ud6GGyk03rQPQ2kJfXL\nd5t4Phwok2u3FvUqS4k/AP1ODGy9qPDW9HyhzfNQ8TSY8It47yMzcANgeJIGrtl7\nOkZ2LT8yvr9wKBFjs3uc4kZRsuWJSwIDAQABAoICAALEdKtTjQZtUndkOAwEsjue\nIRsNpQGydwC7QOAF2LTYrsE9R4T2orNsvEiNv9G28Fb5h0snfI2rD5b3TfyawEWZ\n+sJTfafL9pYfbUwPddNMfMh+zXMYHVfCaKgK3pjfq8xBvROYKKF7VpK9hiyXdwHy\nxj9MnQIzJR9bA9muGLvdHJRc8xYV+k+DdHapvhG3hisH+q7hZmHjJztF/qKswAx5\nzeDD7KzevcSP+qpa4nQT7xq7PL2Ct9i4LstI2ja9/KQJc6X/Hz5giJC5a0XhjQ+9\nPae6YFxqb5FYarstMWpQdvtPoR5tzw066yXtalBiEUZpv+f2quV6VKHs/IR5lqx7\nNgUfXoQNokbJgu9x3ZdzfwSWUzLqBsMBcgvtnbCuvPechvGZxHQLFJJnIXTxADNg\nLbINmjMO4FDju9a54fee66fubMMrvHreYzHwwI6HvC5+XW1WxPRO3gc0iBxUltM1\nmY5024dNA6ucY5Gap9R3CZqKAjRTPBNvTV8UQ2f8JJBfihn7dvm1jArA4hybK2zf\nBkl4gGj6yRU6sL7cY+AKzmD+vOmMXrxc63WyiSqw3bDL+I4yCBFf803xBU1QWbAg\nC8ZDZYZg0qlRHEvvuBeaAXDXzRzc7vceG0bR3Gu/ERxl92NjLx0PKrzWK+Ya1VQL\nqDTfd1+i/dYWpXQj9YkdAoIBAQDVZtUZsGl+q2azT8CGsEj5Hq1L+FhjuWjnzXv+\nqPykJdbMGZ+A9H/BFdjsopMWQC+3wYfhZLITqmzL5q6cuFZNd5CIM4hPdT8l64Z+\ndlTZoeNVmSjFJY6q4C4sVz7XQbZzcvOqFYOm3Pnt1z5L6nHZCcPzDtv5u27z/na4\nCenfSnbYDLQmSmj3JbtDxwaag6GqU+WFcIGcIwJTWfs1GEJQK/79dF3Wciow9doS\n2GS8EFu88RtEXK1IqN9RawAIrhcnmzydk9Zm+f/AUCQnQIccfqFoz0qc4F9CFr8h\nAwKzOnGUMCO0q5Is6yR5h6b04Gz5uGJIIJUk06oHkxWVrj9dAoIBAQDMc8MEEH22\nIYvqSOe51grxkk5cEtJXqFQi6Na8N5gyeuLeeFXLQABG2AbLgvXy24iblvYbIGlp\nRlce1X48RbUGz56jmhOLA6Mlyqx0dlQB0MQoLN6vzg7nAqvUHmpKQEoKOANt2la3\n/mOMjdhnnlWV3dZf1ZvnPoYn2vMnUPG9nJ8NWQeuA2cV9A7vhNRFfslhYTQdo+EC\nNi1fGWs0MIHz3R9SjE77jKf3dmbcumfTghhVwvYQKb/4rn9Bg9Ma7WmSVCceIx2u\nqeqCPiwYugdLXQku/ZG3wDfKhrbbD/QhzWGnmA3B+bjM4BrLUEi6sRMTB6X9Y/jZ\nRwWz4QiIvujHAoIBAQCN0hNZSTYy6nIMRLosSMeWV97PmDIVxEiFlLgM2/1akZMY\nfQbVyqeEiKJrUPfzV6DevA0zq5n1G9PGBn6QxKkGPqmc+rJiLAdVihsNvFJTeBT+\n9BR2QKl5whatfSXUJGW+f+yTYkzl/gFTITLTfPFATg8dXwiuBPSNztTTJjN5I6Gr\nn3Wx5M2xQjAbsQ8gbM5pxevJLKXWQCXxguFBveeEJFkH0+fw9lo3w4uz7n+zxCNT\ng+CdJAI9QY14LGYPXrMgrTgxeOiJ8ycWhawhMe8Y7scSQoDRlQN5hmhq5fdLaVHG\nK9/u1/8DPxo0cgRwxR1nMDSQvqafnNNoyUUU/oI5AoIBACGFRU8QSRwoaeEyrNN6\nNXcf7rsH1vbKQWkr1bEsSEbWgQXKov5c8u6qkoqhYSO9PKuN17Hg4YeCIdyLUlQd\nda21MqROKbAcG46hqR67G9DkYpTXrncSiLz1Yii4B+M+oSUFxAIpzxgBnF66DuYG\nPrAAnBpAUnxacvJr4nvquIfG+wjcNPch1a/ywNQiag8u12Og5UOKz+Rl75BtAXeg\nEF5kPbNyD60Mhal7/ydnZIh4BvdgrKk/vxrNuU2LiHwcurdkFrnJNh+h+jH6cY5o\nSbPggBX1OwPufvc0mRxXhEZafw1UT8Ui5Vqpz5rQAeyiBaeUFHH0ByPQki3I0nZh\nHpcCggEBALr1NsNOr+yAFBlrrgeEOmkVCvcLf5UNoBmuCyLrVO788ieRcyqDuCrc\nBTnWrh6Pu9Yu69r7Q7TispPG4hXFuyeMaUohQt6iu/sqQV3o/DC2jtbjTqo6UnG/\ngm7wbhfgHQqiAYXoLuoEP7At/SKmwIAtWHyQdZJt1qNEUu/i/Aqcfp6dv99EzQpN\npbTmvqjR09kTkwRpjVCanr9yBEz468zbr8y8/gLUrhD6vyPmeZwl3DX0pMHMvMUW\n/q80fqqX7/UMIBU84HEEC0gMP0xmUtUnCMdhpVbrGVIgaeXfixstMZzJoLb5MP90\na5//qQPBWCIbJzY9FoYs0Pbk561LloQ=\n-----END PRIVATE KEY-----\n",
            "public_key_fingerprint_md5": "22:df:2b:a4:5f:60:5a:64:eb:b9:53:8c:ae:a5:3d:d2",
            "public_key_fingerprint_sha256": "SHA256:LROYapasvnNo/62t125p/n/wtyW3+Wgk7g9spa16sl0",
            "public_key_openssh": "ssh-rsa AAAAB3NzaC1yc2EAAAADAQABAAACAQCqbnGS6studlTuKaSQCTOtLDy/BxxtuvdYyiOrfsCJnayBbnslmvZumpzBve9FqkrLZ7Ubu3L8lFRdO7BFdbnrnNBm3G6l+j0LMH6S2I9l9DtqRQdP9nuKEGDQsgK+q9gMjuUYy2kpAjfo7eWlYYhMcmUifMQsyCV87QE/7+bPutMCLA0UQ0r5P3aWFMjSJ6pVHWZ8jUYxhk2k9f6jMe5ArSF0gXL67ZcG4BmUhSVmDVrkiaLCzn1b3MK6gyWhgbdGd6UYM55e+BZvN4eMukNEbtWc+boGr9ki6wycq0NwmFkddKgWg/HQ7CoPxa5mfeScc95Ah2dbbcOFD3ZtpHYPURCZ0EkA5wR1eK7mG/e/6TNO+VfDi0+0MNqocy15KAO4n1tryTsmeBmIPi/lmjPTrkF+az11PI8zT1h97knnIzB+23YbT9LMxgN/t1gZZBlW/mqA6JzzcsYfI2CUAmRneWbRqka8Ed6aUJ69/LriqkzmDFh10cHJVkJ4qNLWsXFLFeeu+Z8LedDZ2/BwLCfLqP54kZwt0l2FH3XRaiSV67CLCQ3ay7qY0iNZ1Ud6GGyk03rQPQ2kJfXLd5t4Phwok2u3FvUqS4k/AP1ODGy9qPDW9HyhzfNQ8TSY8It47yMzcANgeJIGrtl7OkZ2LT8yvr9wKBFjs3uc4kZRsuWJSw==\n",
            "public_key_pem": "-----BEGIN PUBLIC KEY-----\nMIICIjANBgkqhkiG9w0BAQEFAAOCAg8AMIICCgKCAgEAqm5xkurLbnZU7imkkAkz\nrSw8vwccbbr3WMojq37AiZ2sgW57JZr2bpqcwb3vRapKy2e1G7ty/JRUXTuwRXW5\n65zQZtxupfo9CzB+ktiPZfQ7akUHT/Z7ihBg0LICvqvYDI7lGMtpKQI36O3lpWGI\nTHJlInzELMglfO0BP+/mz7rTAiwNFENK+T92lhTI0ieqVR1mfI1GMYZNpPX+ozHu\nQK0hdIFy+u2XBuAZlIUlZg1a5Imiws59W9zCuoMloYG3RnelGDOeXvgWbzeHjLpD\nRG7VnPm6Bq/ZIusMnKtDcJhZHXSoFoPx0OwqD8WuZn3knHPeQIdnW23DhQ92baR2\nD1EQmdBJAOcEdXiu5hv3v+kzTvlXw4tPtDDaqHMteSgDuJ9ba8k7JngZiD4v5Zoz\n065Bfms9dTyPM09Yfe5J5yMwftt2G0/SzMYDf7dYGWQZVv5qgOic83LGHyNglAJk\nZ3lm0apGvBHemlCevfy64qpM5gxYddHByVZCeKjS1rFxSxXnrvmfC3nQ2dvwcCwn\ny6j+eJGcLdJdhR910WokleuwiwkN2su6mNIjWdVHehhspNN60D0NpCX1y3ebeD4c\nKJNrtxb1KkuJPwD9Tgxsvajw1vR8oc3zUPE0mPCLeO8jM3ADYHiSBq7ZezpGdi0/\nMr6/cCgRY7N7nOJGUbLliUsCAwEAAQ==\n-----END PUBLIC KEY-----\n",
            "rsa_bits": 4096
          },
          "sensitive_attributes": [
            [
              {
                "type": "get_attr",
                "value": "private_key_openssh"
              }
            ],
            [
              {
                "type": "get_attr",
                "value": "private_key_pem"
              }
            ],
            [
              {
                "type": "get_attr",
                "value": "private_key_pem_pkcs8"
              }
            ]
          ],
          "identity_schema_version": 0
        }
      ]
    }
  ],
  "check_results": null
}
